// !$*UTF8*$!
{
	archiveVersion = 1;
	classes = {
	};
	objectVersion = 46;
	objects = {

/* Begin PBXBuildFile section */
		832CF767197F457C0024BB50 /* main.cpp in Sources */ = {isa = PBXBuildFile; fileRef = 832CF766197F457C0024BB50 /* main.cpp */; };
		8332B7B2195AF116001B79BD /* CoreText.framework in Frameworks */ = {isa = PBXBuildFile; fileRef = 8332B7B1195AF116001B79BD /* CoreText.framework */; };
		8332B7B4195AF5CD001B79BD /* ImageIO.framework in Frameworks */ = {isa = PBXBuildFile; fileRef = 8332B7B3195AF5CD001B79BD /* ImageIO.framework */; };
		8332B7B6195AF6D0001B79BD /* MobileCoreServices.framework in Frameworks */ = {isa = PBXBuildFile; fileRef = 8332B7B5195AF6D0001B79BD /* MobileCoreServices.framework */; };
		8368864D194AA5B100923B8B /* Foundation.framework in Frameworks */ = {isa = PBXBuildFile; fileRef = 8368864C194AA5B100923B8B /* Foundation.framework */; };
		8368864F194AA5B100923B8B /* CoreGraphics.framework in Frameworks */ = {isa = PBXBuildFile; fileRef = 8368864E194AA5B100923B8B /* CoreGraphics.framework */; };
		83688651194AA5B100923B8B /* UIKit.framework in Frameworks */ = {isa = PBXBuildFile; fileRef = 83688650194AA5B100923B8B /* UIKit.framework */; };
		83688653194AA5B100923B8B /* GLKit.framework in Frameworks */ = {isa = PBXBuildFile; fileRef = 83688652194AA5B100923B8B /* GLKit.framework */; };
		83688655194AA5B100923B8B /* OpenGLES.framework in Frameworks */ = {isa = PBXBuildFile; fileRef = 83688654194AA5B100923B8B /* OpenGLES.framework */; };
		8368865B194AA5B100923B8B /* InfoPlist.strings in Resources */ = {isa = PBXBuildFile; fileRef = 83688659194AA5B100923B8B /* InfoPlist.strings */; };
		83688670194AA5B100923B8B /* Images.xcassets in Resources */ = {isa = PBXBuildFile; fileRef = 8368866F194AA5B100923B8B /* Images.xcassets */; };
		8C9E9BB42FB58BBD0015F5D4 /* camera.mm in Sources */ = {isa = PBXBuildFile; fileRef = 8C9E9B6A2FB58BBD0015F5D4 /* camera.mm */; };
		8C9E9BB62FB58BBD0015F5D4 /* painter.cpp in Sources */ = {isa = PBXBuildFile; fileRef = 8C9E9BAA2FB58BBD0015F5D4 /* painter.cpp */; };
		8C9E9BB82FB58BBD0015F5D4 /* polygon.cpp in Sources */ = {isa = PBXBuildFile; fileRef = 8C9E9BAD2FB58BBD0015F5D4 /* polygon.cpp */; };
		8C9E9BBA2FB58BBD0015F5D4 /* bitmap.cpp in Sources */ = {isa = PBXBuildFile; fileRef = 8C9E9B762FB58BBD0015F5D4 /* bitmap.cpp */; };
		8C9E9BBC2FB58BBD0015F5D4 /* font.mm in Sources */ = {isa = PBXBuildFile; fileRef = 8C9E9B6B2FB58BBD0015F5D4 /* font.mm */; };
		8C9E9BBD2FB58BBD0015F5D4 /* coord.cpp in Sources */ = {isa = PBXBuildFile; fileRef = 8C9E9BA02FB58BBD0015F5D4 /* coord.cpp */; };
		8C9E9BBE2FB58BBD0015F5D4 /* color_space.cpp in Sources */ = {isa = PBXBuildFile; fileRef = 8C9E9B9E2FB58BBD0015F5D4 /* color_space.cpp */; };
		8C9E9BBF2FB58BBD0015F5D4 /* shader_program.cpp in Sources */ = {isa = PBXBuildFile; fileRef = 8C9E9B832FB58BBD0015F5D4 /* shader_program.cpp */; };
		8C9E9BC02FB58BBD0015F5D4 /* shader_source.cpp in Sources */ = {isa = PBXBuildFile; fileRef = 8C9E9B852FB58BBD0015F5D4 /* shader_source.cpp */; };
		8C9E9BC12FB58BBD0015F5D4 /* point.cpp in Sources */ = {isa = PBXBuildFile; fileRef = 8C9E9BAB2FB58BBD0015F5D4 /* point.cpp */; };
		8C9E9BC32FB58BBD0015F5D4 /* util.cpp in Sources */ = {isa = PBXBuildFile; fileRef = 8C9E9BB22FB58BBD0015F5D4 /* util.cpp */; };
		8C9E9BC42FB58BBD0015F5D4 /* polyline.cpp in Sources */ = {isa = PBXBuildFile; fileRef = 8C9E9BAF2FB58BBD0015F5D4 /* polyline.cpp */; };
		8C9E9BC62FB58BBD0015F5D4 /* bounds.cpp in Sources */ = {isa = PBXBuildFile; fileRef = 8C9E9B9C2FB58BBD0015F5D4 /* bounds.cpp */; };
		8C9E9BC72FB58BBD0015F5D4 /* painter.cpp in Sources */ = {isa = PBXBuildFile; fileRef = 8C9E9B7D2FB58BBD0015F5D4 /* painter.cpp */; };
		8C9E9BCA2FB58BBD0015F5D4 /* render_buffer.cpp in Sources */ = {isa = PBXBuildFile; fileRef = 8C9E9B7F2FB58BBD0015F5D4 /* render_buffer.cpp */; };
		8C9E9BCB2FB58BBD0015F5D4 /* font.cpp in Sources */ = {isa = PBXBuildFile; fileRef = 8C9E9BA32FB58BBD0015F5D4 /* font.cpp */; };
		8C9E9BCC2FB58BBD0015F5D4 /* rays.mm in Sources */ = {isa = PBXBuildFile; fileRef = 8C9E9B6C2FB58BBD0015F5D4 /* rays.mm */; };
		8C9E9BCD2FB58BBD0015F5D4 /* shader.cpp in Sources */ = {isa = PBXBuildFile; fileRef = 8C9E9B812FB58BBD0015F5D4 /* shader.cpp */; };
		8C9E9BD02FB58BBD0015F5D4 /* frame_buffer.cpp in Sources */ = {isa = PBXBuildFile; fileRef = 8C9E9B7A2FB58BBD0015F5D4 /* frame_buffer.cpp */; };
		8C9E9BD12FB58BBD0015F5D4 /* opengl.cpp in Sources */ = {isa = PBXBuildFile; fileRef = 8C9E9B7C2FB58BBD0015F5D4 /* opengl.cpp */; };
		8C9E9BD22FB58BBD0015F5D4 /* matrix.cpp in Sources */ = {isa = PBXBuildFile; fileRef = 8C9E9BA82FB58BBD0015F5D4 /* matrix.cpp */; };
		8C9E9BD32FB58BBD0015F5D4 /* image.cpp in Sources */ = {isa = PBXBuildFile; fileRef = 8C9E9BA62FB58BBD0015F5D4 /* image.cpp */; };
		8C9E9BD42FB58BBD0015F5D4 /* opengl.mm in Sources */ = {isa = PBXBuildFile; fileRef = 8C9E9B6E2FB58BBD0015F5D4 /* opengl.mm */; };
		8C9E9BD52FB58BBD0015F5D4 /* color.cpp in Sources */ = {isa = PBXBuildFile; fileRef = 8C9E9B9D2FB58BBD0015F5D4 /* color.cpp */; };
		8C9E9BD62FB58BBD0015F5D4 /* color_space.cpp in Sources */ = {isa = PBXBuildFile; fileRef = 8C9E9B782FB58BBD0015F5D4 /* color_space.cpp */; };
		8C9E9BD92FB58BBD0015F5D4 /* texture.cpp in Sources */ = {isa = PBXBuildFile; fileRef = 8C9E9B872FB58BBD0015F5D4 /* texture.cpp */; };
		8C9E9BDD2FB58BBD0015F5D4 /* bitmap.mm in Sources */ = {isa = PBXBuildFile; fileRef = 8C9E9B692FB58BBD0015F5D4 /* bitmap.mm */; };
		8C9E9BDE2FB58BBD0015F5D4 /* exception.cpp in Sources */ = {isa = PBXBuildFile; fileRef = 8C9E9BA12FB58BBD0015F5D4 /* exception.cpp */; };
		8C9EAF032FB58E740015F5D4 /* Splines.cpp in Sources */ = {isa = PBXBuildFile; fileRef = 8C9EA7072FB58E740015F5D4 /* Splines.cpp */; };
		8C9EAF3E2FB58E740015F5D4 /* clipper.cpp in Sources */ = {isa = PBXBuildFile; fileRef = 8C9E9C602FB58E740015F5D4 /* clipper.cpp */; };
		8C9EAFBC2FB58FF70015F5D4 /* AVFoundation.framework in Frameworks */ = {isa = PBXBuildFile; fileRef = 8C9EAFBB2FB58FF70015F5D4 /* AVFoundation.framework */; };
		8C9EAFBE2FB590060015F5D4 /* CoreImage.framework in Frameworks */ = {isa = PBXBuildFile; fileRef = 8C9EAFBD2FB590060015F5D4 /* CoreImage.framework */; };
		8C9EAFC02FB590260015F5D4 /* CoreMedia.framework in Frameworks */ = {isa = PBXBuildFile; fileRef = 8C9EAFBF2FB590260015F5D4 /* CoreMedia.framework */; };
		8C9EAFC22FB5902F0015F5D4 /* CoreVideo.framework in Frameworks */ = {isa = PBXBuildFile; fileRef = 8C9EAFC12FB5902F0015F5D4 /* CoreVideo.framework */; };
		8C9EB0CA2FB590FF0015F5D4 /* event.mm in Sources */ = {isa = PBXBuildFile; fileRef = 8C9EB06A2FB590FF0015F5D4 /* event.mm */; };
		8C9EB0CE2FB590FF0015F5D4 /* fixture.cpp in Sources */ = {isa = PBXBuildFile; fileRef = 8C9EB0AD2FB590FF0015F5D4 /* fixture.cpp */; };
		8C9EB0CF2FB590FF0015F5D4 /* exception.cpp in Sources */ = {isa = PBXBuildFile; fileRef = 8C9EB0AA2FB590FF0015F5D4 /* exception.cpp */; };
		8C9EB0D22FB590FF0015F5D4 /* event.cpp in Sources */ = {isa = PBXBuildFile; fileRef = 8C9EB0A92FB590FF0015F5D4 /* event.cpp */; };
		8C9EB0D32FB590FF0015F5D4 /* world.cpp in Sources */ = {isa = PBXBuildFile; fileRef = 8C9EB0C42FB590FF0015F5D4 /* world.cpp */; };
		8C9EB0D42FB590FF0015F5D4 /* screen.mm in Sources */ = {isa = PBXBuildFile; fileRef = 8C9EB06E2FB590FF0015F5D4 /* screen.mm */; };
		8C9EB0D62FB590FF0015F5D4 /* image_view.cpp in Sources */ = {isa = PBXBuildFile; fileRef = 8C9EB0B02FB590FF0015F5D4 /* image_view.cpp */; };
		8C9EB0D82FB590FF0015F5D4 /* device.cpp in Sources */ = {isa = PBXBuildFile; fileRef = 8C9EB0A72FB590FF0015F5D4 /* device.cpp */; };
		8C9EB0D92FB590FF0015F5D4 /* shape.cpp in Sources */ = {isa = PBXBuildFile; fileRef = 8C9EB0BA2FB590FF0015F5D4 /* shape.cpp */; };
		8C9EB0DB2FB590FF0015F5D4 /* timer.cpp in Sources */ = {isa = PBXBuildFile; fileRef = 8C9EB0BE2FB590FF0015F5D4 /* timer.cpp */; };
		8C9EB0DC2FB590FF0015F5D4 /* window.cpp in Sources */ = {isa = PBXBuildFile; fileRef = 8C9EB0C22FB590FF0015F5D4 /* window.cpp */; };
		8C9EB0DD2FB590FF0015F5D4 /* gamepad.mm in Sources */ = {isa = PBXBuildFile; fileRef = 8C9EB06B2FB590FF0015F5D4 /* gamepad.mm */; };
		8C9EB0E22FB590FF0015F5D4 /* selector.cpp in Sources */ = {isa = PBXBuildFile; fileRef = 8C9EB0B82FB590FF0015F5D4 /* selector.cpp */; };
		8C9EB0E52FB590FF0015F5D4 /* midi.cpp in Sources */ = {isa = PBXBuildFile; fileRef = 8C9EB0B22FB590FF0015F5D4 /* midi.cpp */; };
		8C9EB0E72FB590FF0015F5D4 /* window.mm in Sources */ = {isa = PBXBuildFile; fileRef = 8C9EB0722FB590FF0015F5D4 /* window.mm */; };
		8C9EB0EA2FB590FF0015F5D4 /* pointer.cpp in Sources */ = {isa = PBXBuildFile; fileRef = 8C9EB0B42FB590FF0015F5D4 /* pointer.cpp */; };
		8C9EB0EB2FB590FF0015F5D4 /* filter.cpp in Sources */ = {isa = PBXBuildFile; fileRef = 8C9EB0AB2FB590FF0015F5D4 /* filter.cpp */; };
		8C9EB0EC2FB590FF0015F5D4 /* gamepad.cpp in Sources */ = {isa = PBXBuildFile; fileRef = 8C9EB0AF2FB590FF0015F5D4 /* gamepad.cpp */; };
		8C9EB0ED2FB590FF0015F5D4 /* device.mm in Sources */ = {isa = PBXBuildFile; fileRef = 8C9EB0682FB590FF0015F5D4 /* device.mm */; };
		8C9EB0EF2FB590FF0015F5D4 /* style.cpp in Sources */ = {isa = PBXBuildFile; fileRef = 8C9EB0BC2FB590FF0015F5D4 /* style.cpp */; };
		8C9EB0F32FB590FF0015F5D4 /* reflex.mm in Sources */ = {isa = PBXBuildFile; fileRef = 8C9EB06C2FB590FF0015F5D4 /* reflex.mm */; };
		8C9EB0F42FB590FF0015F5D4 /* application.cpp in Sources */ = {isa = PBXBuildFile; fileRef = 8C9EB0A42FB590FF0015F5D4 /* application.cpp */; };
		8C9EB0F52FB590FF0015F5D4 /* body.cpp in Sources */ = {isa = PBXBuildFile; fileRef = 8C9EB0A62FB590FF0015F5D4 /* body.cpp */; };
		8C9EB0F62FB590FF0015F5D4 /* app_delegate.mm in Sources */ = {isa = PBXBuildFile; fileRef = 8C9EB0652FB590FF0015F5D4 /* app_delegate.mm */; };
		8C9EB0F82FB590FF0015F5D4 /* reflex.cpp in Sources */ = {isa = PBXBuildFile; fileRef = 8C9EB0B62FB590FF0015F5D4 /* reflex.cpp */; };
		8C9EB0F92FB590FF0015F5D4 /* view.cpp in Sources */ = {isa = PBXBuildFile; fileRef = 8C9EB0C02FB590FF0015F5D4 /* view.cpp */; };
		8C9EB0FA2FB590FF0015F5D4 /* view_controller.mm in Sources */ = {isa = PBXBuildFile; fileRef = 8C9EB0702FB590FF0015F5D4 /* view_controller.mm */; };
		8C9EB0FD2FB590FF0015F5D4 /* application.mm in Sources */ = {isa = PBXBuildFile; fileRef = 8C9EB0672FB590FF0015F5D4 /* application.mm */; };
		8C9EB3D42FB591A90015F5D4 /* b2_gear_joint.cpp in Sources */ = {isa = PBXBuildFile; fileRef = 8C9EB1F62FB591A90015F5D4 /* b2_gear_joint.cpp */; };
		8C9EB3DA2FB591A90015F5D4 /* b2_polygon_circle_contact.cpp in Sources */ = {isa = PBXBuildFile; fileRef = 8C9EB2022FB591A90015F5D4 /* b2_polygon_circle_contact.cpp */; };
		8C9EB3DC2FB591A90015F5D4 /* b2_weld_joint.cpp in Sources */ = {isa = PBXBuildFile; fileRef = 8C9EB20D2FB591A90015F5D4 /* b2_weld_joint.cpp */; };
		8C9EB3E32FB591A90015F5D4 /* b2_joint.cpp in Sources */ = {isa = PBXBuildFile; fileRef = 8C9EB1FB2FB591A90015F5D4 /* b2_joint.cpp */; };
		8C9EB3E42FB591A90015F5D4 /* b2_distance.cpp in Sources */ = {isa = PBXBuildFile; fileRef = 8C9EB1C02FB591A90015F5D4 /* b2_distance.cpp */; };
		8C9EB3EA2FB591A90015F5D4 /* b2_edge_circle_contact.cpp in Sources */ = {isa = PBXBuildFile; fileRef = 8C9EB1ED2FB591A90015F5D4 /* b2_edge_circle_contact.cpp */; };
		8C9EB3EF2FB591A90015F5D4 /* b2_pulley_joint.cpp in Sources */ = {isa = PBXBuildFile; fileRef = 8C9EB2092FB591A90015F5D4 /* b2_pulley_joint.cpp */; };
		8C9EB3F42FB591A90015F5D4 /* b2_revolute_joint.cpp in Sources */ = {isa = PBXBuildFile; fileRef = 8C9EB20B2FB591A90015F5D4 /* b2_revolute_joint.cpp */; };
		8C9EB3F72FB591A90015F5D4 /* b2_rope.cpp in Sources */ = {isa = PBXBuildFile; fileRef = 8C9EB2162FB591A90015F5D4 /* b2_rope.cpp */; };
		8C9EB3F92FB591A90015F5D4 /* b2_contact_solver.cpp in Sources */ = {isa = PBXBuildFile; fileRef = 8C9EB1E82FB591A90015F5D4 /* b2_contact_solver.cpp */; };
		8C9EB3FE2FB591A90015F5D4 /* b2_circle_shape.cpp in Sources */ = {isa = PBXBuildFile; fileRef = 8C9EB1B62FB591A90015F5D4 /* b2_circle_shape.cpp */; };
		8C9EB3FF2FB591A90015F5D4 /* b2_world.cpp in Sources */ = {isa = PBXBuildFile; fileRef = 8C9EB2112FB591A90015F5D4 /* b2_world.cpp */; };
		8C9EB4012FB591A90015F5D4 /* b2_prismatic_joint.cpp in Sources */ = {isa = PBXBuildFile; fileRef = 8C9EB2072FB591A90015F5D4 /* b2_prismatic_joint.cpp */; };
		8C9EB4032FB591A90015F5D4 /* b2_chain_circle_contact.cpp in Sources */ = {isa = PBXBuildFile; fileRef = 8C9EB1DB2FB591A90015F5D4 /* b2_chain_circle_contact.cpp */; };
		8C9EB4042FB591A90015F5D4 /* RtMidi.cpp in Sources */ = {isa = PBXBuildFile; fileRef = 8C9EB2F52FB591A90015F5D4 /* RtMidi.cpp */; };
		8C9EB4052FB591A90015F5D4 /* b2_draw.cpp in Sources */ = {isa = PBXBuildFile; fileRef = 8C9EB1CD2FB591A90015F5D4 /* b2_draw.cpp */; };
		8C9EB4092FB591A90015F5D4 /* b2_collide_circle.cpp in Sources */ = {isa = PBXBuildFile; fileRef = 8C9EB1B82FB591A90015F5D4 /* b2_collide_circle.cpp */; };
		8C9EB40C2FB591A90015F5D4 /* b2_circle_contact.cpp in Sources */ = {isa = PBXBuildFile; fileRef = 8C9EB1E12FB591A90015F5D4 /* b2_circle_contact.cpp */; };
		8C9EB4142FB591A90015F5D4 /* b2_fixture.cpp in Sources */ = {isa = PBXBuildFile; fileRef = 8C9EB1F22FB591A90015F5D4 /* b2_fixture.cpp */; };
		8C9EB4192FB591A90015F5D4 /* b2_math.cpp in Sources */ = {isa = PBXBuildFile; fileRef = 8C9EB1CF2FB591A90015F5D4 /* b2_math.cpp */; };
		8C9EB41D2FB591A90015F5D4 /* b2_timer.cpp in Sources */ = {isa = PBXBuildFile; fileRef = 8C9EB1D52FB591A90015F5D4 /* b2_timer.cpp */; };
		8C9EB41F2FB591A90015F5D4 /* b2_polygon_contact.cpp in Sources */ = {isa = PBXBuildFile; fileRef = 8C9EB2052FB591A90015F5D4 /* b2_polygon_contact.cpp */; };
		8C9EB4212FB591A90015F5D4 /* b2_time_of_impact.cpp in Sources */ = {isa = PBXBuildFile; fileRef = 8C9EB1C82FB591A90015F5D4 /* b2_time_of_impact.cpp */; };
		8C9EB4272FB591A90015F5D4 /* b2_collision.cpp in Sources */ = {isa = PBXBuildFile; fileRef = 8C9EB1BE2FB591A90015F5D4 /* b2_collision.cpp */; };
		8C9EB42B2FB591A90015F5D4 /* b2_motor_joint.cpp in Sources */ = {isa = PBXBuildFile; fileRef = 8C9EB1FD2FB591A90015F5D4 /* b2_motor_joint.cpp */; };
		8C9EB42C2FB591A90015F5D4 /* b2_block_allocator.cpp in Sources */ = {isa = PBXBuildFile; fileRef = 8C9EB1CB2FB591A90015F5D4 /* b2_block_allocator.cpp */; };
		8C9EB4372FB591A90015F5D4 /* b2_collide_edge.cpp in Sources */ = {isa = PBXBuildFile; fileRef = 8C9EB1BA2FB591A90015F5D4 /* b2_collide_edge.cpp */; };
		8C9EB4382FB591A90015F5D4 /* b2_chain_shape.cpp in Sources */ = {isa = PBXBuildFile; fileRef = 8C9EB1B42FB591A90015F5D4 /* b2_chain_shape.cpp */; };
		8C9EB4392FB591A90015F5D4 /* b2_collide_polygon.cpp in Sources */ = {isa = PBXBuildFile; fileRef = 8C9EB1BC2FB591A90015F5D4 /* b2_collide_polygon.cpp */; };
		8C9EB43E2FB591A90015F5D4 /* b2_body.cpp in Sources */ = {isa = PBXBuildFile; fileRef = 8C9EB1D82FB591A90015F5D4 /* b2_body.cpp */; };
		8C9EB4402FB591A90015F5D4 /* b2_dynamic_tree.cpp in Sources */ = {isa = PBXBuildFile; fileRef = 8C9EB1C22FB591A90015F5D4 /* b2_dynamic_tree.cpp */; };
		8C9EB4452FB591A90015F5D4 /* b2_mouse_joint.cpp in Sources */ = {isa = PBXBuildFile; fileRef = 8C9EB1FF2FB591A90015F5D4 /* b2_mouse_joint.cpp */; };
		8C9EB44C2FB591A90015F5D4 /* b2_settings.cpp in Sources */ = {isa = PBXBuildFile; fileRef = 8C9EB1D12FB591A90015F5D4 /* b2_settings.cpp */; };
		8C9EB4502FB591A90015F5D4 /* b2_stack_allocator.cpp in Sources */ = {isa = PBXBuildFile; fileRef = 8C9EB1D32FB591A90015F5D4 /* b2_stack_allocator.cpp */; };
		8C9EB4522FB591A90015F5D4 /* b2_polygon_shape.cpp in Sources */ = {isa = PBXBuildFile; fileRef = 8C9EB1C62FB591A90015F5D4 /* b2_polygon_shape.cpp */; };
		8C9EB4582FB591A90015F5D4 /* b2_contact_manager.cpp in Sources */ = {isa = PBXBuildFile; fileRef = 8C9EB1E52FB591A90015F5D4 /* b2_contact_manager.cpp */; };
		8C9EB4592FB591A90015F5D4 /* b2_island.cpp in Sources */ = {isa = PBXBuildFile; fileRef = 8C9EB1F92FB591A90015F5D4 /* b2_island.cpp */; };
		8C9EB45A2FB591A90015F5D4 /* b2_edge_shape.cpp in Sources */ = {isa = PBXBuildFile; fileRef = 8C9EB1C42FB591A90015F5D4 /* b2_edge_shape.cpp */; };
		8C9EB45B2FB591A90015F5D4 /* b2_edge_polygon_contact.cpp in Sources */ = {isa = PBXBuildFile; fileRef = 8C9EB1F02FB591A90015F5D4 /* b2_edge_polygon_contact.cpp */; };
		8C9EB4622FB591A90015F5D4 /* b2_friction_joint.cpp in Sources */ = {isa = PBXBuildFile; fileRef = 8C9EB1F42FB591A90015F5D4 /* b2_friction_joint.cpp */; };
		8C9EB4632FB591A90015F5D4 /* b2_wheel_joint.cpp in Sources */ = {isa = PBXBuildFile; fileRef = 8C9EB20F2FB591A90015F5D4 /* b2_wheel_joint.cpp */; };
		8C9EB4642FB591A90015F5D4 /* b2_distance_joint.cpp in Sources */ = {isa = PBXBuildFile; fileRef = 8C9EB1EA2FB591A90015F5D4 /* b2_distance_joint.cpp */; };
		8C9EB46F2FB591A90015F5D4 /* b2_contact.cpp in Sources */ = {isa = PBXBuildFile; fileRef = 8C9EB1E32FB591A90015F5D4 /* b2_contact.cpp */; };
		8C9EB4712FB591A90015F5D4 /* b2_chain_polygon_contact.cpp in Sources */ = {isa = PBXBuildFile; fileRef = 8C9EB1DE2FB591A90015F5D4 /* b2_chain_polygon_contact.cpp */; };
		8C9EB4722FB591A90015F5D4 /* b2_broad_phase.cpp in Sources */ = {isa = PBXBuildFile; fileRef = 8C9EB1B22FB591A90015F5D4 /* b2_broad_phase.cpp */; };
		8C9EB4742FB591A90015F5D4 /* b2_world_callbacks.cpp in Sources */ = {isa = PBXBuildFile; fileRef = 8C9EB2132FB591A90015F5D4 /* b2_world_callbacks.cpp */; };
		8C9EB4AD2FB592500015F5D4 /* GameController.framework in Frameworks */ = {isa = PBXBuildFile; fileRef = 8C9EB4AC2FB592500015F5D4 /* GameController.framework */; };
		8C9EB4AF2FB5928D0015F5D4 /* QuartzCore.framework in Frameworks */ = {isa = PBXBuildFile; fileRef = 8C9EB4AE2FB5928D0015F5D4 /* QuartzCore.framework */; };
		8C9EB4B12FB592950015F5D4 /* CoreMotion.framework in Frameworks */ = {isa = PBXBuildFile; fileRef = 8C9EB4B02FB592950015F5D4 /* CoreMotion.framework */; };
		8C9EB4B32FB595B80015F5D4 /* CoreMIDI.framework in Frameworks */ = {isa = PBXBuildFile; fileRef = 8C9EB4B22FB595B80015F5D4 /* CoreMIDI.framework */; };
		8C9EB4D12FB6D0910015F5D4 /* string.cpp in Sources */ = {isa = PBXBuildFile; fileRef = 8C9EB4C52FB6D0910015F5D4 /* string.cpp */; };
		8C9EB4D22FB6D0910015F5D4 /* debug.cpp in Sources */ = {isa = PBXBuildFile; fileRef = 8C9EB4C12FB6D0910015F5D4 /* debug.cpp */; };
		8C9EB4D32FB6D0910015F5D4 /* time.cpp in Sources */ = {isa = PBXBuildFile; fileRef = 8C9EB4C72FB6D0910015F5D4 /* time.cpp */; };
		8C9EB4D42FB6D0910015F5D4 /* exception.cpp in Sources */ = {isa = PBXBuildFile; fileRef = 8C9EB4C32FB6D0910015F5D4 /* exception.cpp */; };
		8C9EB4D52FB6D0910015F5D4 /* util.cpp in Sources */ = {isa = PBXBuildFile; fileRef = 8C9EB4C92FB6D0910015F5D4 /* util.cpp */; };
/* End PBXBuildFile section */

/* Begin PBXFileReference section */
		832CF766197F457C0024BB50 /* main.cpp */ = {isa = PBXFileReference; fileEncoding = 4; lastKnownFileType = sourcecode.cpp.cpp; path = main.cpp; sourceTree = "<group>"; };
		8332B7B1195AF116001B79BD /* CoreText.framework */ = {isa = PBXFileReference; lastKnownFileType = wrapper.framework; name = CoreText.framework; path = System/Library/Frameworks/CoreText.framework; sourceTree = SDKROOT; };
		8332B7B3195AF5CD001B79BD /* ImageIO.framework */ = {isa = PBXFileReference; lastKnownFileType = wrapper.framework; name = ImageIO.framework; path = System/Library/Frameworks/ImageIO.framework; sourceTree = SDKROOT; };
		8332B7B5195AF6D0001B79BD /* MobileCoreServices.framework */ = {isa = PBXFileReference; lastKnownFileType = wrapper.framework; name = MobileCoreServices.framework; path = System/Library/Frameworks/MobileCoreServices.framework; sourceTree = SDKROOT; };
		83688649194AA5B100923B8B /* hello.app */ = {isa = PBXFileReference; explicitFileType = wrapper.application; includeInIndex = 0; path = hello.app; sourceTree = BUILT_PRODUCTS_DIR; };
		8368864C194AA5B100923B8B /* Foundation.framework */ = {isa = PBXFileReference; lastKnownFileType = wrapper.framework; name = Foundation.framework; path = System/Library/Frameworks/Foundation.framework; sourceTree = SDKROOT; };
		8368864E194AA5B100923B8B /* CoreGraphics.framework */ = {isa = PBXFileReference; lastKnownFileType = wrapper.framework; name = CoreGraphics.framework; path = System/Library/Frameworks/CoreGraphics.framework; sourceTree = SDKROOT; };
		83688650194AA5B100923B8B /* UIKit.framework */ = {isa = PBXFileReference; lastKnownFileType = wrapper.framework; name = UIKit.framework; path = System/Library/Frameworks/UIKit.framework; sourceTree = SDKROOT; };
		83688652194AA5B100923B8B /* GLKit.framework */ = {isa = PBXFileReference; lastKnownFileType = wrapper.framework; name = GLKit.framework; path = System/Library/Frameworks/GLKit.framework; sourceTree = SDKROOT; };
		83688654194AA5B100923B8B /* OpenGLES.framework */ = {isa = PBXFileReference; lastKnownFileType = wrapper.framework; name = OpenGLES.framework; path = System/Library/Frameworks/OpenGLES.framework; sourceTree = SDKROOT; };
		83688658194AA5B100923B8B /* hello-Info.plist */ = {isa = PBXFileReference; lastKnownFileType = text.plist.xml; path = "hello-Info.plist"; sourceTree = "<group>"; };
		8368865A194AA5B100923B8B /* en */ = {isa = PBXFileReference; lastKnownFileType = text.plist.strings; name = en; path = en.lproj/InfoPlist.strings; sourceTree = "<group>"; };
		8368865E194AA5B100923B8B /* hello-Prefix.pch */ = {isa = PBXFileReference; lastKnownFileType = sourcecode.c.h; path = "hello-Prefix.pch"; sourceTree = "<group>"; };
		8368866F194AA5B100923B8B /* Images.xcassets */ = {isa = PBXFileReference; lastKnownFileType = folder.assetcatalog; path = Images.xcassets; sourceTree = "<group>"; };
		8C9E9B512FB58BAB0015F5D4 /* bitmap.h */ = {isa = PBXFileReference; lastKnownFileType = sourcecode.c.h; path = bitmap.h; sourceTree = "<group>"; };
		8C9E9B522FB58BAB0015F5D4 /* bounds.h */ = {isa = PBXFileReference; lastKnownFileType = sourcecode.c.h; path = bounds.h; sourceTree = "<group>"; };
		8C9E9B532FB58BAB0015F5D4 /* camera.h */ = {isa = PBXFileReference; lastKnownFileType = sourcecode.c.h; path = camera.h; sourceTree = "<group>"; };
		8C9E9B542FB58BAB0015F5D4 /* color.h */ = {isa = PBXFileReference; lastKnownFileType = sourcecode.c.h; path = color.h; sourceTree = "<group>"; };
		8C9E9B552FB58BAB0015F5D4 /* color_space.h */ = {isa = PBXFileReference; lastKnownFileType = sourcecode.c.h; path = color_space.h; sourceTree = "<group>"; };
		8C9E9B562FB58BAB0015F5D4 /* coord.h */ = {isa = PBXFileReference; lastKnownFileType = sourcecode.c.h; path = coord.h; sourceTree = "<group>"; };
		8C9E9B572FB58BAB0015F5D4 /* debug.h */ = {isa = PBXFileReference; lastKnownFileType = sourcecode.c.h; path = debug.h; sourceTree = "<group>"; };
		8C9E9B582FB58BAB0015F5D4 /* defs.h */ = {isa = PBXFileReference; lastKnownFileType = sourcecode.c.h; path = defs.h; sourceTree = "<group>"; };
		8C9E9B592FB58BAB0015F5D4 /* exception.h */ = {isa = PBXFileReference; lastKnownFileType = sourcecode.c.h; path = exception.h; sourceTree = "<group>"; };
		8C9E9B5A2FB58BAB0015F5D4 /* font.h */ = {isa = PBXFileReference; lastKnownFileType = sourcecode.c.h; path = font.h; sourceTree = "<group>"; };
		8C9E9B5B2FB58BAB0015F5D4 /* image.h */ = {isa = PBXFileReference; lastKnownFileType = sourcecode.c.h; path = image.h; sourceTree = "<group>"; };
		8C9E9B5C2FB58BAB0015F5D4 /* matrix.h */ = {isa = PBXFileReference; lastKnownFileType = sourcecode.c.h; path = matrix.h; sourceTree = "<group>"; };
		8C9E9B5D2FB58BAB0015F5D4 /* painter.h */ = {isa = PBXFileReference; lastKnownFileType = sourcecode.c.h; path = painter.h; sourceTree = "<group>"; };
		8C9E9B5E2FB58BAB0015F5D4 /* point.h */ = {isa = PBXFileReference; lastKnownFileType = sourcecode.c.h; path = point.h; sourceTree = "<group>"; };
		8C9E9B5F2FB58BAB0015F5D4 /* polygon.h */ = {isa = PBXFileReference; lastKnownFileType = sourcecode.c.h; path = polygon.h; sourceTree = "<group>"; };
		8C9E9B602FB58BAB0015F5D4 /* polyline.h */ = {isa = PBXFileReference; lastKnownFileType = sourcecode.c.h; path = polyline.h; sourceTree = "<group>"; };
		8C9E9B612FB58BAB0015F5D4 /* rays.h */ = {isa = PBXFileReference; lastKnownFileType = sourcecode.c.h; path = rays.h; sourceTree = "<group>"; };
		8C9E9B622FB58BAB0015F5D4 /* ruby.h */ = {isa = PBXFileReference; lastKnownFileType = sourcecode.c.h; path = ruby.h; sourceTree = "<group>"; };
		8C9E9B632FB58BAB0015F5D4 /* shader.h */ = {isa = PBXFileReference; lastKnownFileType = sourcecode.c.h; path = shader.h; sourceTree = "<group>"; };
		8C9E9B642FB58BAB0015F5D4 /* util.h */ = {isa = PBXFileReference; lastKnownFileType = sourcecode.c.h; path = util.h; sourceTree = "<group>"; };
		8C9E9B662FB58BAB0015F5D4 /* rays.h */ = {isa = PBXFileReference; lastKnownFileType = sourcecode.c.h; path = rays.h; sourceTree = "<group>"; };
		8C9E9B682FB58BBD0015F5D4 /* bitmap.h */ = {isa = PBXFileReference; lastKnownFileType = sourcecode.c.h; path = bitmap.h; sourceTree = "<group>"; };
		8C9E9B692FB58BBD0015F5D4 /* bitmap.mm */ = {isa = PBXFileReference; lastKnownFileType = sourcecode.cpp.objcpp; path = bitmap.mm; sourceTree = "<group>"; };
		8C9E9B6A2FB58BBD0015F5D4 /* camera.mm */ = {isa = PBXFileReference; lastKnownFileType = sourcecode.cpp.objcpp; path = camera.mm; sourceTree = "<group>"; };
		8C9E9B6B2FB58BBD0015F5D4 /* font.mm */ = {isa = PBXFileReference; lastKnownFileType = sourcecode.cpp.objcpp; path = font.mm; sourceTree = "<group>"; };
		8C9E9B6C2FB58BBD0015F5D4 /* rays.mm */ = {isa = PBXFileReference; lastKnownFileType = sourcecode.cpp.objcpp; path = rays.mm; sourceTree = "<group>"; };
		8C9E9B6E2FB58BBD0015F5D4 /* opengl.mm */ = {isa = PBXFileReference; lastKnownFileType = sourcecode.cpp.objcpp; path = opengl.mm; sourceTree = "<group>"; };
		8C9E9B762FB58BBD0015F5D4 /* bitmap.cpp */ = {isa = PBXFileReference; lastKnownFileType = sourcecode.cpp.cpp; path = bitmap.cpp; sourceTree = "<group>"; };
		8C9E9B772FB58BBD0015F5D4 /* color_space.h */ = {isa = PBXFileReference; lastKnownFileType = sourcecode.c.h; path = color_space.h; sourceTree = "<group>"; };
		8C9E9B782FB58BBD0015F5D4 /* color_space.cpp */ = {isa = PBXFileReference; lastKnownFileType = sourcecode.cpp.cpp; path = color_space.cpp; sourceTree = "<group>"; };
		8C9E9B792FB58BBD0015F5D4 /* frame_buffer.h */ = {isa = PBXFileReference; lastKnownFileType = sourcecode.c.h; path = frame_buffer.h; sourceTree = "<group>"; };
		8C9E9B7A2FB58BBD0015F5D4 /* frame_buffer.cpp */ = {isa = PBXFileReference; lastKnownFileType = sourcecode.cpp.cpp; path = frame_buffer.cpp; sourceTree = "<group>"; };
		8C9E9B7B2FB58BBD0015F5D4 /* opengl.h */ = {isa = PBXFileReference; lastKnownFileType = sourcecode.c.h; path = opengl.h; sourceTree = "<group>"; };
		8C9E9B7C2FB58BBD0015F5D4 /* opengl.cpp */ = {isa = PBXFileReference; lastKnownFileType = sourcecode.cpp.cpp; path = opengl.cpp; sourceTree = "<group>"; };
		8C9E9B7D2FB58BBD0015F5D4 /* painter.cpp */ = {isa = PBXFileReference; lastKnownFileType = sourcecode.cpp.cpp; path = painter.cpp; sourceTree = "<group>"; };
		8C9E9B7E2FB58BBD0015F5D4 /* render_buffer.h */ = {isa = PBXFileReference; lastKnownFileType = sourcecode.c.h; path = render_buffer.h; sourceTree = "<group>"; };
		8C9E9B7F2FB58BBD0015F5D4 /* render_buffer.cpp */ = {isa = PBXFileReference; lastKnownFileType = sourcecode.cpp.cpp; path = render_buffer.cpp; sourceTree = "<group>"; };
		8C9E9B802FB58BBD0015F5D4 /* shader.h */ = {isa = PBXFileReference; lastKnownFileType = sourcecode.c.h; path = shader.h; sourceTree = "<group>"; };
		8C9E9B812FB58BBD0015F5D4 /* shader.cpp */ = {isa = PBXFileReference; lastKnownFileType = sourcecode.cpp.cpp; path = shader.cpp; sourceTree = "<group>"; };
		8C9E9B822FB58BBD0015F5D4 /* shader_program.h */ = {isa = PBXFileReference; lastKnownFileType = sourcecode.c.h; path = shader_program.h; sourceTree = "<group>"; };
		8C9E9B832FB58BBD0015F5D4 /* shader_program.cpp */ = {isa = PBXFileReference; lastKnownFileType = sourcecode.cpp.cpp; path = shader_program.cpp; sourceTree = "<group>"; };
		8C9E9B842FB58BBD0015F5D4 /* shader_source.h */ = {isa = PBXFileReference; lastKnownFileType = sourcecode.c.h; path = shader_source.h; sourceTree = "<group>"; };
		8C9E9B852FB58BBD0015F5D4 /* shader_source.cpp */ = {isa = PBXFileReference; lastKnownFileType = sourcecode.cpp.cpp; path = shader_source.cpp; sourceTree = "<group>"; };
		8C9E9B862FB58BBD0015F5D4 /* texture.h */ = {isa = PBXFileReference; lastKnownFileType = sourcecode.c.h; path = texture.h; sourceTree = "<group>"; };
		8C9E9B872FB58BBD0015F5D4 /* texture.cpp */ = {isa = PBXFileReference; lastKnownFileType = sourcecode.cpp.cpp; path = texture.cpp; sourceTree = "<group>"; };
		8C9E9B9B2FB58BBD0015F5D4 /* bitmap.h */ = {isa = PBXFileReference; lastKnownFileType = sourcecode.c.h; path = bitmap.h; sourceTree = "<group>"; };
		8C9E9B9C2FB58BBD0015F5D4 /* bounds.cpp */ = {isa = PBXFileReference; lastKnownFileType = sourcecode.cpp.cpp; path = bounds.cpp; sourceTree = "<group>"; };
		8C9E9B9D2FB58BBD0015F5D4 /* color.cpp */ = {isa = PBXFileReference; lastKnownFileType = sourcecode.cpp.cpp; path = color.cpp; sourceTree = "<group>"; };
		8C9E9B9E2FB58BBD0015F5D4 /* color_space.cpp */ = {isa = PBXFileReference; lastKnownFileType = sourcecode.cpp.cpp; path = color_space.cpp; sourceTree = "<group>"; };
		8C9E9B9F2FB58BBD0015F5D4 /* coord.h */ = {isa = PBXFileReference; lastKnownFileType = sourcecode.c.h; path = coord.h; sourceTree = "<group>"; };
		8C9E9BA02FB58BBD0015F5D4 /* coord.cpp */ = {isa = PBXFileReference; lastKnownFileType = sourcecode.cpp.cpp; path = coord.cpp; sourceTree = "<group>"; };
		8C9E9BA12FB58BBD0015F5D4 /* exception.cpp */ = {isa = PBXFileReference; lastKnownFileType = sourcecode.cpp.cpp; path = exception.cpp; sourceTree = "<group>"; };
		8C9E9BA22FB58BBD0015F5D4 /* font.h */ = {isa = PBXFileReference; lastKnownFileType = sourcecode.c.h; path = font.h; sourceTree = "<group>"; };
		8C9E9BA32FB58BBD0015F5D4 /* font.cpp */ = {isa = PBXFileReference; lastKnownFileType = sourcecode.cpp.cpp; path = font.cpp; sourceTree = "<group>"; };
		8C9E9BA42FB58BBD0015F5D4 /* glm.h */ = {isa = PBXFileReference; lastKnownFileType = sourcecode.c.h; path = glm.h; sourceTree = "<group>"; };
		8C9E9BA52FB58BBD0015F5D4 /* image.h */ = {isa = PBXFileReference; lastKnownFileType = sourcecode.c.h; path = image.h; sourceTree = "<group>"; };
		8C9E9BA62FB58BBD0015F5D4 /* image.cpp */ = {isa = PBXFileReference; lastKnownFileType = sourcecode.cpp.cpp; path = image.cpp; sourceTree = "<group>"; };
		8C9E9BA72FB58BBD0015F5D4 /* matrix.h */ = {isa = PBXFileReference; lastKnownFileType = sourcecode.c.h; path = matrix.h; sourceTree = "<group>"; };
		8C9E9BA82FB58BBD0015F5D4 /* matrix.cpp */ = {isa = PBXFileReference; lastKnownFileType = sourcecode.cpp.cpp; path = matrix.cpp; sourceTree = "<group>"; };
		8C9E9BA92FB58BBD0015F5D4 /* painter.h */ = {isa = PBXFileReference; lastKnownFileType = sourcecode.c.h; path = painter.h; sourceTree = "<group>"; };
		8C9E9BAA2FB58BBD0015F5D4 /* painter.cpp */ = {isa = PBXFileReference; lastKnownFileType = sourcecode.cpp.cpp; path = painter.cpp; sourceTree = "<group>"; };
		8C9E9BAB2FB58BBD0015F5D4 /* point.cpp */ = {isa = PBXFileReference; lastKnownFileType = sourcecode.cpp.cpp; path = point.cpp; sourceTree = "<group>"; };
		8C9E9BAC2FB58BBD0015F5D4 /* polygon.h */ = {isa = PBXFileReference; lastKnownFileType = sourcecode.c.h; path = polygon.h; sourceTree = "<group>"; };
		8C9E9BAD2FB58BBD0015F5D4 /* polygon.cpp */ = {isa = PBXFileReference; lastKnownFileType = sourcecode.cpp.cpp; path = polygon.cpp; sourceTree = "<group>"; };
		8C9E9BAE2FB58BBD0015F5D4 /* polyline.h */ = {isa = PBXFileReference; lastKnownFileType = sourcecode.c.h; path = polyline.h; sourceTree = "<group>"; };
		8C9E9BAF2FB58BBD0015F5D4 /* polyline.cpp */ = {isa = PBXFileReference; lastKnownFileType = sourcecode.cpp.cpp; path = polyline.cpp; sourceTree = "<group>"; };
		8C9E9BB02FB58BBD0015F5D4 /* renderer.h */ = {isa = PBXFileReference; lastKnownFileType = sourcecode.c.h; path = renderer.h; sourceTree = "<group>"; };
		8C9E9BB12FB58BBD0015F5D4 /* texture.h */ = {isa = PBXFileReference; lastKnownFileType = sourcecode.c.h; path = texture.h; sourceTree = "<group>"; };
		8C9E9BB22FB58BBD0015F5D4 /* util.cpp */ = {isa = PBXFileReference; lastKnownFileType = sourcecode.cpp.cpp; path = util.cpp; sourceTree = "<group>"; };
		8C9E9C602FB58E740015F5D4 /* clipper.cpp */ = {isa = PBXFileReference; lastKnownFileType = sourcecode.cpp.cpp; path = clipper.cpp; sourceTree = "<group>"; };
		8C9EA7072FB58E740015F5D4 /* Splines.cpp */ = {isa = PBXFileReference; lastKnownFileType = sourcecode.cpp.cpp; path = Splines.cpp; sourceTree = "<group>"; };
		8C9EAFBB2FB58FF70015F5D4 /* AVFoundation.framework */ = {isa = PBXFileReference; lastKnownFileType = wrapper.framework; name = AVFoundation.framework; path = System/Library/Frameworks/AVFoundation.framework; sourceTree = SDKROOT; };
		8C9EAFBD2FB590060015F5D4 /* CoreImage.framework */ = {isa = PBXFileReference; lastKnownFileType = wrapper.framework; name = CoreImage.framework; path = System/Library/Frameworks/CoreImage.framework; sourceTree = SDKROOT; };
		8C9EAFBF2FB590260015F5D4 /* CoreMedia.framework */ = {isa = PBXFileReference; lastKnownFileType = wrapper.framework; name = CoreMedia.framework; path = System/Library/Frameworks/CoreMedia.framework; sourceTree = SDKROOT; };
		8C9EAFC12FB5902F0015F5D4 /* CoreVideo.framework */ = {isa = PBXFileReference; lastKnownFileType = wrapper.framework; name = CoreVideo.framework; path = System/Library/Frameworks/CoreVideo.framework; sourceTree = SDKROOT; };
		8C9EAFD52FB5906B0015F5D4 /* application.h */ = {isa = PBXFileReference; lastKnownFileType = sourcecode.c.h; path = application.h; sourceTree = "<group>"; };
		8C9EAFD62FB5906B0015F5D4 /* debug.h */ = {isa = PBXFileReference; lastKnownFileType = sourcecode.c.h; path = debug.h; sourceTree = "<group>"; };
		8C9EAFD72FB5906B0015F5D4 /* defs.h */ = {isa = PBXFileReference; lastKnownFileType = sourcecode.c.h; path = defs.h; sourceTree = "<group>"; };
		8C9EAFD82FB5906B0015F5D4 /* device.h */ = {isa = PBXFileReference; lastKnownFileType = sourcecode.c.h; path = device.h; sourceTree = "<group>"; };
		8C9EAFD92FB5906B0015F5D4 /* event.h */ = {isa = PBXFileReference; lastKnownFileType = sourcecode.c.h; path = event.h; sourceTree = "<group>"; };
		8C9EAFDA2FB5906B0015F5D4 /* exception.h */ = {isa = PBXFileReference; lastKnownFileType = sourcecode.c.h; path = exception.h; sourceTree = "<group>"; };
		8C9EAFDB2FB5906B0015F5D4 /* filter.h */ = {isa = PBXFileReference; lastKnownFileType = sourcecode.c.h; path = filter.h; sourceTree = "<group>"; };
		8C9EAFDC2FB5906B0015F5D4 /* gamepad.h */ = {isa = PBXFileReference; lastKnownFileType = sourcecode.c.h; path = gamepad.h; sourceTree = "<group>"; };
		8C9EAFDD2FB5906B0015F5D4 /* image_view.h */ = {isa = PBXFileReference; lastKnownFileType = sourcecode.c.h; path = image_view.h; sourceTree = "<group>"; };
		8C9EAFDE2FB5906B0015F5D4 /* midi.h */ = {isa = PBXFileReference; lastKnownFileType = sourcecode.c.h; path = midi.h; sourceTree = "<group>"; };
		8C9EAFDF2FB5906B0015F5D4 /* pointer.h */ = {isa = PBXFileReference; lastKnownFileType = sourcecode.c.h; path = pointer.h; sourceTree = "<group>"; };
		8C9EAFE02FB5906B0015F5D4 /* reflex.h */ = {isa = PBXFileReference; lastKnownFileType = sourcecode.c.h; path = reflex.h; sourceTree = "<group>"; };
		8C9EAFE12FB5906B0015F5D4 /* ruby.h */ = {isa = PBXFileReference; lastKnownFileType = sourcecode.c.h; path = ruby.h; sourceTree = "<group>"; };
		8C9EAFE22FB5906B0015F5D4 /* screen.h */ = {isa = PBXFileReference; lastKnownFileType = sourcecode.c.h; path = screen.h; sourceTree = "<group>"; };
		8C9EAFE32FB5906B0015F5D4 /* selector.h */ = {isa = PBXFileReference; lastKnownFileType = sourcecode.c.h; path = selector.h; sourceTree = "<group>"; };
		8C9EAFE42FB5906B0015F5D4 /* shape.h */ = {isa = PBXFileReference; lastKnownFileType = sourcecode.c.h; path = shape.h; sourceTree = "<group>"; };
		8C9EAFE52FB5906B0015F5D4 /* style.h */ = {isa = PBXFileReference; lastKnownFileType = sourcecode.c.h; path = style.h; sourceTree = "<group>"; };
		8C9EAFE62FB5906B0015F5D4 /* timer.h */ = {isa = PBXFileReference; lastKnownFileType = sourcecode.c.h; path = timer.h; sourceTree = "<group>"; };
		8C9EAFE72FB5906B0015F5D4 /* view.h */ = {isa = PBXFileReference; lastKnownFileType = sourcecode.c.h; path = view.h; sourceTree = "<group>"; };
		8C9EAFE82FB5906B0015F5D4 /* window.h */ = {isa = PBXFileReference; lastKnownFileType = sourcecode.c.h; path = window.h; sourceTree = "<group>"; };
		8C9EAFEA2FB5906B0015F5D4 /* reflex.h */ = {isa = PBXFileReference; lastKnownFileType = sourcecode.c.h; path = reflex.h; sourceTree = "<group>"; };
		8C9EB0642FB590FF0015F5D4 /* app_delegate.h */ = {isa = PBXFileReference; lastKnownFileType = sourcecode.c.h; path = app_delegate.h; sourceTree = "<group>"; };
		8C9EB0652FB590FF0015F5D4 /* app_delegate.mm */ = {isa = PBXFileReference; lastKnownFileType = sourcecode.cpp.objcpp; path = app_delegate.mm; sourceTree = "<group>"; };
		8C9EB0662FB590FF0015F5D4 /* application.h */ = {isa = PBXFileReference; lastKnownFileType = sourcecode.c.h; path = application.h; sourceTree = "<group>"; };
		8C9EB0672FB590FF0015F5D4 /* application.mm */ = {isa = PBXFileReference; lastKnownFileType = sourcecode.cpp.objcpp; path = application.mm; sourceTree = "<group>"; };
		8C9EB0682FB590FF0015F5D4 /* device.mm */ = {isa = PBXFileReference; lastKnownFileType = sourcecode.cpp.objcpp; path = device.mm; sourceTree = "<group>"; };
		8C9EB0692FB590FF0015F5D4 /* event.h */ = {isa = PBXFileReference; lastKnownFileType = sourcecode.c.h; path = event.h; sourceTree = "<group>"; };
		8C9EB06A2FB590FF0015F5D4 /* event.mm */ = {isa = PBXFileReference; lastKnownFileType = sourcecode.cpp.objcpp; path = event.mm; sourceTree = "<group>"; };
		8C9EB06B2FB590FF0015F5D4 /* gamepad.mm */ = {isa = PBXFileReference; lastKnownFileType = sourcecode.cpp.objcpp; path = gamepad.mm; sourceTree = "<group>"; };
		8C9EB06C2FB590FF0015F5D4 /* reflex.mm */ = {isa = PBXFileReference; lastKnownFileType = sourcecode.cpp.objcpp; path = reflex.mm; sourceTree = "<group>"; };
		8C9EB06D2FB590FF0015F5D4 /* screen.h */ = {isa = PBXFileReference; lastKnownFileType = sourcecode.c.h; path = screen.h; sourceTree = "<group>"; };
		8C9EB06E2FB590FF0015F5D4 /* screen.mm */ = {isa = PBXFileReference; lastKnownFileType = sourcecode.cpp.objcpp; path = screen.mm; sourceTree = "<group>"; };
		8C9EB06F2FB590FF0015F5D4 /* view_controller.h */ = {isa = PBXFileReference; lastKnownFileType = sourcecode.c.h; path = view_controller.h; sourceTree = "<group>"; };
		8C9EB0702FB590FF0015F5D4 /* view_controller.mm */ = {isa = PBXFileReference; lastKnownFileType = sourcecode.cpp.objcpp; path = view_controller.mm; sourceTree = "<group>"; };
		8C9EB0712FB590FF0015F5D4 /* window.h */ = {isa = PBXFileReference; lastKnownFileType = sourcecode.c.h; path = window.h; sourceTree = "<group>"; };
		8C9EB0722FB590FF0015F5D4 /* window.mm */ = {isa = PBXFileReference; lastKnownFileType = sourcecode.cpp.objcpp; path = window.mm; sourceTree = "<group>"; };
		8C9EB0A32FB590FF0015F5D4 /* application.h */ = {isa = PBXFileReference; lastKnownFileType = sourcecode.c.h; path = application.h; sourceTree = "<group>"; };
		8C9EB0A42FB590FF0015F5D4 /* application.cpp */ = {isa = PBXFileReference; lastKnownFileType = sourcecode.cpp.cpp; path = application.cpp; sourceTree = "<group>"; };
		8C9EB0A52FB590FF0015F5D4 /* body.h */ = {isa = PBXFileReference; lastKnownFileType = sourcecode.c.h; path = body.h; sourceTree = "<group>"; };
		8C9EB0A62FB590FF0015F5D4 /* body.cpp */ = {isa = PBXFileReference; lastKnownFileType = sourcecode.cpp.cpp; path = body.cpp; sourceTree = "<group>"; };
		8C9EB0A72FB590FF0015F5D4 /* device.cpp */ = {isa = PBXFileReference; lastKnownFileType = sourcecode.cpp.cpp; path = device.cpp; sourceTree = "<group>"; };
		8C9EB0A82FB590FF0015F5D4 /* event.h */ = {isa = PBXFileReference; lastKnownFileType = sourcecode.c.h; path = event.h; sourceTree = "<group>"; };
		8C9EB0A92FB590FF0015F5D4 /* event.cpp */ = {isa = PBXFileReference; lastKnownFileType = sourcecode.cpp.cpp; path = event.cpp; sourceTree = "<group>"; };
		8C9EB0AA2FB590FF0015F5D4 /* exception.cpp */ = {isa = PBXFileReference; lastKnownFileType = sourcecode.cpp.cpp; path = exception.cpp; sourceTree = "<group>"; };
		8C9EB0AB2FB590FF0015F5D4 /* filter.cpp */ = {isa = PBXFileReference; lastKnownFileType = sourcecode.cpp.cpp; path = filter.cpp; sourceTree = "<group>"; };
		8C9EB0AC2FB590FF0015F5D4 /* fixture.h */ = {isa = PBXFileReference; lastKnownFileType = sourcecode.c.h; path = fixture.h; sourceTree = "<group>"; };
		8C9EB0AD2FB590FF0015F5D4 /* fixture.cpp */ = {isa = PBXFileReference; lastKnownFileType = sourcecode.cpp.cpp; path = fixture.cpp; sourceTree = "<group>"; };
		8C9EB0AE2FB590FF0015F5D4 /* gamepad.h */ = {isa = PBXFileReference; lastKnownFileType = sourcecode.c.h; path = gamepad.h; sourceTree = "<group>"; };
		8C9EB0AF2FB590FF0015F5D4 /* gamepad.cpp */ = {isa = PBXFileReference; lastKnownFileType = sourcecode.cpp.cpp; path = gamepad.cpp; sourceTree = "<group>"; };
		8C9EB0B02FB590FF0015F5D4 /* image_view.cpp */ = {isa = PBXFileReference; lastKnownFileType = sourcecode.cpp.cpp; path = image_view.cpp; sourceTree = "<group>"; };
		8C9EB0B12FB590FF0015F5D4 /* midi.h */ = {isa = PBXFileReference; lastKnownFileType = sourcecode.c.h; path = midi.h; sourceTree = "<group>"; };
		8C9EB0B22FB590FF0015F5D4 /* midi.cpp */ = {isa = PBXFileReference; lastKnownFileType = sourcecode.cpp.cpp; path = midi.cpp; sourceTree = "<group>"; };
		8C9EB0B32FB590FF0015F5D4 /* pointer.h */ = {isa = PBXFileReference; lastKnownFileType = sourcecode.c.h; path = pointer.h; sourceTree = "<group>"; };
		8C9EB0B42FB590FF0015F5D4 /* pointer.cpp */ = {isa = PBXFileReference; lastKnownFileType = sourcecode.cpp.cpp; path = pointer.cpp; sourceTree = "<group>"; };
		8C9EB0B52FB590FF0015F5D4 /* queue.h */ = {isa = PBXFileReference; lastKnownFileType = sourcecode.c.h; path = queue.h; sourceTree = "<group>"; };
		8C9EB0B62FB590FF0015F5D4 /* reflex.cpp */ = {isa = PBXFileReference; lastKnownFileType = sourcecode.cpp.cpp; path = reflex.cpp; sourceTree = "<group>"; };
		8C9EB0B72FB590FF0015F5D4 /* selector.h */ = {isa = PBXFileReference; lastKnownFileType = sourcecode.c.h; path = selector.h; sourceTree = "<group>"; };
		8C9EB0B82FB590FF0015F5D4 /* selector.cpp */ = {isa = PBXFileReference; lastKnownFileType = sourcecode.cpp.cpp; path = selector.cpp; sourceTree = "<group>"; };
		8C9EB0B92FB590FF0015F5D4 /* shape.h */ = {isa = PBXFileReference; lastKnownFileType = sourcecode.c.h; path = shape.h; sourceTree = "<group>"; };
		8C9EB0BA2FB590FF0015F5D4 /* shape.cpp */ = {isa = PBXFileReference; lastKnownFileType = sourcecode.cpp.cpp; path = shape.cpp; sourceTree = "<group>"; };
		8C9EB0BB2FB590FF0015F5D4 /* style.h */ = {isa = PBXFileReference; lastKnownFileType = sourcecode.c.h; path = style.h; sourceTree = "<group>"; };
		8C9EB0BC2FB590FF0015F5D4 /* style.cpp */ = {isa = PBXFileReference; lastKnownFileType = sourcecode.cpp.cpp; path = style.cpp; sourceTree = "<group>"; };
		8C9EB0BD2FB590FF0015F5D4 /* timer.h */ = {isa = PBXFileReference; lastKnownFileType = sourcecode.c.h; path = timer.h; sourceTree = "<group>"; };
		8C9EB0BE2FB590FF0015F5D4 /* timer.cpp */ = {isa = PBXFileReference; lastKnownFileType = sourcecode.cpp.cpp; path = timer.cpp; sourceTree = "<group>"; };
		8C9EB0BF2FB590FF0015F5D4 /* view.h */ = {isa = PBXFileReference; lastKnownFileType = sourcecode.c.h; path = view.h; sourceTree = "<group>"; };
		8C9EB0C02FB590FF0015F5D4 /* view.cpp */ = {isa = PBXFileReference; lastKnownFileType = sourcecode.cpp.cpp; path = view.cpp; sourceTree = "<group>"; };
		8C9EB0C12FB590FF0015F5D4 /* window.h */ = {isa = PBXFileReference; lastKnownFileType = sourcecode.c.h; path = window.h; sourceTree = "<group>"; };
		8C9EB0C22FB590FF0015F5D4 /* window.cpp */ = {isa = PBXFileReference; lastKnownFileType = sourcecode.cpp.cpp; path = window.cpp; sourceTree = "<group>"; };
		8C9EB0C32FB590FF0015F5D4 /* world.h */ = {isa = PBXFileReference; lastKnownFileType = sourcecode.c.h; path = world.h; sourceTree = "<group>"; };
		8C9EB0C42FB590FF0015F5D4 /* world.cpp */ = {isa = PBXFileReference; lastKnownFileType = sourcecode.cpp.cpp; path = world.cpp; sourceTree = "<group>"; };
		8C9EB1B22FB591A90015F5D4 /* b2_broad_phase.cpp */ = {isa = PBXFileReference; lastKnownFileType = sourcecode.cpp.cpp; path = b2_broad_phase.cpp; sourceTree = "<group>"; };
		8C9EB1B42FB591A90015F5D4 /* b2_chain_shape.cpp */ = {isa = PBXFileReference; lastKnownFileType = sourcecode.cpp.cpp; path = b2_chain_shape.cpp; sourceTree = "<group>"; };
		8C9EB1B62FB591A90015F5D4 /* b2_circle_shape.cpp */ = {isa = PBXFileReference; lastKnownFileType = sourcecode.cpp.cpp; path = b2_circle_shape.cpp; sourceTree = "<group>"; };
		8C9EB1B82FB591A90015F5D4 /* b2_collide_circle.cpp */ = {isa = PBXFileReference; lastKnownFileType = sourcecode.cpp.cpp; path = b2_collide_circle.cpp; sourceTree = "<group>"; };
		8C9EB1BA2FB591A90015F5D4 /* b2_collide_edge.cpp */ = {isa = PBXFileReference; lastKnownFileType = sourcecode.cpp.cpp; path = b2_collide_edge.cpp; sourceTree = "<group>"; };
		8C9EB1BC2FB591A90015F5D4 /* b2_collide_polygon.cpp */ = {isa = PBXFileReference; lastKnownFileType = sourcecode.cpp.cpp; path = b2_collide_polygon.cpp; sourceTree = "<group>"; };
		8C9EB1BE2FB591A90015F5D4 /* b2_collision.cpp */ = {isa = PBXFileReference; lastKnownFileType = sourcecode.cpp.cpp; path = b2_collision.cpp; sourceTree = "<group>"; };
		8C9EB1C02FB591A90015F5D4 /* b2_distance.cpp */ = {isa = PBXFileReference; lastKnownFileType = sourcecode.cpp.cpp; path = b2_distance.cpp; sourceTree = "<group>"; };
		8C9EB1C22FB591A90015F5D4 /* b2_dynamic_tree.cpp */ = {isa = PBXFileReference; lastKnownFileType = sourcecode.cpp.cpp; path = b2_dynamic_tree.cpp; sourceTree = "<group>"; };
		8C9EB1C42FB591A90015F5D4 /* b2_edge_shape.cpp */ = {isa = PBXFileReference; lastKnownFileType = sourcecode.cpp.cpp; path = b2_edge_shape.cpp; sourceTree = "<group>"; };
		8C9EB1C62FB591A90015F5D4 /* b2_polygon_shape.cpp */ = {isa = PBXFileReference; lastKnownFileType = sourcecode.cpp.cpp; path = b2_polygon_shape.cpp; sourceTree = "<group>"; };
		8C9EB1C82FB591A90015F5D4 /* b2_time_of_impact.cpp */ = {isa = PBXFileReference; lastKnownFileType = sourcecode.cpp.cpp; path = b2_time_of_impact.cpp; sourceTree = "<group>"; };
		8C9EB1CB2FB591A90015F5D4 /* b2_block_allocator.cpp */ = {isa = PBXFileReference; lastKnownFileType = sourcecode.cpp.cpp; path = b2_block_allocator.cpp; sourceTree = "<group>"; };
		8C9EB1CD2FB591A90015F5D4 /* b2_draw.cpp */ = {isa = PBXFileReference; lastKnownFileType = sourcecode.cpp.cpp; path = b2_draw.cpp; sourceTree = "<group>"; };
		8C9EB1CF2FB591A90015F5D4 /* b2_math.cpp */ = {isa = PBXFileReference; lastKnownFileType = sourcecode.cpp.cpp; path = b2_math.cpp; sourceTree = "<group>"; };
		8C9EB1D12FB591A90015F5D4 /* b2_settings.cpp */ = {isa = PBXFileReference; lastKnownFileType = sourcecode.cpp.cpp; path = b2_settings.cpp; sourceTree = "<group>"; };
		8C9EB1D32FB591A90015F5D4 /* b2_stack_allocator.cpp */ = {isa = PBXFileReference; lastKnownFileType = sourcecode.cpp.cpp; path = b2_stack_allocator.cpp; sourceTree = "<group>"; };
		8C9EB1D52FB591A90015F5D4 /* b2_timer.cpp */ = {isa = PBXFileReference; lastKnownFileType = sourcecode.cpp.cpp; path = b2_timer.cpp; sourceTree = "<group>"; };
		8C9EB1D82FB591A90015F5D4 /* b2_body.cpp */ = {isa = PBXFileReference; lastKnownFileType = sourcecode.cpp.cpp; path = b2_body.cpp; sourceTree = "<group>"; };
		8C9EB1DB2FB591A90015F5D4 /* b2_chain_circle_contact.cpp */ = {isa = PBXFileReference; lastKnownFileType = sourcecode.cpp.cpp; path = b2_chain_circle_contact.cpp; sourceTree = "<group>"; };
		8C9EB1DE2FB591A90015F5D4 /* b2_chain_polygon_contact.cpp */ = {isa = PBXFileReference; lastKnownFileType = sourcecode.cpp.cpp; path = b2_chain_polygon_contact.cpp; sourceTree = "<group>"; };
		8C9EB1E12FB591A90015F5D4 /* b2_circle_contact.cpp */ = {isa = PBXFileReference; lastKnownFileType = sourcecode.cpp.cpp; path = b2_circle_contact.cpp; sourceTree = "<group>"; };
		8C9EB1E32FB591A90015F5D4 /* b2_contact.cpp */ = {isa = PBXFileReference; lastKnownFileType = sourcecode.cpp.cpp; path = b2_contact.cpp; sourceTree = "<group>"; };
		8C9EB1E52FB591A90015F5D4 /* b2_contact_manager.cpp */ = {isa = PBXFileReference; lastKnownFileType = sourcecode.cpp.cpp; path = b2_contact_manager.cpp; sourceTree = "<group>"; };
		8C9EB1E82FB591A90015F5D4 /* b2_contact_solver.cpp */ = {isa = PBXFileReference; lastKnownFileType = sourcecode.cpp.cpp; path = b2_contact_solver.cpp; sourceTree = "<group>"; };
		8C9EB1EA2FB591A90015F5D4 /* b2_distance_joint.cpp */ = {isa = PBXFileReference; lastKnownFileType = sourcecode.cpp.cpp; path = b2_distance_joint.cpp; sourceTree = "<group>"; };
		8C9EB1ED2FB591A90015F5D4 /* b2_edge_circle_contact.cpp */ = {isa = PBXFileReference; lastKnownFileType = sourcecode.cpp.cpp; path = b2_edge_circle_contact.cpp; sourceTree = "<group>"; };
		8C9EB1F02FB591A90015F5D4 /* b2_edge_polygon_contact.cpp */ = {isa = PBXFileReference; lastKnownFileType = sourcecode.cpp.cpp; path = b2_edge_polygon_contact.cpp; sourceTree = "<group>"; };
		8C9EB1F22FB591A90015F5D4 /* b2_fixture.cpp */ = {isa = PBXFileReference; lastKnownFileType = sourcecode.cpp.cpp; path = b2_fixture.cpp; sourceTree = "<group>"; };
		8C9EB1F42FB591A90015F5D4 /* b2_friction_joint.cpp */ = {isa = PBXFileReference; lastKnownFileType = sourcecode.cpp.cpp; path = b2_friction_joint.cpp; sourceTree = "<group>"; };
		8C9EB1F62FB591A90015F5D4 /* b2_gear_joint.cpp */ = {isa = PBXFileReference; lastKnownFileType = sourcecode.cpp.cpp; path = b2_gear_joint.cpp; sourceTree = "<group>"; };
		8C9EB1F92FB591A90015F5D4 /* b2_island.cpp */ = {isa = PBXFileReference; lastKnownFileType = sourcecode.cpp.cpp; path = b2_island.cpp; sourceTree = "<group>"; };
		8C9EB1FB2FB591A90015F5D4 /* b2_joint.cpp */ = {isa = PBXFileReference; lastKnownFileType = sourcecode.cpp.cpp; path = b2_joint.cpp; sourceTree = "<group>"; };
		8C9EB1FD2FB591A90015F5D4 /* b2_motor_joint.cpp */ = {isa = PBXFileReference; lastKnownFileType = sourcecode.cpp.cpp; path = b2_motor_joint.cpp; sourceTree = "<group>"; };
		8C9EB1FF2FB591A90015F5D4 /* b2_mouse_joint.cpp */ = {isa = PBXFileReference; lastKnownFileType = sourcecode.cpp.cpp; path = b2_mouse_joint.cpp; sourceTree = "<group>"; };
		8C9EB2022FB591A90015F5D4 /* b2_polygon_circle_contact.cpp */ = {isa = PBXFileReference; lastKnownFileType = sourcecode.cpp.cpp; path = b2_polygon_circle_contact.cpp; sourceTree = "<group>"; };
		8C9EB2052FB591A90015F5D4 /* b2_polygon_contact.cpp */ = {isa = PBXFileReference; lastKnownFileType = sourcecode.cpp.cpp; path = b2_polygon_contact.cpp; sourceTree = "<group>"; };
		8C9EB2072FB591A90015F5D4 /* b2_prismatic_joint.cpp */ = {isa = PBXFileReference; lastKnownFileType = sourcecode.cpp.cpp; path = b2_prismatic_joint.cpp; sourceTree = "<group>"; };
		8C9EB2092FB591A90015F5D4 /* b2_pulley_joint.cpp */ = {isa = PBXFileReference; lastKnownFileType = sourcecode.cpp.cpp; path = b2_pulley_joint.cpp; sourceTree = "<group>"; };
		8C9EB20B2FB591A90015F5D4 /* b2_revolute_joint.cpp */ = {isa = PBXFileReference; lastKnownFileType = sourcecode.cpp.cpp; path = b2_revolute_joint.cpp; sourceTree = "<group>"; };
		8C9EB20D2FB591A90015F5D4 /* b2_weld_joint.cpp */ = {isa = PBXFileReference; lastKnownFileType = sourcecode.cpp.cpp; path = b2_weld_joint.cpp; sourceTree = "<group>"; };
		8C9EB20F2FB591A90015F5D4 /* b2_wheel_joint.cpp */ = {isa = PBXFileReference; lastKnownFileType = sourcecode.cpp.cpp; path = b2_wheel_joint.cpp; sourceTree = "<group>"; };
		8C9EB2112FB591A90015F5D4 /* b2_world.cpp */ = {isa = PBXFileReference; lastKnownFileType = sourcecode.cpp.cpp; path = b2_world.cpp; sourceTree = "<group>"; };
		8C9EB2132FB591A90015F5D4 /* b2_world_callbacks.cpp */ = {isa = PBXFileReference; lastKnownFileType = sourcecode.cpp.cpp; path = b2_world_callbacks.cpp; sourceTree = "<group>"; };
		8C9EB2162FB591A90015F5D4 /* b2_rope.cpp */ = {isa = PBXFileReference; lastKnownFileType = sourcecode.cpp.cpp; path = b2_rope.cpp; sourceTree = "<group>"; };
		8C9EB2F52FB591A90015F5D4 /* RtMidi.cpp */ = {isa = PBXFileReference; lastKnownFileType = sourcecode.cpp.cpp; path = RtMidi.cpp; sourceTree = "<group>"; };
		8C9EB4AC2FB592500015F5D4 /* GameController.framework */ = {isa = PBXFileReference; lastKnownFileType = wrapper.framework; name = GameController.framework; path = System/Library/Frameworks/GameController.framework; sourceTree = SDKROOT; };
		8C9EB4AE2FB5928D0015F5D4 /* QuartzCore.framework */ = {isa = PBXFileReference; lastKnownFileType = wrapper.framework; name = QuartzCore.framework; path = System/Library/Frameworks/QuartzCore.framework; sourceTree = SDKROOT; };
		8C9EB4B02FB592950015F5D4 /* CoreMotion.framework */ = {isa = PBXFileReference; lastKnownFileType = wrapper.framework; name = CoreMotion.framework; path = System/Library/Frameworks/CoreMotion.framework; sourceTree = SDKROOT; };
		8C9EB4B22FB595B80015F5D4 /* CoreMIDI.framework */ = {isa = PBXFileReference; lastKnownFileType = wrapper.framework; name = CoreMIDI.framework; path = System/Library/Frameworks/CoreMIDI.framework; sourceTree = SDKROOT; };
		8C9EB4B42FB6D07F0015F5D4 /* debug.h */ = {isa = PBXFileReference; lastKnownFileType = sourcecode.c.h; path = debug.h; sourceTree = "<group>"; };
		8C9EB4B52FB6D07F0015F5D4 /* defs.h */ = {isa = PBXFileReference; lastKnownFileType = sourcecode.c.h; path = defs.h; sourceTree = "<group>"; };
		8C9EB4B62FB6D07F0015F5D4 /* exception.h */ = {isa = PBXFileReference; lastKnownFileType = sourcecode.c.h; path = exception.h; sourceTree = "<group>"; };
		8C9EB4B72FB6D07F0015F5D4 /* noncopyable.h */ = {isa = PBXFileReference; lastKnownFileType = sourcecode.c.h; path = noncopyable.h; sourceTree = "<group>"; };
		8C9EB4B82FB6D07F0015F5D4 /* pimpl.h */ = {isa = PBXFileReference; lastKnownFileType = sourcecode.c.h; path = pimpl.h; sourceTree = "<group>"; };
		8C9EB4B92FB6D07F0015F5D4 /* ref.h */ = {isa = PBXFileReference; lastKnownFileType = sourcecode.c.h; path = ref.h; sourceTree = "<group>"; };
		8C9EB4BA2FB6D07F0015F5D4 /* string.h */ = {isa = PBXFileReference; lastKnownFileType = sourcecode.c.h; path = string.h; sourceTree = "<group>"; };
		8C9EB4BB2FB6D07F0015F5D4 /* time.h */ = {isa = PBXFileReference; lastKnownFileType = sourcecode.c.h; path = time.h; sourceTree = "<group>"; };
		8C9EB4BC2FB6D07F0015F5D4 /* util.h */ = {isa = PBXFileReference; lastKnownFileType = sourcecode.c.h; path = util.h; sourceTree = "<group>"; };
		8C9EB4BD2FB6D07F0015F5D4 /* windows.h */ = {isa = PBXFileReference; lastKnownFileType = sourcecode.c.h; path = windows.h; sourceTree = "<group>"; };
		8C9EB4BF2FB6D07F0015F5D4 /* xot.h */ = {isa = PBXFileReference; lastKnownFileType = sourcecode.c.h; path = xot.h; sourceTree = "<group>"; };
		8C9EB4C12FB6D0910015F5D4 /* debug.cpp */ = {isa = PBXFileReference; lastKnownFileType = sourcecode.cpp.cpp; path = debug.cpp; sourceTree = "<group>"; };
		8C9EB4C32FB6D0910015F5D4 /* exception.cpp */ = {isa = PBXFileReference; lastKnownFileType = sourcecode.cpp.cpp; path = exception.cpp; sourceTree = "<group>"; };
		8C9EB4C52FB6D0910015F5D4 /* string.cpp */ = {isa = PBXFileReference; lastKnownFileType = sourcecode.cpp.cpp; path = string.cpp; sourceTree = "<group>"; };
		8C9EB4C72FB6D0910015F5D4 /* time.cpp */ = {isa = PBXFileReference; lastKnownFileType = sourcecode.cpp.cpp; path = time.cpp; sourceTree = "<group>"; };
		8C9EB4C92FB6D0910015F5D4 /* util.cpp */ = {isa = PBXFileReference; lastKnownFileType = sourcecode.cpp.cpp; path = util.cpp; sourceTree = "<group>"; };
/* End PBXFileReference section */

/* Begin PBXFrameworksBuildPhase section */
		83688646194AA5B100923B8B /* Frameworks */ = {
			isa = PBXFrameworksBuildPhase;
			buildActionMask = 2147483647;
			files = (
				8332B7B6195AF6D0001B79BD /* MobileCoreServices.framework in Frameworks */,
				8C9EAFC02FB590260015F5D4 /* CoreMedia.framework in Frameworks */,
				8C9EB4AF2FB5928D0015F5D4 /* QuartzCore.framework in Frameworks */,
				8C9EB4AD2FB592500015F5D4 /* GameController.framework in Frameworks */,
				8332B7B4195AF5CD001B79BD /* ImageIO.framework in Frameworks */,
				8C9EAFBC2FB58FF70015F5D4 /* AVFoundation.framework in Frameworks */,
				8332B7B2195AF116001B79BD /* CoreText.framework in Frameworks */,
				83688655194AA5B100923B8B /* OpenGLES.framework in Frameworks */,
				8368864F194AA5B100923B8B /* CoreGraphics.framework in Frameworks */,
				83688651194AA5B100923B8B /* UIKit.framework in Frameworks */,
				8C9EB4B32FB595B80015F5D4 /* CoreMIDI.framework in Frameworks */,
				8C9EAFBE2FB590060015F5D4 /* CoreImage.framework in Frameworks */,
				83688653194AA5B100923B8B /* GLKit.framework in Frameworks */,
				8368864D194AA5B100923B8B /* Foundation.framework in Frameworks */,
				8C9EB4B12FB592950015F5D4 /* CoreMotion.framework in Frameworks */,
				8C9EAFC22FB5902F0015F5D4 /* CoreVideo.framework in Frameworks */,
			);
			runOnlyForDeploymentPostprocessing = 0;
		};
/* End PBXFrameworksBuildPhase section */

/* Begin PBXGroup section */
		83688640194AA5B100923B8B = {
			isa = PBXGroup;
			children = (
				83688656194AA5B100923B8B /* hello */,
				8368864B194AA5B100923B8B /* Frameworks */,
				8368864A194AA5B100923B8B /* Products */,
			);
			sourceTree = "<group>";
		};
		8368864A194AA5B100923B8B /* Products */ = {
			isa = PBXGroup;
			children = (
				83688649194AA5B100923B8B /* hello.app */,
			);
			name = Products;
			sourceTree = "<group>";
		};
		8368864B194AA5B100923B8B /* Frameworks */ = {
			isa = PBXGroup;
			children = (
				8C9EB4B22FB595B80015F5D4 /* CoreMIDI.framework */,
				8C9EB4B02FB592950015F5D4 /* CoreMotion.framework */,
				8C9EB4AE2FB5928D0015F5D4 /* QuartzCore.framework */,
				8C9EB4AC2FB592500015F5D4 /* GameController.framework */,
				8C9EAFC12FB5902F0015F5D4 /* CoreVideo.framework */,
				8C9EAFBF2FB590260015F5D4 /* CoreMedia.framework */,
				8C9EAFBD2FB590060015F5D4 /* CoreImage.framework */,
				8C9EAFBB2FB58FF70015F5D4 /* AVFoundation.framework */,
				8332B7B5195AF6D0001B79BD /* MobileCoreServices.framework */,
				8332B7B3195AF5CD001B79BD /* ImageIO.framework */,
				8332B7B1195AF116001B79BD /* CoreText.framework */,
				8368864C194AA5B100923B8B /* Foundation.framework */,
				8368864E194AA5B100923B8B /* CoreGraphics.framework */,
				83688650194AA5B100923B8B /* UIKit.framework */,
				83688652194AA5B100923B8B /* GLKit.framework */,
				83688654194AA5B100923B8B /* OpenGLES.framework */,
			);
			name = Frameworks;
			sourceTree = "<group>";
		};
		83688656194AA5B100923B8B /* hello */ = {
			isa = PBXGroup;
			children = (
				8368868C194AACCA00923B8B /* xot */,
				836886A1194AB05900923B8B /* rays */,
				8375D4D2196E839000BCFDDC /* reflex */,
				83688657194AA5B100923B8B /* etc */,
				832CF766197F457C0024BB50 /* main.cpp */,
			);
			path = hello;
			sourceTree = "<group>";
		};
		83688657194AA5B100923B8B /* etc */ = {
			isa = PBXGroup;
			children = (
				8368866F194AA5B100923B8B /* Images.xcassets */,
				83688658194AA5B100923B8B /* hello-Info.plist */,
				83688659194AA5B100923B8B /* InfoPlist.strings */,
				8368865E194AA5B100923B8B /* hello-Prefix.pch */,
			);
			name = etc;
			sourceTree = "<group>";
		};
		8368868C194AACCA00923B8B /* xot */ = {
			isa = PBXGroup;
			children = (
				8C9EB4C02FB6D07F0015F5D4 /* include */,
				8C9EB4CB2FB6D0910015F5D4 /* src */,
			);
			name = xot;
			sourceTree = "<group>";
		};
		836886A1194AB05900923B8B /* rays */ = {
			isa = PBXGroup;
			children = (
				8C9E9B672FB58BAB0015F5D4 /* include */,
				8C9E9BB32FB58BBD0015F5D4 /* src */,
				8C9EA70B2FB58E740015F5D4 /* vendor */,
			);
			name = rays;
			sourceTree = "<group>";
		};
		8375D4D2196E839000BCFDDC /* reflex */ = {
			isa = PBXGroup;
			children = (
				8C9EAFEB2FB5906B0015F5D4 /* include */,
				8C9EB0C52FB590FF0015F5D4 /* src */,
				8C9EB32B2FB591A90015F5D4 /* vendor */,
			);
			name = reflex;
			sourceTree = "<group>";
		};
		8C9E9B652FB58BAB0015F5D4 /* rays */ = {
			isa = PBXGroup;
			children = (
				8C9E9B512FB58BAB0015F5D4 /* bitmap.h */,
				8C9E9B522FB58BAB0015F5D4 /* bounds.h */,
				8C9E9B532FB58BAB0015F5D4 /* camera.h */,
				8C9E9B542FB58BAB0015F5D4 /* color.h */,
				8C9E9B552FB58BAB0015F5D4 /* color_space.h */,
				8C9E9B562FB58BAB0015F5D4 /* coord.h */,
				8C9E9B572FB58BAB0015F5D4 /* debug.h */,
				8C9E9B582FB58BAB0015F5D4 /* defs.h */,
				8C9E9B592FB58BAB0015F5D4 /* exception.h */,
				8C9E9B5A2FB58BAB0015F5D4 /* font.h */,
				8C9E9B5B2FB58BAB0015F5D4 /* image.h */,
				8C9E9B5C2FB58BAB0015F5D4 /* matrix.h */,
				8C9E9B5D2FB58BAB0015F5D4 /* painter.h */,
				8C9E9B5E2FB58BAB0015F5D4 /* point.h */,
				8C9E9B5F2FB58BAB0015F5D4 /* polygon.h */,
				8C9E9B602FB58BAB0015F5D4 /* polyline.h */,
				8C9E9B612FB58BAB0015F5D4 /* rays.h */,
				8C9E9B622FB58BAB0015F5D4 /* ruby.h */,
				8C9E9B632FB58BAB0015F5D4 /* shader.h */,
				8C9E9B642FB58BAB0015F5D4 /* util.h */,
			);
			path = rays;
			sourceTree = "<group>";
		};
		8C9E9B672FB58BAB0015F5D4 /* include */ = {
			isa = PBXGroup;
			children = (
				8C9E9B652FB58BAB0015F5D4 /* rays */,
				8C9E9B662FB58BAB0015F5D4 /* rays.h */,
			);
			name = include;
			path = /Users/nori/dev/all.claude/ios_mouse_and_key_event/rays/include;
			sourceTree = "<absolute>";
		};
		8C9E9B6D2FB58BBD0015F5D4 /* ios */ = {
			isa = PBXGroup;
			children = (
				8C9E9B682FB58BBD0015F5D4 /* bitmap.h */,
				8C9E9B692FB58BBD0015F5D4 /* bitmap.mm */,
				8C9E9B6A2FB58BBD0015F5D4 /* camera.mm */,
				8C9E9B6B2FB58BBD0015F5D4 /* font.mm */,
				8C9E9B6C2FB58BBD0015F5D4 /* rays.mm */,
			);
			path = ios;
			sourceTree = "<group>";
		};
		8C9E9B6F2FB58BBD0015F5D4 /* ios */ = {
			isa = PBXGroup;
			children = (
				8C9E9B6E2FB58BBD0015F5D4 /* opengl.mm */,
			);
			path = ios;
			sourceTree = "<group>";
		};
		8C9E9B882FB58BBD0015F5D4 /* opengl */ = {
			isa = PBXGroup;
			children = (
				8C9E9B6F2FB58BBD0015F5D4 /* ios */,
				8C9E9B762FB58BBD0015F5D4 /* bitmap.cpp */,
				8C9E9B772FB58BBD0015F5D4 /* color_space.h */,
				8C9E9B782FB58BBD0015F5D4 /* color_space.cpp */,
				8C9E9B792FB58BBD0015F5D4 /* frame_buffer.h */,
				8C9E9B7A2FB58BBD0015F5D4 /* frame_buffer.cpp */,
				8C9E9B7B2FB58BBD0015F5D4 /* opengl.h */,
				8C9E9B7C2FB58BBD0015F5D4 /* opengl.cpp */,
				8C9E9B7D2FB58BBD0015F5D4 /* painter.cpp */,
				8C9E9B7E2FB58BBD0015F5D4 /* render_buffer.h */,
				8C9E9B7F2FB58BBD0015F5D4 /* render_buffer.cpp */,
				8C9E9B802FB58BBD0015F5D4 /* shader.h */,
				8C9E9B812FB58BBD0015F5D4 /* shader.cpp */,
				8C9E9B822FB58BBD0015F5D4 /* shader_program.h */,
				8C9E9B832FB58BBD0015F5D4 /* shader_program.cpp */,
				8C9E9B842FB58BBD0015F5D4 /* shader_source.h */,
				8C9E9B852FB58BBD0015F5D4 /* shader_source.cpp */,
				8C9E9B862FB58BBD0015F5D4 /* texture.h */,
				8C9E9B872FB58BBD0015F5D4 /* texture.cpp */,
			);
			path = opengl;
			sourceTree = "<group>";
		};
		8C9E9BB32FB58BBD0015F5D4 /* src */ = {
			isa = PBXGroup;
			children = (
				8C9E9B6D2FB58BBD0015F5D4 /* ios */,
				8C9E9B882FB58BBD0015F5D4 /* opengl */,
				8C9E9B9B2FB58BBD0015F5D4 /* bitmap.h */,
				8C9E9B9C2FB58BBD0015F5D4 /* bounds.cpp */,
				8C9E9B9D2FB58BBD0015F5D4 /* color.cpp */,
				8C9E9B9E2FB58BBD0015F5D4 /* color_space.cpp */,
				8C9E9B9F2FB58BBD0015F5D4 /* coord.h */,
				8C9E9BA02FB58BBD0015F5D4 /* coord.cpp */,
				8C9E9BA12FB58BBD0015F5D4 /* exception.cpp */,
				8C9E9BA22FB58BBD0015F5D4 /* font.h */,
				8C9E9BA32FB58BBD0015F5D4 /* font.cpp */,
				8C9E9BA42FB58BBD0015F5D4 /* glm.h */,
				8C9E9BA52FB58BBD0015F5D4 /* image.h */,
				8C9E9BA62FB58BBD0015F5D4 /* image.cpp */,
				8C9E9BA72FB58BBD0015F5D4 /* matrix.h */,
				8C9E9BA82FB58BBD0015F5D4 /* matrix.cpp */,
				8C9E9BA92FB58BBD0015F5D4 /* painter.h */,
				8C9E9BAA2FB58BBD0015F5D4 /* painter.cpp */,
				8C9E9BAB2FB58BBD0015F5D4 /* point.cpp */,
				8C9E9BAC2FB58BBD0015F5D4 /* polygon.h */,
				8C9E9BAD2FB58BBD0015F5D4 /* polygon.cpp */,
				8C9E9BAE2FB58BBD0015F5D4 /* polyline.h */,
				8C9E9BAF2FB58BBD0015F5D4 /* polyline.cpp */,
				8C9E9BB02FB58BBD0015F5D4 /* renderer.h */,
				8C9E9BB12FB58BBD0015F5D4 /* texture.h */,
				8C9E9BB22FB58BBD0015F5D4 /* util.cpp */,
			);
			name = src;
			path = /Users/nori/dev/all.claude/ios_mouse_and_key_event/rays/src;
			sourceTree = "<absolute>";
		};
		8C9E9C642FB58E740015F5D4 /* cpp */ = {
			isa = PBXGroup;
			children = (
				8C9E9C602FB58E740015F5D4 /* clipper.cpp */,
			);
			path = cpp;
			sourceTree = "<group>";
		};
		8C9E9D6C2FB58E740015F5D4 /* clipper */ = {
			isa = PBXGroup;
			children = (
				8C9E9C642FB58E740015F5D4 /* cpp */,
			);
			path = clipper;
			sourceTree = "<group>";
		};
		8C9EA70A2FB58E740015F5D4 /* splines-lib */ = {
			isa = PBXGroup;
			children = (
				8C9EA7072FB58E740015F5D4 /* Splines.cpp */,
			);
			path = "splines-lib";
			sourceTree = "<group>";
		};
		8C9EA70B2FB58E740015F5D4 /* vendor */ = {
			isa = PBXGroup;
			children = (
				8C9E9D6C2FB58E740015F5D4 /* clipper */,
				8C9EA70A2FB58E740015F5D4 /* splines-lib */,
			);
			name = vendor;
			path = /Users/nori/dev/all.claude/ios_mouse_and_key_event/rays/vendor;
			sourceTree = "<absolute>";
		};
		8C9EAFE92FB5906B0015F5D4 /* reflex */ = {
			isa = PBXGroup;
			children = (
				8C9EAFD52FB5906B0015F5D4 /* application.h */,
				8C9EAFD62FB5906B0015F5D4 /* debug.h */,
				8C9EAFD72FB5906B0015F5D4 /* defs.h */,
				8C9EAFD82FB5906B0015F5D4 /* device.h */,
				8C9EAFD92FB5906B0015F5D4 /* event.h */,
				8C9EAFDA2FB5906B0015F5D4 /* exception.h */,
				8C9EAFDB2FB5906B0015F5D4 /* filter.h */,
				8C9EAFDC2FB5906B0015F5D4 /* gamepad.h */,
				8C9EAFDD2FB5906B0015F5D4 /* image_view.h */,
				8C9EAFDE2FB5906B0015F5D4 /* midi.h */,
				8C9EAFDF2FB5906B0015F5D4 /* pointer.h */,
				8C9EAFE02FB5906B0015F5D4 /* reflex.h */,
				8C9EAFE12FB5906B0015F5D4 /* ruby.h */,
				8C9EAFE22FB5906B0015F5D4 /* screen.h */,
				8C9EAFE32FB5906B0015F5D4 /* selector.h */,
				8C9EAFE42FB5906B0015F5D4 /* shape.h */,
				8C9EAFE52FB5906B0015F5D4 /* style.h */,
				8C9EAFE62FB5906B0015F5D4 /* timer.h */,
				8C9EAFE72FB5906B0015F5D4 /* view.h */,
				8C9EAFE82FB5906B0015F5D4 /* window.h */,
			);
			path = reflex;
			sourceTree = "<group>";
		};
		8C9EAFEB2FB5906B0015F5D4 /* include */ = {
			isa = PBXGroup;
			children = (
				8C9EAFE92FB5906B0015F5D4 /* reflex */,
				8C9EAFEA2FB5906B0015F5D4 /* reflex.h */,
			);
			name = include;
			path = /Users/nori/dev/all.claude/ios_mouse_and_key_event/reflex/include;
			sourceTree = "<absolute>";
		};
		8C9EB0732FB590FF0015F5D4 /* ios */ = {
			isa = PBXGroup;
			children = (
				8C9EB0642FB590FF0015F5D4 /* app_delegate.h */,
				8C9EB0652FB590FF0015F5D4 /* app_delegate.mm */,
				8C9EB0662FB590FF0015F5D4 /* application.h */,
				8C9EB0672FB590FF0015F5D4 /* application.mm */,
				8C9EB0682FB590FF0015F5D4 /* device.mm */,
				8C9EB0692FB590FF0015F5D4 /* event.h */,
				8C9EB06A2FB590FF0015F5D4 /* event.mm */,
				8C9EB06B2FB590FF0015F5D4 /* gamepad.mm */,
				8C9EB06C2FB590FF0015F5D4 /* reflex.mm */,
				8C9EB06D2FB590FF0015F5D4 /* screen.h */,
				8C9EB06E2FB590FF0015F5D4 /* screen.mm */,
				8C9EB06F2FB590FF0015F5D4 /* view_controller.h */,
				8C9EB0702FB590FF0015F5D4 /* view_controller.mm */,
				8C9EB0712FB590FF0015F5D4 /* window.h */,
				8C9EB0722FB590FF0015F5D4 /* window.mm */,
			);
			path = ios;
			sourceTree = "<group>";
		};
		8C9EB0C52FB590FF0015F5D4 /* src */ = {
			isa = PBXGroup;
			children = (
				8C9EB0732FB590FF0015F5D4 /* ios */,
				8C9EB0A32FB590FF0015F5D4 /* application.h */,
				8C9EB0A42FB590FF0015F5D4 /* application.cpp */,
				8C9EB0A52FB590FF0015F5D4 /* body.h */,
				8C9EB0A62FB590FF0015F5D4 /* body.cpp */,
				8C9EB0A72FB590FF0015F5D4 /* device.cpp */,
				8C9EB0A82FB590FF0015F5D4 /* event.h */,
				8C9EB0A92FB590FF0015F5D4 /* event.cpp */,
				8C9EB0AA2FB590FF0015F5D4 /* exception.cpp */,
				8C9EB0AB2FB590FF0015F5D4 /* filter.cpp */,
				8C9EB0AC2FB590FF0015F5D4 /* fixture.h */,
				8C9EB0AD2FB590FF0015F5D4 /* fixture.cpp */,
				8C9EB0AE2FB590FF0015F5D4 /* gamepad.h */,
				8C9EB0AF2FB590FF0015F5D4 /* gamepad.cpp */,
				8C9EB0B02FB590FF0015F5D4 /* image_view.cpp */,
				8C9EB0B12FB590FF0015F5D4 /* midi.h */,
				8C9EB0B22FB590FF0015F5D4 /* midi.cpp */,
				8C9EB0B32FB590FF0015F5D4 /* pointer.h */,
				8C9EB0B42FB590FF0015F5D4 /* pointer.cpp */,
				8C9EB0B52FB590FF0015F5D4 /* queue.h */,
				8C9EB0B62FB590FF0015F5D4 /* reflex.cpp */,
				8C9EB0B72FB590FF0015F5D4 /* selector.h */,
				8C9EB0B82FB590FF0015F5D4 /* selector.cpp */,
				8C9EB0B92FB590FF0015F5D4 /* shape.h */,
				8C9EB0BA2FB590FF0015F5D4 /* shape.cpp */,
				8C9EB0BB2FB590FF0015F5D4 /* style.h */,
				8C9EB0BC2FB590FF0015F5D4 /* style.cpp */,
				8C9EB0BD2FB590FF0015F5D4 /* timer.h */,
				8C9EB0BE2FB590FF0015F5D4 /* timer.cpp */,
				8C9EB0BF2FB590FF0015F5D4 /* view.h */,
				8C9EB0C02FB590FF0015F5D4 /* view.cpp */,
				8C9EB0C12FB590FF0015F5D4 /* window.h */,
				8C9EB0C22FB590FF0015F5D4 /* window.cpp */,
				8C9EB0C32FB590FF0015F5D4 /* world.h */,
				8C9EB0C42FB590FF0015F5D4 /* world.cpp */,
			);
			name = src;
			path = /Users/nori/dev/all.claude/ios_mouse_and_key_event/reflex/src;
			sourceTree = "<absolute>";
		};
		8C9EB1CA2FB591A90015F5D4 /* collision */ = {
			isa = PBXGroup;
			children = (
				8C9EB1B22FB591A90015F5D4 /* b2_broad_phase.cpp */,
				8C9EB1B42FB591A90015F5D4 /* b2_chain_shape.cpp */,
				8C9EB1B62FB591A90015F5D4 /* b2_circle_shape.cpp */,
				8C9EB1B82FB591A90015F5D4 /* b2_collide_circle.cpp */,
				8C9EB1BA2FB591A90015F5D4 /* b2_collide_edge.cpp */,
				8C9EB1BC2FB591A90015F5D4 /* b2_collide_polygon.cpp */,
				8C9EB1BE2FB591A90015F5D4 /* b2_collision.cpp */,
				8C9EB1C02FB591A90015F5D4 /* b2_distance.cpp */,
				8C9EB1C22FB591A90015F5D4 /* b2_dynamic_tree.cpp */,
				8C9EB1C42FB591A90015F5D4 /* b2_edge_shape.cpp */,
				8C9EB1C62FB591A90015F5D4 /* b2_polygon_shape.cpp */,
				8C9EB1C82FB591A90015F5D4 /* b2_time_of_impact.cpp */,
			);
			path = collision;
			sourceTree = "<group>";
		};
		8C9EB1D72FB591A90015F5D4 /* common */ = {
			isa = PBXGroup;
			children = (
				8C9EB1CB2FB591A90015F5D4 /* b2_block_allocator.cpp */,
				8C9EB1CD2FB591A90015F5D4 /* b2_draw.cpp */,
				8C9EB1CF2FB591A90015F5D4 /* b2_math.cpp */,
				8C9EB1D12FB591A90015F5D4 /* b2_settings.cpp */,
				8C9EB1D32FB591A90015F5D4 /* b2_stack_allocator.cpp */,
				8C9EB1D52FB591A90015F5D4 /* b2_timer.cpp */,
			);
			path = common;
			sourceTree = "<group>";
		};
		8C9EB2152FB591A90015F5D4 /* dynamics */ = {
			isa = PBXGroup;
			children = (
				8C9EB1D82FB591A90015F5D4 /* b2_body.cpp */,
				8C9EB1DB2FB591A90015F5D4 /* b2_chain_circle_contact.cpp */,
				8C9EB1DE2FB591A90015F5D4 /* b2_chain_polygon_contact.cpp */,
				8C9EB1E12FB591A90015F5D4 /* b2_circle_contact.cpp */,
				8C9EB1E32FB591A90015F5D4 /* b2_contact.cpp */,
				8C9EB1E52FB591A90015F5D4 /* b2_contact_manager.cpp */,
				8C9EB1E82FB591A90015F5D4 /* b2_contact_solver.cpp */,
				8C9EB1EA2FB591A90015F5D4 /* b2_distance_joint.cpp */,
				8C9EB1ED2FB591A90015F5D4 /* b2_edge_circle_contact.cpp */,
				8C9EB1F02FB591A90015F5D4 /* b2_edge_polygon_contact.cpp */,
				8C9EB1F22FB591A90015F5D4 /* b2_fixture.cpp */,
				8C9EB1F42FB591A90015F5D4 /* b2_friction_joint.cpp */,
				8C9EB1F62FB591A90015F5D4 /* b2_gear_joint.cpp */,
				8C9EB1F92FB591A90015F5D4 /* b2_island.cpp */,
				8C9EB1FB2FB591A90015F5D4 /* b2_joint.cpp */,
				8C9EB1FD2FB591A90015F5D4 /* b2_motor_joint.cpp */,
				8C9EB1FF2FB591A90015F5D4 /* b2_mouse_joint.cpp */,
				8C9EB2022FB591A90015F5D4 /* b2_polygon_circle_contact.cpp */,
				8C9EB2052FB591A90015F5D4 /* b2_polygon_contact.cpp */,
				8C9EB2072FB591A90015F5D4 /* b2_prismatic_joint.cpp */,
				8C9EB2092FB591A90015F5D4 /* b2_pulley_joint.cpp */,
				8C9EB20B2FB591A90015F5D4 /* b2_revolute_joint.cpp */,
				8C9EB20D2FB591A90015F5D4 /* b2_weld_joint.cpp */,
				8C9EB20F2FB591A90015F5D4 /* b2_wheel_joint.cpp */,
				8C9EB2112FB591A90015F5D4 /* b2_world.cpp */,
				8C9EB2132FB591A90015F5D4 /* b2_world_callbacks.cpp */,
			);
			path = dynamics;
			sourceTree = "<group>";
		};
		8C9EB2182FB591A90015F5D4 /* rope */ = {
			isa = PBXGroup;
			children = (
				8C9EB2162FB591A90015F5D4 /* b2_rope.cpp */,
			);
			path = rope;
			sourceTree = "<group>";
		};
		8C9EB21A2FB591A90015F5D4 /* src */ = {
			isa = PBXGroup;
			children = (
				8C9EB1CA2FB591A90015F5D4 /* collision */,
				8C9EB1D72FB591A90015F5D4 /* common */,
				8C9EB2152FB591A90015F5D4 /* dynamics */,
				8C9EB2182FB591A90015F5D4 /* rope */,
			);
			path = src;
			sourceTree = "<group>";
		};
		8C9EB2782FB591A90015F5D4 /* box2d */ = {
			isa = PBXGroup;
			children = (
				8C9EB21A2FB591A90015F5D4 /* src */,
			);
			path = box2d;
			sourceTree = "<group>";
		};
		8C9EB2F72FB591A90015F5D4 /* rtmidi */ = {
			isa = PBXGroup;
			children = (
				8C9EB2F52FB591A90015F5D4 /* RtMidi.cpp */,
			);
			path = rtmidi;
			sourceTree = "<group>";
		};
		8C9EB32A2FB591A90015F5D4 /* rtmidi */ = {
			isa = PBXGroup;
			children = (
				8C9EB2F72FB591A90015F5D4 /* rtmidi */,
			);
			path = rtmidi;
			sourceTree = "<group>";
		};
		8C9EB32B2FB591A90015F5D4 /* vendor */ = {
			isa = PBXGroup;
			children = (
				8C9EB2782FB591A90015F5D4 /* box2d */,
				8C9EB32A2FB591A90015F5D4 /* rtmidi */,
			);
			name = vendor;
			path = /Users/nori/dev/all.claude/ios_mouse_and_key_event/reflex/vendor;
			sourceTree = "<absolute>";
		};
		8C9EB4BE2FB6D07F0015F5D4 /* xot */ = {
			isa = PBXGroup;
			children = (
				8C9EB4B42FB6D07F0015F5D4 /* debug.h */,
				8C9EB4B52FB6D07F0015F5D4 /* defs.h */,
				8C9EB4B62FB6D07F0015F5D4 /* exception.h */,
				8C9EB4B72FB6D07F0015F5D4 /* noncopyable.h */,
				8C9EB4B82FB6D07F0015F5D4 /* pimpl.h */,
				8C9EB4B92FB6D07F0015F5D4 /* ref.h */,
				8C9EB4BA2FB6D07F0015F5D4 /* string.h */,
				8C9EB4BB2FB6D07F0015F5D4 /* time.h */,
				8C9EB4BC2FB6D07F0015F5D4 /* util.h */,
				8C9EB4BD2FB6D07F0015F5D4 /* windows.h */,
			);
			path = xot;
			sourceTree = "<group>";
		};
		8C9EB4C02FB6D07F0015F5D4 /* include */ = {
			isa = PBXGroup;
			children = (
				8C9EB4BE2FB6D07F0015F5D4 /* xot */,
				8C9EB4BF2FB6D07F0015F5D4 /* xot.h */,
			);
			name = include;
			path = /Users/nori/dev/all.claude/ios_mouse_and_key_event/xot/include;
			sourceTree = "<absolute>";
		};
		8C9EB4CB2FB6D0910015F5D4 /* src */ = {
			isa = PBXGroup;
			children = (
				8C9EB4C12FB6D0910015F5D4 /* debug.cpp */,
				8C9EB4C32FB6D0910015F5D4 /* exception.cpp */,
				8C9EB4C52FB6D0910015F5D4 /* string.cpp */,
				8C9EB4C72FB6D0910015F5D4 /* time.cpp */,
				8C9EB4C92FB6D0910015F5D4 /* util.cpp */,
			);
			name = src;
			path = /Users/nori/dev/all.claude/ios_mouse_and_key_event/xot/src;
			sourceTree = "<absolute>";
		};
/* End PBXGroup section */

/* Begin PBXNativeTarget section */
		83688648194AA5B100923B8B /* hello */ = {
			isa = PBXNativeTarget;
			buildConfigurationList = 83688686194AA5B100923B8B /* Build configuration list for PBXNativeTarget "hello" */;
			buildPhases = (
				83688645194AA5B100923B8B /* Sources */,
				83688646194AA5B100923B8B /* Frameworks */,
				83688647194AA5B100923B8B /* Resources */,
			);
			buildRules = (
			);
			dependencies = (
			);
			name = hello;
			productName = hello;
			productReference = 83688649194AA5B100923B8B /* hello.app */;
			productType = "com.apple.product-type.application";
		};
/* End PBXNativeTarget section */

/* Begin PBXProject section */
		83688641194AA5B100923B8B /* Project object */ = {
			isa = PBXProject;
			attributes = {
				LastUpgradeCheck = 0510;
				ORGANIZATIONNAME = xord.org;
			};
			buildConfigurationList = 83688644194AA5B100923B8B /* Build configuration list for PBXProject "hello" */;
			compatibilityVersion = "Xcode 3.2";
			developmentRegion = English;
			hasScannedForEncodings = 0;
			knownRegions = (
				English,
				en,
				Base,
			);
			mainGroup = 83688640194AA5B100923B8B;
			productRefGroup = 8368864A194AA5B100923B8B /* Products */;
			projectDirPath = "";
			projectRoot = "";
			targets = (
				83688648194AA5B100923B8B /* hello */,
			);
		};
/* End PBXProject section */

/* Begin PBXResourcesBuildPhase section */
		83688647194AA5B100923B8B /* Resources */ = {
			isa = PBXResourcesBuildPhase;
			buildActionMask = 2147483647;
			files = (
				83688670194AA5B100923B8B /* Images.xcassets in Resources */,
				8368865B194AA5B100923B8B /* InfoPlist.strings in Resources */,
			);
			runOnlyForDeploymentPostprocessing = 0;
		};
/* End PBXResourcesBuildPhase section */

/* Begin PBXSourcesBuildPhase section */
		83688645194AA5B100923B8B /* Sources */ = {
			isa = PBXSourcesBuildPhase;
			buildActionMask = 2147483647;
			files = (
				8C9E9BB42FB58BBD0015F5D4 /* camera.mm in Sources */,
				8C9E9BB62FB58BBD0015F5D4 /* painter.cpp in Sources */,
				8C9E9BB82FB58BBD0015F5D4 /* polygon.cpp in Sources */,
				8C9E9BBA2FB58BBD0015F5D4 /* bitmap.cpp in Sources */,
				8C9E9BBC2FB58BBD0015F5D4 /* font.mm in Sources */,
				8C9E9BBD2FB58BBD0015F5D4 /* coord.cpp in Sources */,
				8C9E9BBE2FB58BBD0015F5D4 /* color_space.cpp in Sources */,
				8C9E9BBF2FB58BBD0015F5D4 /* shader_program.cpp in Sources */,
				8C9E9BC02FB58BBD0015F5D4 /* shader_source.cpp in Sources */,
				8C9E9BC12FB58BBD0015F5D4 /* point.cpp in Sources */,
				8C9E9BC32FB58BBD0015F5D4 /* util.cpp in Sources */,
				8C9E9BC42FB58BBD0015F5D4 /* polyline.cpp in Sources */,
				8C9E9BC62FB58BBD0015F5D4 /* bounds.cpp in Sources */,
				8C9EAF032FB58E740015F5D4 /* Splines.cpp in Sources */,
				8C9EAF3E2FB58E740015F5D4 /* clipper.cpp in Sources */,
				8C9E9BC72FB58BBD0015F5D4 /* painter.cpp in Sources */,
				8C9E9BCA2FB58BBD0015F5D4 /* render_buffer.cpp in Sources */,
				8C9E9BCB2FB58BBD0015F5D4 /* font.cpp in Sources */,
				8C9E9BCC2FB58BBD0015F5D4 /* rays.mm in Sources */,
				8C9E9BCD2FB58BBD0015F5D4 /* shader.cpp in Sources */,
				8C9E9BD02FB58BBD0015F5D4 /* frame_buffer.cpp in Sources */,
				8C9E9BD12FB58BBD0015F5D4 /* opengl.cpp in Sources */,
				8C9E9BD22FB58BBD0015F5D4 /* matrix.cpp in Sources */,
				8C9E9BD32FB58BBD0015F5D4 /* image.cpp in Sources */,
				8C9E9BD42FB58BBD0015F5D4 /* opengl.mm in Sources */,
				8C9E9BD52FB58BBD0015F5D4 /* color.cpp in Sources */,
				8C9E9BD62FB58BBD0015F5D4 /* color_space.cpp in Sources */,
				8C9E9BD92FB58BBD0015F5D4 /* texture.cpp in Sources */,
				8C9E9BDD2FB58BBD0015F5D4 /* bitmap.mm in Sources */,
				8C9E9BDE2FB58BBD0015F5D4 /* exception.cpp in Sources */,
				832CF767197F457C0024BB50 /* main.cpp in Sources */,
				8C9EB0CA2FB590FF0015F5D4 /* event.mm in Sources */,
				8C9EB0CE2FB590FF0015F5D4 /* fixture.cpp in Sources */,
				8C9EB0CF2FB590FF0015F5D4 /* exception.cpp in Sources */,
				8C9EB0D22FB590FF0015F5D4 /* event.cpp in Sources */,
				8C9EB0D32FB590FF0015F5D4 /* world.cpp in Sources */,
				8C9EB0D42FB590FF0015F5D4 /* screen.mm in Sources */,
				8C9EB0D62FB590FF0015F5D4 /* image_view.cpp in Sources */,
				8C9EB0D82FB590FF0015F5D4 /* device.cpp in Sources */,
				8C9EB0D92FB590FF0015F5D4 /* shape.cpp in Sources */,
				8C9EB0DB2FB590FF0015F5D4 /* timer.cpp in Sources */,
				8C9EB0DC2FB590FF0015F5D4 /* window.cpp in Sources */,
				8C9EB0DD2FB590FF0015F5D4 /* gamepad.mm in Sources */,
				8C9EB3D42FB591A90015F5D4 /* b2_gear_joint.cpp in Sources */,
				8C9EB3DA2FB591A90015F5D4 /* b2_polygon_circle_contact.cpp in Sources */,
				8C9EB3DC2FB591A90015F5D4 /* b2_weld_joint.cpp in Sources */,
				8C9EB3E32FB591A90015F5D4 /* b2_joint.cpp in Sources */,
				8C9EB3E42FB591A90015F5D4 /* b2_distance.cpp in Sources */,
				8C9EB3EA2FB591A90015F5D4 /* b2_edge_circle_contact.cpp in Sources */,
				8C9EB3EF2FB591A90015F5D4 /* b2_pulley_joint.cpp in Sources */,
				8C9EB3F42FB591A90015F5D4 /* b2_revolute_joint.cpp in Sources */,
				8C9EB3F72FB591A90015F5D4 /* b2_rope.cpp in Sources */,
				8C9EB3F92FB591A90015F5D4 /* b2_contact_solver.cpp in Sources */,
				8C9EB3FE2FB591A90015F5D4 /* b2_circle_shape.cpp in Sources */,
				8C9EB3FF2FB591A90015F5D4 /* b2_world.cpp in Sources */,
				8C9EB4012FB591A90015F5D4 /* b2_prismatic_joint.cpp in Sources */,
				8C9EB4032FB591A90015F5D4 /* b2_chain_circle_contact.cpp in Sources */,
				8C9EB4042FB591A90015F5D4 /* RtMidi.cpp in Sources */,
				8C9EB4052FB591A90015F5D4 /* b2_draw.cpp in Sources */,
				8C9EB4092FB591A90015F5D4 /* b2_collide_circle.cpp in Sources */,
				8C9EB40C2FB591A90015F5D4 /* b2_circle_contact.cpp in Sources */,
				8C9EB4142FB591A90015F5D4 /* b2_fixture.cpp in Sources */,
				8C9EB4192FB591A90015F5D4 /* b2_math.cpp in Sources */,
				8C9EB41D2FB591A90015F5D4 /* b2_timer.cpp in Sources */,
				8C9EB41F2FB591A90015F5D4 /* b2_polygon_contact.cpp in Sources */,
				8C9EB4212FB591A90015F5D4 /* b2_time_of_impact.cpp in Sources */,
				8C9EB4272FB591A90015F5D4 /* b2_collision.cpp in Sources */,
				8C9EB42B2FB591A90015F5D4 /* b2_motor_joint.cpp in Sources */,
				8C9EB42C2FB591A90015F5D4 /* b2_block_allocator.cpp in Sources */,
				8C9EB4D12FB6D0910015F5D4 /* string.cpp in Sources */,
				8C9EB4D22FB6D0910015F5D4 /* debug.cpp in Sources */,
				8C9EB4D32FB6D0910015F5D4 /* time.cpp in Sources */,
				8C9EB4D42FB6D0910015F5D4 /* exception.cpp in Sources */,
				8C9EB4D52FB6D0910015F5D4 /* util.cpp in Sources */,
				8C9EB4372FB591A90015F5D4 /* b2_collide_edge.cpp in Sources */,
				8C9EB4382FB591A90015F5D4 /* b2_chain_shape.cpp in Sources */,
				8C9EB4392FB591A90015F5D4 /* b2_collide_polygon.cpp in Sources */,
				8C9EB43E2FB591A90015F5D4 /* b2_body.cpp in Sources */,
				8C9EB4402FB591A90015F5D4 /* b2_dynamic_tree.cpp in Sources */,
				8C9EB4452FB591A90015F5D4 /* b2_mouse_joint.cpp in Sources */,
				8C9EB44C2FB591A90015F5D4 /* b2_settings.cpp in Sources */,
				8C9EB4502FB591A90015F5D4 /* b2_stack_allocator.cpp in Sources */,
				8C9EB4522FB591A90015F5D4 /* b2_polygon_shape.cpp in Sources */,
				8C9EB4582FB591A90015F5D4 /* b2_contact_manager.cpp in Sources */,
				8C9EB4592FB591A90015F5D4 /* b2_island.cpp in Sources */,
				8C9EB45A2FB591A90015F5D4 /* b2_edge_shape.cpp in Sources */,
				8C9EB45B2FB591A90015F5D4 /* b2_edge_polygon_contact.cpp in Sources */,
				8C9EB4622FB591A90015F5D4 /* b2_friction_joint.cpp in Sources */,
				8C9EB4632FB591A90015F5D4 /* b2_wheel_joint.cpp in Sources */,
				8C9EB4642FB591A90015F5D4 /* b2_distance_joint.cpp in Sources */,
				8C9EB46F2FB591A90015F5D4 /* b2_contact.cpp in Sources */,
				8C9EB4712FB591A90015F5D4 /* b2_chain_polygon_contact.cpp in Sources */,
				8C9EB4722FB591A90015F5D4 /* b2_broad_phase.cpp in Sources */,
				8C9EB4742FB591A90015F5D4 /* b2_world_callbacks.cpp in Sources */,
				8C9EB0E22FB590FF0015F5D4 /* selector.cpp in Sources */,
				8C9EB0E52FB590FF0015F5D4 /* midi.cpp in Sources */,
				8C9EB0E72FB590FF0015F5D4 /* window.mm in Sources */,
				8C9EB0EA2FB590FF0015F5D4 /* pointer.cpp in Sources */,
				8C9EB0EB2FB590FF0015F5D4 /* filter.cpp in Sources */,
				8C9EB0EC2FB590FF0015F5D4 /* gamepad.cpp in Sources */,
				8C9EB0ED2FB590FF0015F5D4 /* device.mm in Sources */,
				8C9EB0EF2FB590FF0015F5D4 /* style.cpp in Sources */,
				8C9EB0F32FB590FF0015F5D4 /* reflex.mm in Sources */,
				8C9EB0F42FB590FF0015F5D4 /* application.cpp in Sources */,
				8C9EB0F52FB590FF0015F5D4 /* body.cpp in Sources */,
				8C9EB0F62FB590FF0015F5D4 /* app_delegate.mm in Sources */,
				8C9EB0F82FB590FF0015F5D4 /* reflex.cpp in Sources */,
				8C9EB0F92FB590FF0015F5D4 /* view.cpp in Sources */,
				8C9EB0FA2FB590FF0015F5D4 /* view_controller.mm in Sources */,
				8C9EB0FD2FB590FF0015F5D4 /* application.mm in Sources */,
			);
			runOnlyForDeploymentPostprocessing = 0;
		};
/* End PBXSourcesBuildPhase section */

/* Begin PBXVariantGroup section */
		83688659194AA5B100923B8B /* InfoPlist.strings */ = {
			isa = PBXVariantGroup;
			children = (
				8368865A194AA5B100923B8B /* en */,
			);
			name = InfoPlist.strings;
			sourceTree = "<group>";
		};
/* End PBXVariantGroup section */

/* Begin XCBuildConfiguration section */
		83688684194AA5B100923B8B /* Debug */ = {
			isa = XCBuildConfiguration;
			buildSettings = {
				ALWAYS_SEARCH_USER_PATHS = NO;
				CLANG_CXX_LANGUAGE_STANDARD = "c++20";
				CLANG_CXX_LIBRARY = "libc++";
				CLANG_ENABLE_MODULES = YES;
				CLANG_ENABLE_OBJC_ARC = YES;
				CLANG_WARN_BOOL_CONVERSION = YES;
				CLANG_WARN_CONSTANT_CONVERSION = YES;
				CLANG_WARN_DIRECT_OBJC_ISA_USAGE = YES_ERROR;
				CLANG_WARN_EMPTY_BODY = YES;
				CLANG_WARN_ENUM_CONVERSION = YES;
				CLANG_WARN_INT_CONVERSION = YES;
				CLANG_WARN_OBJC_ROOT_CLASS = YES_ERROR;
				CLANG_WARN__DUPLICATE_METHOD_MATCH = YES;
				"CODE_SIGN_IDENTITY[sdk=iphoneos*]" = "iPhone Developer";
				COPY_PHASE_STRIP = NO;
				GCC_C_LANGUAGE_STANDARD = gnu99;
				GCC_DYNAMIC_NO_PIC = NO;
				GCC_OPTIMIZATION_LEVEL = 0;
				GCC_PREPROCESSOR_DEFINITIONS = (
					"DEBUG=1",
					"$(inherited)",
				);
				GCC_SYMBOLS_PRIVATE_EXTERN = NO;
				GCC_WARN_64_TO_32_BIT_CONVERSION = YES;
				GCC_WARN_ABOUT_RETURN_TYPE = YES_ERROR;
				GCC_WARN_UNDECLARED_SELECTOR = YES;
				GCC_WARN_UNINITIALIZED_AUTOS = YES;
				GCC_WARN_UNUSED_FUNCTION = YES;
				GCC_WARN_UNUSED_VARIABLE = YES;
				IPHONEOS_DEPLOYMENT_TARGET = 7.0;
				ONLY_ACTIVE_ARCH = YES;
				SDKROOT = iphoneos;
				TARGETED_DEVICE_FAMILY = "1,2";
			};
			name = Debug;
		};
		83688685194AA5B100923B8B /* Release */ = {
			isa = XCBuildConfiguration;
			buildSettings = {
				ALWAYS_SEARCH_USER_PATHS = NO;
				CLANG_CXX_LANGUAGE_STANDARD = "c++20";
				CLANG_CXX_LIBRARY = "libc++";
				CLANG_ENABLE_MODULES = YES;
				CLANG_ENABLE_OBJC_ARC = YES;
				CLANG_WARN_BOOL_CONVERSION = YES;
				CLANG_WARN_CONSTANT_CONVERSION = YES;
				CLANG_WARN_DIRECT_OBJC_ISA_USAGE = YES_ERROR;
				CLANG_WARN_EMPTY_BODY = YES;
				CLANG_WARN_ENUM_CONVERSION = YES;
				CLANG_WARN_INT_CONVERSION = YES;
				CLANG_WARN_OBJC_ROOT_CLASS = YES_ERROR;
				CLANG_WARN__DUPLICATE_METHOD_MATCH = YES;
				"CODE_SIGN_IDENTITY[sdk=iphoneos*]" = "iPhone Developer";
				COPY_PHASE_STRIP = YES;
				ENABLE_NS_ASSERTIONS = NO;
				GCC_C_LANGUAGE_STANDARD = gnu99;
				GCC_WARN_64_TO_32_BIT_CONVERSION = YES;
				GCC_WARN_ABOUT_RETURN_TYPE = YES_ERROR;
				GCC_WARN_UNDECLARED_SELECTOR = YES;
				GCC_WARN_UNINITIALIZED_AUTOS = YES;
				GCC_WARN_UNUSED_FUNCTION = YES;
				GCC_WARN_UNUSED_VARIABLE = YES;
				IPHONEOS_DEPLOYMENT_TARGET = 7.0;
				SDKROOT = iphoneos;
				TARGETED_DEVICE_FAMILY = "1,2";
				VALIDATE_PRODUCT = YES;
			};
			name = Release;
		};
		83688687194AA5B100923B8B /* Debug */ = {
			isa = XCBuildConfiguration;
			buildSettings = {
				ASSETCATALOG_COMPILER_APPICON_NAME = AppIcon;
				ASSETCATALOG_COMPILER_LAUNCHIMAGE_NAME = LaunchImage;
				CLANG_ENABLE_OBJC_ARC = NO;
				GCC_C_LANGUAGE_STANDARD = "-std=c++20";
				GCC_PRECOMPILE_PREFIX_HEADER = YES;
				GCC_PREFIX_HEADER = "hello/hello-Prefix.pch";
				GCC_PREPROCESSOR_DEFINITIONS_NOT_USED_IN_PRECOMPS = (
					"IOS=1",
					"__MACOSX_CORE__=1",
				);
				HEADER_SEARCH_PATHS = (
					../../../../reflex/vendor/box2d/src,
					../../../../reflex/vendor/box2d/include,
					../../../../reflex/vendor/rtmidi/rtmidi,
					../../../../reflex/include,
					../../../../rays/vendor/clipper/cpp,
					../../../../rays/vendor/earcut.hpp/include/mapbox,
					../../../../rays/vendor/glm,
					"../../../../rays/vendor/splines-lib",
					../../../../rays/include,
					../../../../xot/include,
					"$(inherited)",
					/Applications/Xcode.app/Contents/Developer/Toolchains/XcodeDefault.xctoolchain/usr/include,
				);
				INFOPLIST_FILE = "hello/hello-Info.plist";
				IPHONEOS_DEPLOYMENT_TARGET = 15.6;
				PRODUCT_NAME = "$(TARGET_NAME)";
				USER_HEADER_SEARCH_PATHS = "";
				WRAPPER_EXTENSION = app;
			};
			name = Debug;
		};
		83688688194AA5B100923B8B /* Release */ = {
			isa = XCBuildConfiguration;
			buildSettings = {
				ASSETCATALOG_COMPILER_APPICON_NAME = AppIcon;
				ASSETCATALOG_COMPILER_LAUNCHIMAGE_NAME = LaunchImage;
				CLANG_ENABLE_OBJC_ARC = NO;
				GCC_C_LANGUAGE_STANDARD = "-std=c++20";
				GCC_PRECOMPILE_PREFIX_HEADER = YES;
				GCC_PREFIX_HEADER = "hello/hello-Prefix.pch";
				GCC_PREPROCESSOR_DEFINITIONS_NOT_USED_IN_PRECOMPS = (
					"IOS=1",
					"__MACOSX_CORE__=1",
				);
				HEADER_SEARCH_PATHS = (
					../../../../reflex/vendor/box2d/src,
					../../../../reflex/vendor/box2d/include,
					../../../../reflex/vendor/rtmidi/rtmidi,
					../../../../reflex/include,
					../../../../rays/vendor/clipper/cpp,
					../../../../rays/vendor/earcut.hpp/include/mapbox,
					../../../../rays/vendor/glm,
					"../../../../rays/vendor/splines-lib",
					../../../../rays/include,
					../../../../xot/include,
					"$(inherited)",
					/Applications/Xcode.app/Contents/Developer/Toolchains/XcodeDefault.xctoolchain/usr/include,
				);
				INFOPLIST_FILE = "hello/hello-Info.plist";
				IPHONEOS_DEPLOYMENT_TARGET = 15.6;
				PRODUCT_NAME = "$(TARGET_NAME)";
				USER_HEADER_SEARCH_PATHS = "";
				WRAPPER_EXTENSION = app;
			};
			name = Release;
		};
/* End XCBuildConfiguration section */

/* Begin XCConfigurationList section */
		83688644194AA5B100923B8B /* Build configuration list for PBXProject "hello" */ = {
			isa = XCConfigurationList;
			buildConfigurations = (
				83688684194AA5B100923B8B /* Debug */,
				83688685194AA5B100923B8B /* Release */,
			);
			defaultConfigurationIsVisible = 0;
			defaultConfigurationName = Release;
		};
		83688686194AA5B100923B8B /* Build configuration list for PBXNativeTarget "hello" */ = {
			isa = XCConfigurationList;
			buildConfigurations = (
				83688687194AA5B100923B8B /* Debug */,
				83688688194AA5B100923B8B /* Release */,
			);
			defaultConfigurationIsVisible = 0;
			defaultConfigurationName = Release;
		};
/* End XCConfigurationList section */
	};
	rootObject = 83688641194AA5B100923B8B /* Project object */;
}
