// !$*UTF8*$!
{
	archiveVersion = 1;
	classes = {
	};
	objectVersion = 46;
	objects = {

/* Begin PBXBuildFile section */
		835897D119322E33006096D2 /* Cocoa.framework in Frameworks */ = {isa = PBXBuildFile; fileRef = 835897D019322E33006096D2 /* Cocoa.framework */; };
		835897DB19322E33006096D2 /* InfoPlist.strings in Resources */ = {isa = PBXBuildFile; fileRef = 835897D919322E33006096D2 /* InfoPlist.strings */; };
		835897DD19322E33006096D2 /* main.cpp in Sources */ = {isa = PBXBuildFile; fileRef = 835897DC19322E33006096D2 /* main.cpp */; };
		835897E119322E33006096D2 /* Credits.rtf in Resources */ = {isa = PBXBuildFile; fileRef = 835897DF19322E33006096D2 /* Credits.rtf */; };
		835897E919322E34006096D2 /* Images.xcassets in Resources */ = {isa = PBXBuildFile; fileRef = 835897E819322E34006096D2 /* Images.xcassets */; };
		8389FC771932BC48005585AC /* OpenGL.framework in Frameworks */ = {isa = PBXBuildFile; fileRef = 8389FC761932BC48005585AC /* OpenGL.framework */; };
		8C9EB4EE2FB6D15F0015F5D4 /* util.cpp in Sources */ = {isa = PBXBuildFile; fileRef = 8C9EB4EB2FB6D15F0015F5D4 /* util.cpp */; };
		8C9EB4EF2FB6D15F0015F5D4 /* debug.cpp in Sources */ = {isa = PBXBuildFile; fileRef = 8C9EB4E32FB6D15F0015F5D4 /* debug.cpp */; };
		8C9EB4F02FB6D15F0015F5D4 /* time.cpp in Sources */ = {isa = PBXBuildFile; fileRef = 8C9EB4E92FB6D15F0015F5D4 /* time.cpp */; };
		8C9EB4F12FB6D15F0015F5D4 /* exception.cpp in Sources */ = {isa = PBXBuildFile; fileRef = 8C9EB4E52FB6D15F0015F5D4 /* exception.cpp */; };
		8C9EB4F22FB6D15F0015F5D4 /* string.cpp in Sources */ = {isa = PBXBuildFile; fileRef = 8C9EB4E72FB6D15F0015F5D4 /* string.cpp */; };
		8C9EB56C2FB6D2320015F5D4 /* shader_source.cpp in Sources */ = {isa = PBXBuildFile; fileRef = 8C9EB53D2FB6D2320015F5D4 /* shader_source.cpp */; };
		8C9EB56D2FB6D2320015F5D4 /* texture.cpp in Sources */ = {isa = PBXBuildFile; fileRef = 8C9EB53F2FB6D2320015F5D4 /* texture.cpp */; };
		8C9EB56F2FB6D2320015F5D4 /* shader.cpp in Sources */ = {isa = PBXBuildFile; fileRef = 8C9EB5392FB6D2320015F5D4 /* shader.cpp */; };
		8C9EB5722FB6D2320015F5D4 /* shader_program.cpp in Sources */ = {isa = PBXBuildFile; fileRef = 8C9EB53B2FB6D2320015F5D4 /* shader_program.cpp */; };
		8C9EB5732FB6D2320015F5D4 /* color_space.cpp in Sources */ = {isa = PBXBuildFile; fileRef = 8C9EB5562FB6D2320015F5D4 /* color_space.cpp */; };
		8C9EB5742FB6D2320015F5D4 /* util.cpp in Sources */ = {isa = PBXBuildFile; fileRef = 8C9EB56A2FB6D2320015F5D4 /* util.cpp */; };
		8C9EB5752FB6D2320015F5D4 /* opengl.mm in Sources */ = {isa = PBXBuildFile; fileRef = 8C9EB5282FB6D2320015F5D4 /* opengl.mm */; };
		8C9EB5762FB6D2320015F5D4 /* frame_buffer.cpp in Sources */ = {isa = PBXBuildFile; fileRef = 8C9EB5322FB6D2320015F5D4 /* frame_buffer.cpp */; };
		8C9EB5782FB6D2320015F5D4 /* camera.mm in Sources */ = {isa = PBXBuildFile; fileRef = 8C9EB5432FB6D2320015F5D4 /* camera.mm */; };
		8C9EB57A2FB6D2320015F5D4 /* font.cpp in Sources */ = {isa = PBXBuildFile; fileRef = 8C9EB55B2FB6D2320015F5D4 /* font.cpp */; };
		8C9EB57B2FB6D2320015F5D4 /* point.cpp in Sources */ = {isa = PBXBuildFile; fileRef = 8C9EB5632FB6D2320015F5D4 /* point.cpp */; };
		8C9EB57F2FB6D2320015F5D4 /* matrix.cpp in Sources */ = {isa = PBXBuildFile; fileRef = 8C9EB5602FB6D2320015F5D4 /* matrix.cpp */; };
		8C9EB5802FB6D2320015F5D4 /* rays.mm in Sources */ = {isa = PBXBuildFile; fileRef = 8C9EB5452FB6D2320015F5D4 /* rays.mm */; };
		8C9EB5822FB6D2320015F5D4 /* bitmap.cpp in Sources */ = {isa = PBXBuildFile; fileRef = 8C9EB52E2FB6D2320015F5D4 /* bitmap.cpp */; };
		8C9EB5832FB6D2320015F5D4 /* polygon.cpp in Sources */ = {isa = PBXBuildFile; fileRef = 8C9EB5652FB6D2320015F5D4 /* polygon.cpp */; };
		8C9EB5852FB6D2320015F5D4 /* painter.cpp in Sources */ = {isa = PBXBuildFile; fileRef = 8C9EB5352FB6D2320015F5D4 /* painter.cpp */; };
		8C9EB5862FB6D2320015F5D4 /* painter.cpp in Sources */ = {isa = PBXBuildFile; fileRef = 8C9EB5622FB6D2320015F5D4 /* painter.cpp */; };
		8C9EB5872FB6D2320015F5D4 /* polyline.cpp in Sources */ = {isa = PBXBuildFile; fileRef = 8C9EB5672FB6D2320015F5D4 /* polyline.cpp */; };
		8C9EB5882FB6D2320015F5D4 /* opengl.cpp in Sources */ = {isa = PBXBuildFile; fileRef = 8C9EB5342FB6D2320015F5D4 /* opengl.cpp */; };
		8C9EB5892FB6D2320015F5D4 /* render_buffer.cpp in Sources */ = {isa = PBXBuildFile; fileRef = 8C9EB5372FB6D2320015F5D4 /* render_buffer.cpp */; };
		8C9EB58B2FB6D2320015F5D4 /* font.mm in Sources */ = {isa = PBXBuildFile; fileRef = 8C9EB5442FB6D2320015F5D4 /* font.mm */; };
		8C9EB58D2FB6D2320015F5D4 /* bounds.cpp in Sources */ = {isa = PBXBuildFile; fileRef = 8C9EB5542FB6D2320015F5D4 /* bounds.cpp */; };
		8C9EB58F2FB6D2320015F5D4 /* bitmap.mm in Sources */ = {isa = PBXBuildFile; fileRef = 8C9EB5422FB6D2320015F5D4 /* bitmap.mm */; };
		8C9EB5902FB6D2320015F5D4 /* color_space.cpp in Sources */ = {isa = PBXBuildFile; fileRef = 8C9EB5302FB6D2320015F5D4 /* color_space.cpp */; };
		8C9EB5922FB6D2320015F5D4 /* color.cpp in Sources */ = {isa = PBXBuildFile; fileRef = 8C9EB5552FB6D2320015F5D4 /* color.cpp */; };
		8C9EB5942FB6D2320015F5D4 /* exception.cpp in Sources */ = {isa = PBXBuildFile; fileRef = 8C9EB5592FB6D2320015F5D4 /* exception.cpp */; };
		8C9EB5952FB6D2320015F5D4 /* coord.cpp in Sources */ = {isa = PBXBuildFile; fileRef = 8C9EB5582FB6D2320015F5D4 /* coord.cpp */; };
		8C9EB5972FB6D2320015F5D4 /* image.cpp in Sources */ = {isa = PBXBuildFile; fileRef = 8C9EB55E2FB6D2320015F5D4 /* image.cpp */; };
		8C9EC21D2FB6D2810015F5D4 /* clipper.cpp in Sources */ = {isa = PBXBuildFile; fileRef = 8C9EB5DC2FB6D2810015F5D4 /* clipper.cpp */; };
		8C9EC2922FB6D2810015F5D4 /* Splines.cpp in Sources */ = {isa = PBXBuildFile; fileRef = 8C9EC0832FB6D2810015F5D4 /* Splines.cpp */; };
		8C9EC9C42FB6D2EB0015F5D4 /* device.cpp in Sources */ = {isa = PBXBuildFile; fileRef = 8C9EC9A32FB6D2EB0015F5D4 /* device.cpp */; };
		8C9EC9CA2FB6D2EB0015F5D4 /* screen.mm in Sources */ = {isa = PBXBuildFile; fileRef = 8C9EC9802FB6D2EB0015F5D4 /* screen.mm */; };
		8C9EC9CB2FB6D2EB0015F5D4 /* window.cpp in Sources */ = {isa = PBXBuildFile; fileRef = 8C9EC9BE2FB6D2EB0015F5D4 /* window.cpp */; };
		8C9EC9CE2FB6D2EB0015F5D4 /* gamepad.mm in Sources */ = {isa = PBXBuildFile; fileRef = 8C9EC9772FB6D2EB0015F5D4 /* gamepad.mm */; };
		8C9EC9CF2FB6D2EB0015F5D4 /* style.cpp in Sources */ = {isa = PBXBuildFile; fileRef = 8C9EC9B82FB6D2EB0015F5D4 /* style.cpp */; };
		8C9EC9D22FB6D2EB0015F5D4 /* body.cpp in Sources */ = {isa = PBXBuildFile; fileRef = 8C9EC9A22FB6D2EB0015F5D4 /* body.cpp */; };
		8C9EC9D32FB6D2EB0015F5D4 /* native_window.mm in Sources */ = {isa = PBXBuildFile; fileRef = 8C9EC97B2FB6D2EB0015F5D4 /* native_window.mm */; };
		8C9EC9D52FB6D2EB0015F5D4 /* reflex.cpp in Sources */ = {isa = PBXBuildFile; fileRef = 8C9EC9B22FB6D2EB0015F5D4 /* reflex.cpp */; };
		8C9EC9D62FB6D2EB0015F5D4 /* event.mm in Sources */ = {isa = PBXBuildFile; fileRef = 8C9EC9762FB6D2EB0015F5D4 /* event.mm */; };
		8C9EC9D82FB6D2EB0015F5D4 /* device.mm in Sources */ = {isa = PBXBuildFile; fileRef = 8C9EC9742FB6D2EB0015F5D4 /* device.mm */; };
		8C9EC9D92FB6D2EB0015F5D4 /* view.cpp in Sources */ = {isa = PBXBuildFile; fileRef = 8C9EC9BC2FB6D2EB0015F5D4 /* view.cpp */; };
		8C9EC9DB2FB6D2EB0015F5D4 /* gamepad_hid.mm in Sources */ = {isa = PBXBuildFile; fileRef = 8C9EC9792FB6D2EB0015F5D4 /* gamepad_hid.mm */; };
		8C9EC9DE2FB6D2EB0015F5D4 /* application.cpp in Sources */ = {isa = PBXBuildFile; fileRef = 8C9EC9A02FB6D2EB0015F5D4 /* application.cpp */; };
		8C9EC9DF2FB6D2EB0015F5D4 /* pointer.cpp in Sources */ = {isa = PBXBuildFile; fileRef = 8C9EC9B02FB6D2EB0015F5D4 /* pointer.cpp */; };
		8C9EC9E02FB6D2EB0015F5D4 /* application.mm in Sources */ = {isa = PBXBuildFile; fileRef = 8C9EC9732FB6D2EB0015F5D4 /* application.mm */; };
		8C9EC9E12FB6D2EB0015F5D4 /* image_view.cpp in Sources */ = {isa = PBXBuildFile; fileRef = 8C9EC9AC2FB6D2EB0015F5D4 /* image_view.cpp */; };
		8C9EC9E32FB6D2EB0015F5D4 /* window.mm in Sources */ = {isa = PBXBuildFile; fileRef = 8C9EC9822FB6D2EB0015F5D4 /* window.mm */; };
		8C9EC9E42FB6D2EB0015F5D4 /* timer.cpp in Sources */ = {isa = PBXBuildFile; fileRef = 8C9EC9BA2FB6D2EB0015F5D4 /* timer.cpp */; };
		8C9EC9E72FB6D2EB0015F5D4 /* selector.cpp in Sources */ = {isa = PBXBuildFile; fileRef = 8C9EC9B42FB6D2EB0015F5D4 /* selector.cpp */; };
		8C9EC9E82FB6D2EB0015F5D4 /* world.cpp in Sources */ = {isa = PBXBuildFile; fileRef = 8C9EC9C02FB6D2EB0015F5D4 /* world.cpp */; };
		8C9EC9EA2FB6D2EB0015F5D4 /* gamepad.cpp in Sources */ = {isa = PBXBuildFile; fileRef = 8C9EC9AB2FB6D2EB0015F5D4 /* gamepad.cpp */; };
		8C9EC9EB2FB6D2EB0015F5D4 /* event.cpp in Sources */ = {isa = PBXBuildFile; fileRef = 8C9EC9A52FB6D2EB0015F5D4 /* event.cpp */; };
		8C9EC9EC2FB6D2EB0015F5D4 /* midi.cpp in Sources */ = {isa = PBXBuildFile; fileRef = 8C9EC9AE2FB6D2EB0015F5D4 /* midi.cpp */; };
		8C9EC9EE2FB6D2EB0015F5D4 /* gamepad_gc.mm in Sources */ = {isa = PBXBuildFile; fileRef = 8C9EC9782FB6D2EB0015F5D4 /* gamepad_gc.mm */; };
		8C9EC9F02FB6D2EB0015F5D4 /* fixture.cpp in Sources */ = {isa = PBXBuildFile; fileRef = 8C9EC9A92FB6D2EB0015F5D4 /* fixture.cpp */; };
		8C9EC9F12FB6D2EB0015F5D4 /* shape.cpp in Sources */ = {isa = PBXBuildFile; fileRef = 8C9EC9B62FB6D2EB0015F5D4 /* shape.cpp */; };
		8C9EC9F22FB6D2EB0015F5D4 /* filter.cpp in Sources */ = {isa = PBXBuildFile; fileRef = 8C9EC9A72FB6D2EB0015F5D4 /* filter.cpp */; };
		8C9EC9F62FB6D2EB0015F5D4 /* reflex.mm in Sources */ = {isa = PBXBuildFile; fileRef = 8C9EC97E2FB6D2EB0015F5D4 /* reflex.mm */; };
		8C9EC9F72FB6D2EB0015F5D4 /* exception.cpp in Sources */ = {isa = PBXBuildFile; fileRef = 8C9EC9A62FB6D2EB0015F5D4 /* exception.cpp */; };
		8C9EC9F82FB6D2EB0015F5D4 /* opengl_view.mm in Sources */ = {isa = PBXBuildFile; fileRef = 8C9EC97D2FB6D2EB0015F5D4 /* opengl_view.mm */; };
		8C9EC9F92FB6D2EB0015F5D4 /* app_delegate.mm in Sources */ = {isa = PBXBuildFile; fileRef = 8C9EC9712FB6D2EB0015F5D4 /* app_delegate.mm */; };
		8C9ECC2A2FB6D30B0015F5D4 /* b2_settings.cpp in Sources */ = {isa = PBXBuildFile; fileRef = 8C9ECACD2FB6D30B0015F5D4 /* b2_settings.cpp */; };
		8C9ECC2B2FB6D30B0015F5D4 /* b2_stack_allocator.cpp in Sources */ = {isa = PBXBuildFile; fileRef = 8C9ECACF2FB6D30B0015F5D4 /* b2_stack_allocator.cpp */; };
		8C9ECC302FB6D30B0015F5D4 /* b2_collide_edge.cpp in Sources */ = {isa = PBXBuildFile; fileRef = 8C9ECAB62FB6D30B0015F5D4 /* b2_collide_edge.cpp */; };
		8C9ECC352FB6D30B0015F5D4 /* b2_gear_joint.cpp in Sources */ = {isa = PBXBuildFile; fileRef = 8C9ECAF22FB6D30B0015F5D4 /* b2_gear_joint.cpp */; };
		8C9ECC372FB6D30B0015F5D4 /* b2_broad_phase.cpp in Sources */ = {isa = PBXBuildFile; fileRef = 8C9ECAAE2FB6D30B0015F5D4 /* b2_broad_phase.cpp */; };
		8C9ECC452FB6D30B0015F5D4 /* b2_circle_shape.cpp in Sources */ = {isa = PBXBuildFile; fileRef = 8C9ECAB22FB6D30B0015F5D4 /* b2_circle_shape.cpp */; };
		8C9ECC462FB6D30B0015F5D4 /* b2_friction_joint.cpp in Sources */ = {isa = PBXBuildFile; fileRef = 8C9ECAF02FB6D30B0015F5D4 /* b2_friction_joint.cpp */; };
		8C9ECC4B2FB6D30B0015F5D4 /* b2_block_allocator.cpp in Sources */ = {isa = PBXBuildFile; fileRef = 8C9ECAC72FB6D30B0015F5D4 /* b2_block_allocator.cpp */; };
		8C9ECC4D2FB6D30B0015F5D4 /* RtMidi.cpp in Sources */ = {isa = PBXBuildFile; fileRef = 8C9ECBF12FB6D30B0015F5D4 /* RtMidi.cpp */; };
		8C9ECC4E2FB6D30B0015F5D4 /* b2_chain_circle_contact.cpp in Sources */ = {isa = PBXBuildFile; fileRef = 8C9ECAD72FB6D30B0015F5D4 /* b2_chain_circle_contact.cpp */; };
		8C9ECC522FB6D30B0015F5D4 /* b2_world_callbacks.cpp in Sources */ = {isa = PBXBuildFile; fileRef = 8C9ECB0F2FB6D30B0015F5D4 /* b2_world_callbacks.cpp */; };
		8C9ECC562FB6D30B0015F5D4 /* b2_polygon_contact.cpp in Sources */ = {isa = PBXBuildFile; fileRef = 8C9ECB012FB6D30B0015F5D4 /* b2_polygon_contact.cpp */; };
		8C9ECC582FB6D30B0015F5D4 /* b2_joint.cpp in Sources */ = {isa = PBXBuildFile; fileRef = 8C9ECAF72FB6D30B0015F5D4 /* b2_joint.cpp */; };
		8C9ECC592FB6D30B0015F5D4 /* b2_time_of_impact.cpp in Sources */ = {isa = PBXBuildFile; fileRef = 8C9ECAC42FB6D30B0015F5D4 /* b2_time_of_impact.cpp */; };
		8C9ECC6D2FB6D30B0015F5D4 /* b2_pulley_joint.cpp in Sources */ = {isa = PBXBuildFile; fileRef = 8C9ECB052FB6D30B0015F5D4 /* b2_pulley_joint.cpp */; };
		8C9ECC702FB6D30B0015F5D4 /* b2_polygon_circle_contact.cpp in Sources */ = {isa = PBXBuildFile; fileRef = 8C9ECAFE2FB6D30B0015F5D4 /* b2_polygon_circle_contact.cpp */; };
		8C9ECC712FB6D30B0015F5D4 /* b2_contact_manager.cpp in Sources */ = {isa = PBXBuildFile; fileRef = 8C9ECAE12FB6D30B0015F5D4 /* b2_contact_manager.cpp */; };
		8C9ECC732FB6D30B0015F5D4 /* b2_distance.cpp in Sources */ = {isa = PBXBuildFile; fileRef = 8C9ECABC2FB6D30B0015F5D4 /* b2_distance.cpp */; };
		8C9ECC742FB6D30B0015F5D4 /* b2_rope.cpp in Sources */ = {isa = PBXBuildFile; fileRef = 8C9ECB122FB6D30B0015F5D4 /* b2_rope.cpp */; };
		8C9ECC762FB6D30B0015F5D4 /* b2_world.cpp in Sources */ = {isa = PBXBuildFile; fileRef = 8C9ECB0D2FB6D30B0015F5D4 /* b2_world.cpp */; };
		8C9ECC792FB6D30B0015F5D4 /* b2_polygon_shape.cpp in Sources */ = {isa = PBXBuildFile; fileRef = 8C9ECAC22FB6D30B0015F5D4 /* b2_polygon_shape.cpp */; };
		8C9ECC7B2FB6D30B0015F5D4 /* b2_timer.cpp in Sources */ = {isa = PBXBuildFile; fileRef = 8C9ECAD12FB6D30B0015F5D4 /* b2_timer.cpp */; };
		8C9ECC7E2FB6D30B0015F5D4 /* b2_mouse_joint.cpp in Sources */ = {isa = PBXBuildFile; fileRef = 8C9ECAFB2FB6D30B0015F5D4 /* b2_mouse_joint.cpp */; };
		8C9ECC832FB6D30B0015F5D4 /* b2_revolute_joint.cpp in Sources */ = {isa = PBXBuildFile; fileRef = 8C9ECB072FB6D30B0015F5D4 /* b2_revolute_joint.cpp */; };
		8C9ECC862FB6D30B0015F5D4 /* b2_draw.cpp in Sources */ = {isa = PBXBuildFile; fileRef = 8C9ECAC92FB6D30B0015F5D4 /* b2_draw.cpp */; };
		8C9ECC892FB6D30B0015F5D4 /* b2_edge_shape.cpp in Sources */ = {isa = PBXBuildFile; fileRef = 8C9ECAC02FB6D30B0015F5D4 /* b2_edge_shape.cpp */; };
		8C9ECC8A2FB6D30B0015F5D4 /* b2_collide_polygon.cpp in Sources */ = {isa = PBXBuildFile; fileRef = 8C9ECAB82FB6D30B0015F5D4 /* b2_collide_polygon.cpp */; };
		8C9ECC8B2FB6D30B0015F5D4 /* b2_edge_circle_contact.cpp in Sources */ = {isa = PBXBuildFile; fileRef = 8C9ECAE92FB6D30B0015F5D4 /* b2_edge_circle_contact.cpp */; };
		8C9ECC932FB6D30B0015F5D4 /* b2_weld_joint.cpp in Sources */ = {isa = PBXBuildFile; fileRef = 8C9ECB092FB6D30B0015F5D4 /* b2_weld_joint.cpp */; };
		8C9ECC952FB6D30B0015F5D4 /* b2_circle_contact.cpp in Sources */ = {isa = PBXBuildFile; fileRef = 8C9ECADD2FB6D30B0015F5D4 /* b2_circle_contact.cpp */; };
		8C9ECC992FB6D30B0015F5D4 /* b2_chain_shape.cpp in Sources */ = {isa = PBXBuildFile; fileRef = 8C9ECAB02FB6D30B0015F5D4 /* b2_chain_shape.cpp */; };
		8C9ECC9D2FB6D30B0015F5D4 /* b2_wheel_joint.cpp in Sources */ = {isa = PBXBuildFile; fileRef = 8C9ECB0B2FB6D30B0015F5D4 /* b2_wheel_joint.cpp */; };
		8C9ECC9E2FB6D30B0015F5D4 /* b2_contact.cpp in Sources */ = {isa = PBXBuildFile; fileRef = 8C9ECADF2FB6D30B0015F5D4 /* b2_contact.cpp */; };
		8C9ECCA32FB6D30B0015F5D4 /* b2_body.cpp in Sources */ = {isa = PBXBuildFile; fileRef = 8C9ECAD42FB6D30B0015F5D4 /* b2_body.cpp */; };
		8C9ECCA42FB6D30B0015F5D4 /* b2_edge_polygon_contact.cpp in Sources */ = {isa = PBXBuildFile; fileRef = 8C9ECAEC2FB6D30B0015F5D4 /* b2_edge_polygon_contact.cpp */; };
		8C9ECCA92FB6D30B0015F5D4 /* b2_math.cpp in Sources */ = {isa = PBXBuildFile; fileRef = 8C9ECACB2FB6D30B0015F5D4 /* b2_math.cpp */; };
		8C9ECCAD2FB6D30B0015F5D4 /* b2_dynamic_tree.cpp in Sources */ = {isa = PBXBuildFile; fileRef = 8C9ECABE2FB6D30B0015F5D4 /* b2_dynamic_tree.cpp */; };
		8C9ECCB22FB6D30B0015F5D4 /* b2_island.cpp in Sources */ = {isa = PBXBuildFile; fileRef = 8C9ECAF52FB6D30B0015F5D4 /* b2_island.cpp */; };
		8C9ECCB32FB6D30B0015F5D4 /* b2_motor_joint.cpp in Sources */ = {isa = PBXBuildFile; fileRef = 8C9ECAF92FB6D30B0015F5D4 /* b2_motor_joint.cpp */; };
		8C9ECCC02FB6D30B0015F5D4 /* b2_distance_joint.cpp in Sources */ = {isa = PBXBuildFile; fileRef = 8C9ECAE62FB6D30B0015F5D4 /* b2_distance_joint.cpp */; };
		8C9ECCC22FB6D30B0015F5D4 /* b2_collide_circle.cpp in Sources */ = {isa = PBXBuildFile; fileRef = 8C9ECAB42FB6D30B0015F5D4 /* b2_collide_circle.cpp */; };
		8C9ECCC52FB6D30B0015F5D4 /* b2_fixture.cpp in Sources */ = {isa = PBXBuildFile; fileRef = 8C9ECAEE2FB6D30B0015F5D4 /* b2_fixture.cpp */; };
		8C9ECCCB2FB6D30B0015F5D4 /* b2_contact_solver.cpp in Sources */ = {isa = PBXBuildFile; fileRef = 8C9ECAE42FB6D30B0015F5D4 /* b2_contact_solver.cpp */; };
		8C9ECCCC2FB6D30B0015F5D4 /* b2_collision.cpp in Sources */ = {isa = PBXBuildFile; fileRef = 8C9ECABA2FB6D30B0015F5D4 /* b2_collision.cpp */; };
		8C9ECCD02FB6D30B0015F5D4 /* b2_chain_polygon_contact.cpp in Sources */ = {isa = PBXBuildFile; fileRef = 8C9ECADA2FB6D30B0015F5D4 /* b2_chain_polygon_contact.cpp */; };
		8C9ECCD32FB6D30B0015F5D4 /* b2_prismatic_joint.cpp in Sources */ = {isa = PBXBuildFile; fileRef = 8C9ECB032FB6D30B0015F5D4 /* b2_prismatic_joint.cpp */; };
		8C9ECDA92FB6D67D0015F5D4 /* AVFoundation.framework in Frameworks */ = {isa = PBXBuildFile; fileRef = 8C9ECDA82FB6D67D0015F5D4 /* AVFoundation.framework */; };
		8C9ECDAD2FB6D69B0015F5D4 /* GameController.framework in Frameworks */ = {isa = PBXBuildFile; fileRef = 8C9ECDAC2FB6D69B0015F5D4 /* GameController.framework */; };
		8C9ECDAF2FB6D6AD0015F5D4 /* CoreImage.framework in Frameworks */ = {isa = PBXBuildFile; fileRef = 8C9ECDAE2FB6D6AD0015F5D4 /* CoreImage.framework */; };
		8C9ECDB12FB6D6B70015F5D4 /* CoreVideo.framework in Frameworks */ = {isa = PBXBuildFile; fileRef = 8C9ECDB02FB6D6B70015F5D4 /* CoreVideo.framework */; };
		8C9ECDB32FB6D6C20015F5D4 /* CoreMedia.framework in Frameworks */ = {isa = PBXBuildFile; fileRef = 8C9ECDB22FB6D6C20015F5D4 /* CoreMedia.framework */; };
		8C9ECDB72FB6D77C0015F5D4 /* IOKit.framework in Frameworks */ = {isa = PBXBuildFile; fileRef = 8C9ECDB62FB6D77C0015F5D4 /* IOKit.framework */; };
		8C9ECDB92FB6D8340015F5D4 /* CoreMIDI.framework in Frameworks */ = {isa = PBXBuildFile; fileRef = 8C9ECDB82FB6D8340015F5D4 /* CoreMIDI.framework */; };
		8C9ECDBB2FB6D8460015F5D4 /* CoreAudio.framework in Frameworks */ = {isa = PBXBuildFile; fileRef = 8C9ECDBA2FB6D8460015F5D4 /* CoreAudio.framework */; };
/* End PBXBuildFile section */

/* Begin PBXFileReference section */
		835897CD19322E33006096D2 /* hello.app */ = {isa = PBXFileReference; explicitFileType = wrapper.application; includeInIndex = 0; path = hello.app; sourceTree = BUILT_PRODUCTS_DIR; };
		835897D019322E33006096D2 /* Cocoa.framework */ = {isa = PBXFileReference; lastKnownFileType = wrapper.framework; name = Cocoa.framework; path = System/Library/Frameworks/Cocoa.framework; sourceTree = SDKROOT; };
		835897D319322E33006096D2 /* AppKit.framework */ = {isa = PBXFileReference; lastKnownFileType = wrapper.framework; name = AppKit.framework; path = System/Library/Frameworks/AppKit.framework; sourceTree = SDKROOT; };
		835897D419322E33006096D2 /* CoreData.framework */ = {isa = PBXFileReference; lastKnownFileType = wrapper.framework; name = CoreData.framework; path = System/Library/Frameworks/CoreData.framework; sourceTree = SDKROOT; };
		835897D519322E33006096D2 /* Foundation.framework */ = {isa = PBXFileReference; lastKnownFileType = wrapper.framework; name = Foundation.framework; path = System/Library/Frameworks/Foundation.framework; sourceTree = SDKROOT; };
		835897D819322E33006096D2 /* hello-Info.plist */ = {isa = PBXFileReference; lastKnownFileType = text.plist.xml; path = "hello-Info.plist"; sourceTree = "<group>"; };
		835897DA19322E33006096D2 /* en */ = {isa = PBXFileReference; lastKnownFileType = text.plist.strings; name = en; path = en.lproj/InfoPlist.strings; sourceTree = "<group>"; };
		835897DC19322E33006096D2 /* main.cpp */ = {isa = PBXFileReference; lastKnownFileType = sourcecode.cpp.cpp; path = main.cpp; sourceTree = "<group>"; };
		835897DE19322E33006096D2 /* hello-Prefix.pch */ = {isa = PBXFileReference; lastKnownFileType = sourcecode.c.h; path = "hello-Prefix.pch"; sourceTree = "<group>"; };
		835897E019322E33006096D2 /* en */ = {isa = PBXFileReference; lastKnownFileType = text.rtf; name = en; path = en.lproj/Credits.rtf; sourceTree = "<group>"; };
		835897E819322E34006096D2 /* Images.xcassets */ = {isa = PBXFileReference; lastKnownFileType = folder.assetcatalog; path = Images.xcassets; sourceTree = "<group>"; };
		8389FC761932BC48005585AC /* OpenGL.framework */ = {isa = PBXFileReference; lastKnownFileType = wrapper.framework; name = OpenGL.framework; path = System/Library/Frameworks/OpenGL.framework; sourceTree = SDKROOT; };
		8C9EB4D62FB6D14F0015F5D4 /* debug.h */ = {isa = PBXFileReference; lastKnownFileType = sourcecode.c.h; path = debug.h; sourceTree = "<group>"; };
		8C9EB4D72FB6D14F0015F5D4 /* defs.h */ = {isa = PBXFileReference; lastKnownFileType = sourcecode.c.h; path = defs.h; sourceTree = "<group>"; };
		8C9EB4D82FB6D14F0015F5D4 /* exception.h */ = {isa = PBXFileReference; lastKnownFileType = sourcecode.c.h; path = exception.h; sourceTree = "<group>"; };
		8C9EB4D92FB6D14F0015F5D4 /* noncopyable.h */ = {isa = PBXFileReference; lastKnownFileType = sourcecode.c.h; path = noncopyable.h; sourceTree = "<group>"; };
		8C9EB4DA2FB6D14F0015F5D4 /* pimpl.h */ = {isa = PBXFileReference; lastKnownFileType = sourcecode.c.h; path = pimpl.h; sourceTree = "<group>"; };
		8C9EB4DB2FB6D14F0015F5D4 /* ref.h */ = {isa = PBXFileReference; lastKnownFileType = sourcecode.c.h; path = ref.h; sourceTree = "<group>"; };
		8C9EB4DC2FB6D14F0015F5D4 /* string.h */ = {isa = PBXFileReference; lastKnownFileType = sourcecode.c.h; path = string.h; sourceTree = "<group>"; };
		8C9EB4DD2FB6D14F0015F5D4 /* time.h */ = {isa = PBXFileReference; lastKnownFileType = sourcecode.c.h; path = time.h; sourceTree = "<group>"; };
		8C9EB4DE2FB6D14F0015F5D4 /* util.h */ = {isa = PBXFileReference; lastKnownFileType = sourcecode.c.h; path = util.h; sourceTree = "<group>"; };
		8C9EB4DF2FB6D14F0015F5D4 /* windows.h */ = {isa = PBXFileReference; lastKnownFileType = sourcecode.c.h; path = windows.h; sourceTree = "<group>"; };
		8C9EB4E12FB6D14F0015F5D4 /* xot.h */ = {isa = PBXFileReference; lastKnownFileType = sourcecode.c.h; path = xot.h; sourceTree = "<group>"; };
		8C9EB4E32FB6D15F0015F5D4 /* debug.cpp */ = {isa = PBXFileReference; lastKnownFileType = sourcecode.cpp.cpp; path = debug.cpp; sourceTree = "<group>"; };
		8C9EB4E52FB6D15F0015F5D4 /* exception.cpp */ = {isa = PBXFileReference; lastKnownFileType = sourcecode.cpp.cpp; path = exception.cpp; sourceTree = "<group>"; };
		8C9EB4E72FB6D15F0015F5D4 /* string.cpp */ = {isa = PBXFileReference; lastKnownFileType = sourcecode.cpp.cpp; path = string.cpp; sourceTree = "<group>"; };
		8C9EB4E92FB6D15F0015F5D4 /* time.cpp */ = {isa = PBXFileReference; lastKnownFileType = sourcecode.cpp.cpp; path = time.cpp; sourceTree = "<group>"; };
		8C9EB4EB2FB6D15F0015F5D4 /* util.cpp */ = {isa = PBXFileReference; lastKnownFileType = sourcecode.cpp.cpp; path = util.cpp; sourceTree = "<group>"; };
		8C9EB5092FB6D1F50015F5D4 /* bitmap.h */ = {isa = PBXFileReference; lastKnownFileType = sourcecode.c.h; path = bitmap.h; sourceTree = "<group>"; };
		8C9EB50A2FB6D1F50015F5D4 /* bounds.h */ = {isa = PBXFileReference; lastKnownFileType = sourcecode.c.h; path = bounds.h; sourceTree = "<group>"; };
		8C9EB50B2FB6D1F50015F5D4 /* camera.h */ = {isa = PBXFileReference; lastKnownFileType = sourcecode.c.h; path = camera.h; sourceTree = "<group>"; };
		8C9EB50C2FB6D1F50015F5D4 /* color.h */ = {isa = PBXFileReference; lastKnownFileType = sourcecode.c.h; path = color.h; sourceTree = "<group>"; };
		8C9EB50D2FB6D1F50015F5D4 /* color_space.h */ = {isa = PBXFileReference; lastKnownFileType = sourcecode.c.h; path = color_space.h; sourceTree = "<group>"; };
		8C9EB50E2FB6D1F50015F5D4 /* coord.h */ = {isa = PBXFileReference; lastKnownFileType = sourcecode.c.h; path = coord.h; sourceTree = "<group>"; };
		8C9EB50F2FB6D1F50015F5D4 /* debug.h */ = {isa = PBXFileReference; lastKnownFileType = sourcecode.c.h; path = debug.h; sourceTree = "<group>"; };
		8C9EB5102FB6D1F50015F5D4 /* defs.h */ = {isa = PBXFileReference; lastKnownFileType = sourcecode.c.h; path = defs.h; sourceTree = "<group>"; };
		8C9EB5112FB6D1F50015F5D4 /* exception.h */ = {isa = PBXFileReference; lastKnownFileType = sourcecode.c.h; path = exception.h; sourceTree = "<group>"; };
		8C9EB5122FB6D1F50015F5D4 /* font.h */ = {isa = PBXFileReference; lastKnownFileType = sourcecode.c.h; path = font.h; sourceTree = "<group>"; };
		8C9EB5132FB6D1F50015F5D4 /* image.h */ = {isa = PBXFileReference; lastKnownFileType = sourcecode.c.h; path = image.h; sourceTree = "<group>"; };
		8C9EB5142FB6D1F50015F5D4 /* matrix.h */ = {isa = PBXFileReference; lastKnownFileType = sourcecode.c.h; path = matrix.h; sourceTree = "<group>"; };
		8C9EB5152FB6D1F50015F5D4 /* painter.h */ = {isa = PBXFileReference; lastKnownFileType = sourcecode.c.h; path = painter.h; sourceTree = "<group>"; };
		8C9EB5162FB6D1F50015F5D4 /* point.h */ = {isa = PBXFileReference; lastKnownFileType = sourcecode.c.h; path = point.h; sourceTree = "<group>"; };
		8C9EB5172FB6D1F50015F5D4 /* polygon.h */ = {isa = PBXFileReference; lastKnownFileType = sourcecode.c.h; path = polygon.h; sourceTree = "<group>"; };
		8C9EB5182FB6D1F50015F5D4 /* polyline.h */ = {isa = PBXFileReference; lastKnownFileType = sourcecode.c.h; path = polyline.h; sourceTree = "<group>"; };
		8C9EB5192FB6D1F50015F5D4 /* rays.h */ = {isa = PBXFileReference; lastKnownFileType = sourcecode.c.h; path = rays.h; sourceTree = "<group>"; };
		8C9EB51A2FB6D1F50015F5D4 /* ruby.h */ = {isa = PBXFileReference; lastKnownFileType = sourcecode.c.h; path = ruby.h; sourceTree = "<group>"; };
		8C9EB51B2FB6D1F50015F5D4 /* shader.h */ = {isa = PBXFileReference; lastKnownFileType = sourcecode.c.h; path = shader.h; sourceTree = "<group>"; };
		8C9EB51C2FB6D1F50015F5D4 /* util.h */ = {isa = PBXFileReference; lastKnownFileType = sourcecode.c.h; path = util.h; sourceTree = "<group>"; };
		8C9EB51E2FB6D1F50015F5D4 /* rays.h */ = {isa = PBXFileReference; lastKnownFileType = sourcecode.c.h; path = rays.h; sourceTree = "<group>"; };
		8C9EB5282FB6D2320015F5D4 /* opengl.mm */ = {isa = PBXFileReference; lastKnownFileType = sourcecode.cpp.objcpp; path = opengl.mm; sourceTree = "<group>"; };
		8C9EB52E2FB6D2320015F5D4 /* bitmap.cpp */ = {isa = PBXFileReference; lastKnownFileType = sourcecode.cpp.cpp; path = bitmap.cpp; sourceTree = "<group>"; };
		8C9EB52F2FB6D2320015F5D4 /* color_space.h */ = {isa = PBXFileReference; lastKnownFileType = sourcecode.c.h; path = color_space.h; sourceTree = "<group>"; };
		8C9EB5302FB6D2320015F5D4 /* color_space.cpp */ = {isa = PBXFileReference; lastKnownFileType = sourcecode.cpp.cpp; path = color_space.cpp; sourceTree = "<group>"; };
		8C9EB5312FB6D2320015F5D4 /* frame_buffer.h */ = {isa = PBXFileReference; lastKnownFileType = sourcecode.c.h; path = frame_buffer.h; sourceTree = "<group>"; };
		8C9EB5322FB6D2320015F5D4 /* frame_buffer.cpp */ = {isa = PBXFileReference; lastKnownFileType = sourcecode.cpp.cpp; path = frame_buffer.cpp; sourceTree = "<group>"; };
		8C9EB5332FB6D2320015F5D4 /* opengl.h */ = {isa = PBXFileReference; lastKnownFileType = sourcecode.c.h; path = opengl.h; sourceTree = "<group>"; };
		8C9EB5342FB6D2320015F5D4 /* opengl.cpp */ = {isa = PBXFileReference; lastKnownFileType = sourcecode.cpp.cpp; path = opengl.cpp; sourceTree = "<group>"; };
		8C9EB5352FB6D2320015F5D4 /* painter.cpp */ = {isa = PBXFileReference; lastKnownFileType = sourcecode.cpp.cpp; path = painter.cpp; sourceTree = "<group>"; };
		8C9EB5362FB6D2320015F5D4 /* render_buffer.h */ = {isa = PBXFileReference; lastKnownFileType = sourcecode.c.h; path = render_buffer.h; sourceTree = "<group>"; };
		8C9EB5372FB6D2320015F5D4 /* render_buffer.cpp */ = {isa = PBXFileReference; lastKnownFileType = sourcecode.cpp.cpp; path = render_buffer.cpp; sourceTree = "<group>"; };
		8C9EB5382FB6D2320015F5D4 /* shader.h */ = {isa = PBXFileReference; lastKnownFileType = sourcecode.c.h; path = shader.h; sourceTree = "<group>"; };
		8C9EB5392FB6D2320015F5D4 /* shader.cpp */ = {isa = PBXFileReference; lastKnownFileType = sourcecode.cpp.cpp; path = shader.cpp; sourceTree = "<group>"; };
		8C9EB53A2FB6D2320015F5D4 /* shader_program.h */ = {isa = PBXFileReference; lastKnownFileType = sourcecode.c.h; path = shader_program.h; sourceTree = "<group>"; };
		8C9EB53B2FB6D2320015F5D4 /* shader_program.cpp */ = {isa = PBXFileReference; lastKnownFileType = sourcecode.cpp.cpp; path = shader_program.cpp; sourceTree = "<group>"; };
		8C9EB53C2FB6D2320015F5D4 /* shader_source.h */ = {isa = PBXFileReference; lastKnownFileType = sourcecode.c.h; path = shader_source.h; sourceTree = "<group>"; };
		8C9EB53D2FB6D2320015F5D4 /* shader_source.cpp */ = {isa = PBXFileReference; lastKnownFileType = sourcecode.cpp.cpp; path = shader_source.cpp; sourceTree = "<group>"; };
		8C9EB53E2FB6D2320015F5D4 /* texture.h */ = {isa = PBXFileReference; lastKnownFileType = sourcecode.c.h; path = texture.h; sourceTree = "<group>"; };
		8C9EB53F2FB6D2320015F5D4 /* texture.cpp */ = {isa = PBXFileReference; lastKnownFileType = sourcecode.cpp.cpp; path = texture.cpp; sourceTree = "<group>"; };
		8C9EB5412FB6D2320015F5D4 /* bitmap.h */ = {isa = PBXFileReference; lastKnownFileType = sourcecode.c.h; path = bitmap.h; sourceTree = "<group>"; };
		8C9EB5422FB6D2320015F5D4 /* bitmap.mm */ = {isa = PBXFileReference; lastKnownFileType = sourcecode.cpp.objcpp; path = bitmap.mm; sourceTree = "<group>"; };
		8C9EB5432FB6D2320015F5D4 /* camera.mm */ = {isa = PBXFileReference; lastKnownFileType = sourcecode.cpp.objcpp; path = camera.mm; sourceTree = "<group>"; };
		8C9EB5442FB6D2320015F5D4 /* font.mm */ = {isa = PBXFileReference; lastKnownFileType = sourcecode.cpp.objcpp; path = font.mm; sourceTree = "<group>"; };
		8C9EB5452FB6D2320015F5D4 /* rays.mm */ = {isa = PBXFileReference; lastKnownFileType = sourcecode.cpp.objcpp; path = rays.mm; sourceTree = "<group>"; };
		8C9EB5532FB6D2320015F5D4 /* bitmap.h */ = {isa = PBXFileReference; lastKnownFileType = sourcecode.c.h; path = bitmap.h; sourceTree = "<group>"; };
		8C9EB5542FB6D2320015F5D4 /* bounds.cpp */ = {isa = PBXFileReference; lastKnownFileType = sourcecode.cpp.cpp; path = bounds.cpp; sourceTree = "<group>"; };
		8C9EB5552FB6D2320015F5D4 /* color.cpp */ = {isa = PBXFileReference; lastKnownFileType = sourcecode.cpp.cpp; path = color.cpp; sourceTree = "<group>"; };
		8C9EB5562FB6D2320015F5D4 /* color_space.cpp */ = {isa = PBXFileReference; lastKnownFileType = sourcecode.cpp.cpp; path = color_space.cpp; sourceTree = "<group>"; };
		8C9EB5572FB6D2320015F5D4 /* coord.h */ = {isa = PBXFileReference; lastKnownFileType = sourcecode.c.h; path = coord.h; sourceTree = "<group>"; };
		8C9EB5582FB6D2320015F5D4 /* coord.cpp */ = {isa = PBXFileReference; lastKnownFileType = sourcecode.cpp.cpp; path = coord.cpp; sourceTree = "<group>"; };
		8C9EB5592FB6D2320015F5D4 /* exception.cpp */ = {isa = PBXFileReference; lastKnownFileType = sourcecode.cpp.cpp; path = exception.cpp; sourceTree = "<group>"; };
		8C9EB55A2FB6D2320015F5D4 /* font.h */ = {isa = PBXFileReference; lastKnownFileType = sourcecode.c.h; path = font.h; sourceTree = "<group>"; };
		8C9EB55B2FB6D2320015F5D4 /* font.cpp */ = {isa = PBXFileReference; lastKnownFileType = sourcecode.cpp.cpp; path = font.cpp; sourceTree = "<group>"; };
		8C9EB55C2FB6D2320015F5D4 /* glm.h */ = {isa = PBXFileReference; lastKnownFileType = sourcecode.c.h; path = glm.h; sourceTree = "<group>"; };
		8C9EB55D2FB6D2320015F5D4 /* image.h */ = {isa = PBXFileReference; lastKnownFileType = sourcecode.c.h; path = image.h; sourceTree = "<group>"; };
		8C9EB55E2FB6D2320015F5D4 /* image.cpp */ = {isa = PBXFileReference; lastKnownFileType = sourcecode.cpp.cpp; path = image.cpp; sourceTree = "<group>"; };
		8C9EB55F2FB6D2320015F5D4 /* matrix.h */ = {isa = PBXFileReference; lastKnownFileType = sourcecode.c.h; path = matrix.h; sourceTree = "<group>"; };
		8C9EB5602FB6D2320015F5D4 /* matrix.cpp */ = {isa = PBXFileReference; lastKnownFileType = sourcecode.cpp.cpp; path = matrix.cpp; sourceTree = "<group>"; };
		8C9EB5612FB6D2320015F5D4 /* painter.h */ = {isa = PBXFileReference; lastKnownFileType = sourcecode.c.h; path = painter.h; sourceTree = "<group>"; };
		8C9EB5622FB6D2320015F5D4 /* painter.cpp */ = {isa = PBXFileReference; lastKnownFileType = sourcecode.cpp.cpp; path = painter.cpp; sourceTree = "<group>"; };
		8C9EB5632FB6D2320015F5D4 /* point.cpp */ = {isa = PBXFileReference; lastKnownFileType = sourcecode.cpp.cpp; path = point.cpp; sourceTree = "<group>"; };
		8C9EB5642FB6D2320015F5D4 /* polygon.h */ = {isa = PBXFileReference; lastKnownFileType = sourcecode.c.h; path = polygon.h; sourceTree = "<group>"; };
		8C9EB5652FB6D2320015F5D4 /* polygon.cpp */ = {isa = PBXFileReference; lastKnownFileType = sourcecode.cpp.cpp; path = polygon.cpp; sourceTree = "<group>"; };
		8C9EB5662FB6D2320015F5D4 /* polyline.h */ = {isa = PBXFileReference; lastKnownFileType = sourcecode.c.h; path = polyline.h; sourceTree = "<group>"; };
		8C9EB5672FB6D2320015F5D4 /* polyline.cpp */ = {isa = PBXFileReference; lastKnownFileType = sourcecode.cpp.cpp; path = polyline.cpp; sourceTree = "<group>"; };
		8C9EB5682FB6D2320015F5D4 /* renderer.h */ = {isa = PBXFileReference; lastKnownFileType = sourcecode.c.h; path = renderer.h; sourceTree = "<group>"; };
		8C9EB5692FB6D2320015F5D4 /* texture.h */ = {isa = PBXFileReference; lastKnownFileType = sourcecode.c.h; path = texture.h; sourceTree = "<group>"; };
		8C9EB56A2FB6D2320015F5D4 /* util.cpp */ = {isa = PBXFileReference; lastKnownFileType = sourcecode.cpp.cpp; path = util.cpp; sourceTree = "<group>"; };
		8C9EB5DC2FB6D2810015F5D4 /* clipper.cpp */ = {isa = PBXFileReference; lastKnownFileType = sourcecode.cpp.cpp; path = clipper.cpp; sourceTree = "<group>"; };
		8C9EC0832FB6D2810015F5D4 /* Splines.cpp */ = {isa = PBXFileReference; lastKnownFileType = sourcecode.cpp.cpp; path = Splines.cpp; sourceTree = "<group>"; };
		8C9EC9492FB6D2D60015F5D4 /* application.h */ = {isa = PBXFileReference; lastKnownFileType = sourcecode.c.h; path = application.h; sourceTree = "<group>"; };
		8C9EC94A2FB6D2D60015F5D4 /* debug.h */ = {isa = PBXFileReference; lastKnownFileType = sourcecode.c.h; path = debug.h; sourceTree = "<group>"; };
		8C9EC94B2FB6D2D60015F5D4 /* defs.h */ = {isa = PBXFileReference; lastKnownFileType = sourcecode.c.h; path = defs.h; sourceTree = "<group>"; };
		8C9EC94C2FB6D2D60015F5D4 /* device.h */ = {isa = PBXFileReference; lastKnownFileType = sourcecode.c.h; path = device.h; sourceTree = "<group>"; };
		8C9EC94D2FB6D2D60015F5D4 /* event.h */ = {isa = PBXFileReference; lastKnownFileType = sourcecode.c.h; path = event.h; sourceTree = "<group>"; };
		8C9EC94E2FB6D2D60015F5D4 /* exception.h */ = {isa = PBXFileReference; lastKnownFileType = sourcecode.c.h; path = exception.h; sourceTree = "<group>"; };
		8C9EC94F2FB6D2D60015F5D4 /* filter.h */ = {isa = PBXFileReference; lastKnownFileType = sourcecode.c.h; path = filter.h; sourceTree = "<group>"; };
		8C9EC9502FB6D2D60015F5D4 /* gamepad.h */ = {isa = PBXFileReference; lastKnownFileType = sourcecode.c.h; path = gamepad.h; sourceTree = "<group>"; };
		8C9EC9512FB6D2D60015F5D4 /* image_view.h */ = {isa = PBXFileReference; lastKnownFileType = sourcecode.c.h; path = image_view.h; sourceTree = "<group>"; };
		8C9EC9522FB6D2D60015F5D4 /* midi.h */ = {isa = PBXFileReference; lastKnownFileType = sourcecode.c.h; path = midi.h; sourceTree = "<group>"; };
		8C9EC9532FB6D2D60015F5D4 /* pointer.h */ = {isa = PBXFileReference; lastKnownFileType = sourcecode.c.h; path = pointer.h; sourceTree = "<group>"; };
		8C9EC9542FB6D2D60015F5D4 /* reflex.h */ = {isa = PBXFileReference; lastKnownFileType = sourcecode.c.h; path = reflex.h; sourceTree = "<group>"; };
		8C9EC9552FB6D2D60015F5D4 /* ruby.h */ = {isa = PBXFileReference; lastKnownFileType = sourcecode.c.h; path = ruby.h; sourceTree = "<group>"; };
		8C9EC9562FB6D2D60015F5D4 /* screen.h */ = {isa = PBXFileReference; lastKnownFileType = sourcecode.c.h; path = screen.h; sourceTree = "<group>"; };
		8C9EC9572FB6D2D60015F5D4 /* selector.h */ = {isa = PBXFileReference; lastKnownFileType = sourcecode.c.h; path = selector.h; sourceTree = "<group>"; };
		8C9EC9582FB6D2D60015F5D4 /* shape.h */ = {isa = PBXFileReference; lastKnownFileType = sourcecode.c.h; path = shape.h; sourceTree = "<group>"; };
		8C9EC9592FB6D2D60015F5D4 /* style.h */ = {isa = PBXFileReference; lastKnownFileType = sourcecode.c.h; path = style.h; sourceTree = "<group>"; };
		8C9EC95A2FB6D2D60015F5D4 /* timer.h */ = {isa = PBXFileReference; lastKnownFileType = sourcecode.c.h; path = timer.h; sourceTree = "<group>"; };
		8C9EC95B2FB6D2D60015F5D4 /* view.h */ = {isa = PBXFileReference; lastKnownFileType = sourcecode.c.h; path = view.h; sourceTree = "<group>"; };
		8C9EC95C2FB6D2D60015F5D4 /* window.h */ = {isa = PBXFileReference; lastKnownFileType = sourcecode.c.h; path = window.h; sourceTree = "<group>"; };
		8C9EC95E2FB6D2D60015F5D4 /* reflex.h */ = {isa = PBXFileReference; lastKnownFileType = sourcecode.c.h; path = reflex.h; sourceTree = "<group>"; };
		8C9EC9702FB6D2EB0015F5D4 /* app_delegate.h */ = {isa = PBXFileReference; lastKnownFileType = sourcecode.c.h; path = app_delegate.h; sourceTree = "<group>"; };
		8C9EC9712FB6D2EB0015F5D4 /* app_delegate.mm */ = {isa = PBXFileReference; lastKnownFileType = sourcecode.cpp.objcpp; path = app_delegate.mm; sourceTree = "<group>"; };
		8C9EC9722FB6D2EB0015F5D4 /* application.h */ = {isa = PBXFileReference; lastKnownFileType = sourcecode.c.h; path = application.h; sourceTree = "<group>"; };
		8C9EC9732FB6D2EB0015F5D4 /* application.mm */ = {isa = PBXFileReference; lastKnownFileType = sourcecode.cpp.objcpp; path = application.mm; sourceTree = "<group>"; };
		8C9EC9742FB6D2EB0015F5D4 /* device.mm */ = {isa = PBXFileReference; lastKnownFileType = sourcecode.cpp.objcpp; path = device.mm; sourceTree = "<group>"; };
		8C9EC9752FB6D2EB0015F5D4 /* event.h */ = {isa = PBXFileReference; lastKnownFileType = sourcecode.c.h; path = event.h; sourceTree = "<group>"; };
		8C9EC9762FB6D2EB0015F5D4 /* event.mm */ = {isa = PBXFileReference; lastKnownFileType = sourcecode.cpp.objcpp; path = event.mm; sourceTree = "<group>"; };
		8C9EC9772FB6D2EB0015F5D4 /* gamepad.mm */ = {isa = PBXFileReference; lastKnownFileType = sourcecode.cpp.objcpp; path = gamepad.mm; sourceTree = "<group>"; };
		8C9EC9782FB6D2EB0015F5D4 /* gamepad_gc.mm */ = {isa = PBXFileReference; lastKnownFileType = sourcecode.cpp.objcpp; path = gamepad_gc.mm; sourceTree = "<group>"; };
		8C9EC9792FB6D2EB0015F5D4 /* gamepad_hid.mm */ = {isa = PBXFileReference; lastKnownFileType = sourcecode.cpp.objcpp; path = gamepad_hid.mm; sourceTree = "<group>"; };
		8C9EC97A2FB6D2EB0015F5D4 /* native_window.h */ = {isa = PBXFileReference; lastKnownFileType = sourcecode.c.h; path = native_window.h; sourceTree = "<group>"; };
		8C9EC97B2FB6D2EB0015F5D4 /* native_window.mm */ = {isa = PBXFileReference; lastKnownFileType = sourcecode.cpp.objcpp; path = native_window.mm; sourceTree = "<group>"; };
		8C9EC97C2FB6D2EB0015F5D4 /* opengl_view.h */ = {isa = PBXFileReference; lastKnownFileType = sourcecode.c.h; path = opengl_view.h; sourceTree = "<group>"; };
		8C9EC97D2FB6D2EB0015F5D4 /* opengl_view.mm */ = {isa = PBXFileReference; lastKnownFileType = sourcecode.cpp.objcpp; path = opengl_view.mm; sourceTree = "<group>"; };
		8C9EC97E2FB6D2EB0015F5D4 /* reflex.mm */ = {isa = PBXFileReference; lastKnownFileType = sourcecode.cpp.objcpp; path = reflex.mm; sourceTree = "<group>"; };
		8C9EC97F2FB6D2EB0015F5D4 /* screen.h */ = {isa = PBXFileReference; lastKnownFileType = sourcecode.c.h; path = screen.h; sourceTree = "<group>"; };
		8C9EC9802FB6D2EB0015F5D4 /* screen.mm */ = {isa = PBXFileReference; lastKnownFileType = sourcecode.cpp.objcpp; path = screen.mm; sourceTree = "<group>"; };
		8C9EC9812FB6D2EB0015F5D4 /* window.h */ = {isa = PBXFileReference; lastKnownFileType = sourcecode.c.h; path = window.h; sourceTree = "<group>"; };
		8C9EC9822FB6D2EB0015F5D4 /* window.mm */ = {isa = PBXFileReference; lastKnownFileType = sourcecode.cpp.objcpp; path = window.mm; sourceTree = "<group>"; };
		8C9EC99F2FB6D2EB0015F5D4 /* application.h */ = {isa = PBXFileReference; lastKnownFileType = sourcecode.c.h; path = application.h; sourceTree = "<group>"; };
		8C9EC9A02FB6D2EB0015F5D4 /* application.cpp */ = {isa = PBXFileReference; lastKnownFileType = sourcecode.cpp.cpp; path = application.cpp; sourceTree = "<group>"; };
		8C9EC9A12FB6D2EB0015F5D4 /* body.h */ = {isa = PBXFileReference; lastKnownFileType = sourcecode.c.h; path = body.h; sourceTree = "<group>"; };
		8C9EC9A22FB6D2EB0015F5D4 /* body.cpp */ = {isa = PBXFileReference; lastKnownFileType = sourcecode.cpp.cpp; path = body.cpp; sourceTree = "<group>"; };
		8C9EC9A32FB6D2EB0015F5D4 /* device.cpp */ = {isa = PBXFileReference; lastKnownFileType = sourcecode.cpp.cpp; path = device.cpp; sourceTree = "<group>"; };
		8C9EC9A42FB6D2EB0015F5D4 /* event.h */ = {isa = PBXFileReference; lastKnownFileType = sourcecode.c.h; path = event.h; sourceTree = "<group>"; };
		8C9EC9A52FB6D2EB0015F5D4 /* event.cpp */ = {isa = PBXFileReference; lastKnownFileType = sourcecode.cpp.cpp; path = event.cpp; sourceTree = "<group>"; };
		8C9EC9A62FB6D2EB0015F5D4 /* exception.cpp */ = {isa = PBXFileReference; lastKnownFileType = sourcecode.cpp.cpp; path = exception.cpp; sourceTree = "<group>"; };
		8C9EC9A72FB6D2EB0015F5D4 /* filter.cpp */ = {isa = PBXFileReference; lastKnownFileType = sourcecode.cpp.cpp; path = filter.cpp; sourceTree = "<group>"; };
		8C9EC9A82FB6D2EB0015F5D4 /* fixture.h */ = {isa = PBXFileReference; lastKnownFileType = sourcecode.c.h; path = fixture.h; sourceTree = "<group>"; };
		8C9EC9A92FB6D2EB0015F5D4 /* fixture.cpp */ = {isa = PBXFileReference; lastKnownFileType = sourcecode.cpp.cpp; path = fixture.cpp; sourceTree = "<group>"; };
		8C9EC9AA2FB6D2EB0015F5D4 /* gamepad.h */ = {isa = PBXFileReference; lastKnownFileType = sourcecode.c.h; path = gamepad.h; sourceTree = "<group>"; };
		8C9EC9AB2FB6D2EB0015F5D4 /* gamepad.cpp */ = {isa = PBXFileReference; lastKnownFileType = sourcecode.cpp.cpp; path = gamepad.cpp; sourceTree = "<group>"; };
		8C9EC9AC2FB6D2EB0015F5D4 /* image_view.cpp */ = {isa = PBXFileReference; lastKnownFileType = sourcecode.cpp.cpp; path = image_view.cpp; sourceTree = "<group>"; };
		8C9EC9AD2FB6D2EB0015F5D4 /* midi.h */ = {isa = PBXFileReference; lastKnownFileType = sourcecode.c.h; path = midi.h; sourceTree = "<group>"; };
		8C9EC9AE2FB6D2EB0015F5D4 /* midi.cpp */ = {isa = PBXFileReference; lastKnownFileType = sourcecode.cpp.cpp; path = midi.cpp; sourceTree = "<group>"; };
		8C9EC9AF2FB6D2EB0015F5D4 /* pointer.h */ = {isa = PBXFileReference; lastKnownFileType = sourcecode.c.h; path = pointer.h; sourceTree = "<group>"; };
		8C9EC9B02FB6D2EB0015F5D4 /* pointer.cpp */ = {isa = PBXFileReference; lastKnownFileType = sourcecode.cpp.cpp; path = pointer.cpp; sourceTree = "<group>"; };
		8C9EC9B12FB6D2EB0015F5D4 /* queue.h */ = {isa = PBXFileReference; lastKnownFileType = sourcecode.c.h; path = queue.h; sourceTree = "<group>"; };
		8C9EC9B22FB6D2EB0015F5D4 /* reflex.cpp */ = {isa = PBXFileReference; lastKnownFileType = sourcecode.cpp.cpp; path = reflex.cpp; sourceTree = "<group>"; };
		8C9EC9B32FB6D2EB0015F5D4 /* selector.h */ = {isa = PBXFileReference; lastKnownFileType = sourcecode.c.h; path = selector.h; sourceTree = "<group>"; };
		8C9EC9B42FB6D2EB0015F5D4 /* selector.cpp */ = {isa = PBXFileReference; lastKnownFileType = sourcecode.cpp.cpp; path = selector.cpp; sourceTree = "<group>"; };
		8C9EC9B52FB6D2EB0015F5D4 /* shape.h */ = {isa = PBXFileReference; lastKnownFileType = sourcecode.c.h; path = shape.h; sourceTree = "<group>"; };
		8C9EC9B62FB6D2EB0015F5D4 /* shape.cpp */ = {isa = PBXFileReference; lastKnownFileType = sourcecode.cpp.cpp; path = shape.cpp; sourceTree = "<group>"; };
		8C9EC9B72FB6D2EB0015F5D4 /* style.h */ = {isa = PBXFileReference; lastKnownFileType = sourcecode.c.h; path = style.h; sourceTree = "<group>"; };
		8C9EC9B82FB6D2EB0015F5D4 /* style.cpp */ = {isa = PBXFileReference; lastKnownFileType = sourcecode.cpp.cpp; path = style.cpp; sourceTree = "<group>"; };
		8C9EC9B92FB6D2EB0015F5D4 /* timer.h */ = {isa = PBXFileReference; lastKnownFileType = sourcecode.c.h; path = timer.h; sourceTree = "<group>"; };
		8C9EC9BA2FB6D2EB0015F5D4 /* timer.cpp */ = {isa = PBXFileReference; lastKnownFileType = sourcecode.cpp.cpp; path = timer.cpp; sourceTree = "<group>"; };
		8C9EC9BB2FB6D2EB0015F5D4 /* view.h */ = {isa = PBXFileReference; lastKnownFileType = sourcecode.c.h; path = view.h; sourceTree = "<group>"; };
		8C9EC9BC2FB6D2EB0015F5D4 /* view.cpp */ = {isa = PBXFileReference; lastKnownFileType = sourcecode.cpp.cpp; path = view.cpp; sourceTree = "<group>"; };
		8C9EC9BD2FB6D2EB0015F5D4 /* window.h */ = {isa = PBXFileReference; lastKnownFileType = sourcecode.c.h; path = window.h; sourceTree = "<group>"; };
		8C9EC9BE2FB6D2EB0015F5D4 /* window.cpp */ = {isa = PBXFileReference; lastKnownFileType = sourcecode.cpp.cpp; path = window.cpp; sourceTree = "<group>"; };
		8C9EC9BF2FB6D2EB0015F5D4 /* world.h */ = {isa = PBXFileReference; lastKnownFileType = sourcecode.c.h; path = world.h; sourceTree = "<group>"; };
		8C9EC9C02FB6D2EB0015F5D4 /* world.cpp */ = {isa = PBXFileReference; lastKnownFileType = sourcecode.cpp.cpp; path = world.cpp; sourceTree = "<group>"; };
		8C9ECAAE2FB6D30B0015F5D4 /* b2_broad_phase.cpp */ = {isa = PBXFileReference; lastKnownFileType = sourcecode.cpp.cpp; path = b2_broad_phase.cpp; sourceTree = "<group>"; };
		8C9ECAB02FB6D30B0015F5D4 /* b2_chain_shape.cpp */ = {isa = PBXFileReference; lastKnownFileType = sourcecode.cpp.cpp; path = b2_chain_shape.cpp; sourceTree = "<group>"; };
		8C9ECAB22FB6D30B0015F5D4 /* b2_circle_shape.cpp */ = {isa = PBXFileReference; lastKnownFileType = sourcecode.cpp.cpp; path = b2_circle_shape.cpp; sourceTree = "<group>"; };
		8C9ECAB42FB6D30B0015F5D4 /* b2_collide_circle.cpp */ = {isa = PBXFileReference; lastKnownFileType = sourcecode.cpp.cpp; path = b2_collide_circle.cpp; sourceTree = "<group>"; };
		8C9ECAB62FB6D30B0015F5D4 /* b2_collide_edge.cpp */ = {isa = PBXFileReference; lastKnownFileType = sourcecode.cpp.cpp; path = b2_collide_edge.cpp; sourceTree = "<group>"; };
		8C9ECAB82FB6D30B0015F5D4 /* b2_collide_polygon.cpp */ = {isa = PBXFileReference; lastKnownFileType = sourcecode.cpp.cpp; path = b2_collide_polygon.cpp; sourceTree = "<group>"; };
		8C9ECABA2FB6D30B0015F5D4 /* b2_collision.cpp */ = {isa = PBXFileReference; lastKnownFileType = sourcecode.cpp.cpp; path = b2_collision.cpp; sourceTree = "<group>"; };
		8C9ECABC2FB6D30B0015F5D4 /* b2_distance.cpp */ = {isa = PBXFileReference; lastKnownFileType = sourcecode.cpp.cpp; path = b2_distance.cpp; sourceTree = "<group>"; };
		8C9ECABE2FB6D30B0015F5D4 /* b2_dynamic_tree.cpp */ = {isa = PBXFileReference; lastKnownFileType = sourcecode.cpp.cpp; path = b2_dynamic_tree.cpp; sourceTree = "<group>"; };
		8C9ECAC02FB6D30B0015F5D4 /* b2_edge_shape.cpp */ = {isa = PBXFileReference; lastKnownFileType = sourcecode.cpp.cpp; path = b2_edge_shape.cpp; sourceTree = "<group>"; };
		8C9ECAC22FB6D30B0015F5D4 /* b2_polygon_shape.cpp */ = {isa = PBXFileReference; lastKnownFileType = sourcecode.cpp.cpp; path = b2_polygon_shape.cpp; sourceTree = "<group>"; };
		8C9ECAC42FB6D30B0015F5D4 /* b2_time_of_impact.cpp */ = {isa = PBXFileReference; lastKnownFileType = sourcecode.cpp.cpp; path = b2_time_of_impact.cpp; sourceTree = "<group>"; };
		8C9ECAC72FB6D30B0015F5D4 /* b2_block_allocator.cpp */ = {isa = PBXFileReference; lastKnownFileType = sourcecode.cpp.cpp; path = b2_block_allocator.cpp; sourceTree = "<group>"; };
		8C9ECAC92FB6D30B0015F5D4 /* b2_draw.cpp */ = {isa = PBXFileReference; lastKnownFileType = sourcecode.cpp.cpp; path = b2_draw.cpp; sourceTree = "<group>"; };
		8C9ECACB2FB6D30B0015F5D4 /* b2_math.cpp */ = {isa = PBXFileReference; lastKnownFileType = sourcecode.cpp.cpp; path = b2_math.cpp; sourceTree = "<group>"; };
		8C9ECACD2FB6D30B0015F5D4 /* b2_settings.cpp */ = {isa = PBXFileReference; lastKnownFileType = sourcecode.cpp.cpp; path = b2_settings.cpp; sourceTree = "<group>"; };
		8C9ECACF2FB6D30B0015F5D4 /* b2_stack_allocator.cpp */ = {isa = PBXFileReference; lastKnownFileType = sourcecode.cpp.cpp; path = b2_stack_allocator.cpp; sourceTree = "<group>"; };
		8C9ECAD12FB6D30B0015F5D4 /* b2_timer.cpp */ = {isa = PBXFileReference; lastKnownFileType = sourcecode.cpp.cpp; path = b2_timer.cpp; sourceTree = "<group>"; };
		8C9ECAD42FB6D30B0015F5D4 /* b2_body.cpp */ = {isa = PBXFileReference; lastKnownFileType = sourcecode.cpp.cpp; path = b2_body.cpp; sourceTree = "<group>"; };
		8C9ECAD72FB6D30B0015F5D4 /* b2_chain_circle_contact.cpp */ = {isa = PBXFileReference; lastKnownFileType = sourcecode.cpp.cpp; path = b2_chain_circle_contact.cpp; sourceTree = "<group>"; };
		8C9ECADA2FB6D30B0015F5D4 /* b2_chain_polygon_contact.cpp */ = {isa = PBXFileReference; lastKnownFileType = sourcecode.cpp.cpp; path = b2_chain_polygon_contact.cpp; sourceTree = "<group>"; };
		8C9ECADD2FB6D30B0015F5D4 /* b2_circle_contact.cpp */ = {isa = PBXFileReference; lastKnownFileType = sourcecode.cpp.cpp; path = b2_circle_contact.cpp; sourceTree = "<group>"; };
		8C9ECADF2FB6D30B0015F5D4 /* b2_contact.cpp */ = {isa = PBXFileReference; lastKnownFileType = sourcecode.cpp.cpp; path = b2_contact.cpp; sourceTree = "<group>"; };
		8C9ECAE12FB6D30B0015F5D4 /* b2_contact_manager.cpp */ = {isa = PBXFileReference; lastKnownFileType = sourcecode.cpp.cpp; path = b2_contact_manager.cpp; sourceTree = "<group>"; };
		8C9ECAE42FB6D30B0015F5D4 /* b2_contact_solver.cpp */ = {isa = PBXFileReference; lastKnownFileType = sourcecode.cpp.cpp; path = b2_contact_solver.cpp; sourceTree = "<group>"; };
		8C9ECAE62FB6D30B0015F5D4 /* b2_distance_joint.cpp */ = {isa = PBXFileReference; lastKnownFileType = sourcecode.cpp.cpp; path = b2_distance_joint.cpp; sourceTree = "<group>"; };
		8C9ECAE92FB6D30B0015F5D4 /* b2_edge_circle_contact.cpp */ = {isa = PBXFileReference; lastKnownFileType = sourcecode.cpp.cpp; path = b2_edge_circle_contact.cpp; sourceTree = "<group>"; };
		8C9ECAEC2FB6D30B0015F5D4 /* b2_edge_polygon_contact.cpp */ = {isa = PBXFileReference; lastKnownFileType = sourcecode.cpp.cpp; path = b2_edge_polygon_contact.cpp; sourceTree = "<group>"; };
		8C9ECAEE2FB6D30B0015F5D4 /* b2_fixture.cpp */ = {isa = PBXFileReference; lastKnownFileType = sourcecode.cpp.cpp; path = b2_fixture.cpp; sourceTree = "<group>"; };
		8C9ECAF02FB6D30B0015F5D4 /* b2_friction_joint.cpp */ = {isa = PBXFileReference; lastKnownFileType = sourcecode.cpp.cpp; path = b2_friction_joint.cpp; sourceTree = "<group>"; };
		8C9ECAF22FB6D30B0015F5D4 /* b2_gear_joint.cpp */ = {isa = PBXFileReference; lastKnownFileType = sourcecode.cpp.cpp; path = b2_gear_joint.cpp; sourceTree = "<group>"; };
		8C9ECAF52FB6D30B0015F5D4 /* b2_island.cpp */ = {isa = PBXFileReference; lastKnownFileType = sourcecode.cpp.cpp; path = b2_island.cpp; sourceTree = "<group>"; };
		8C9ECAF72FB6D30B0015F5D4 /* b2_joint.cpp */ = {isa = PBXFileReference; lastKnownFileType = sourcecode.cpp.cpp; path = b2_joint.cpp; sourceTree = "<group>"; };
		8C9ECAF92FB6D30B0015F5D4 /* b2_motor_joint.cpp */ = {isa = PBXFileReference; lastKnownFileType = sourcecode.cpp.cpp; path = b2_motor_joint.cpp; sourceTree = "<group>"; };
		8C9ECAFB2FB6D30B0015F5D4 /* b2_mouse_joint.cpp */ = {isa = PBXFileReference; lastKnownFileType = sourcecode.cpp.cpp; path = b2_mouse_joint.cpp; sourceTree = "<group>"; };
		8C9ECAFE2FB6D30B0015F5D4 /* b2_polygon_circle_contact.cpp */ = {isa = PBXFileReference; lastKnownFileType = sourcecode.cpp.cpp; path = b2_polygon_circle_contact.cpp; sourceTree = "<group>"; };
		8C9ECB012FB6D30B0015F5D4 /* b2_polygon_contact.cpp */ = {isa = PBXFileReference; lastKnownFileType = sourcecode.cpp.cpp; path = b2_polygon_contact.cpp; sourceTree = "<group>"; };
		8C9ECB032FB6D30B0015F5D4 /* b2_prismatic_joint.cpp */ = {isa = PBXFileReference; lastKnownFileType = sourcecode.cpp.cpp; path = b2_prismatic_joint.cpp; sourceTree = "<group>"; };
		8C9ECB052FB6D30B0015F5D4 /* b2_pulley_joint.cpp */ = {isa = PBXFileReference; lastKnownFileType = sourcecode.cpp.cpp; path = b2_pulley_joint.cpp; sourceTree = "<group>"; };
		8C9ECB072FB6D30B0015F5D4 /* b2_revolute_joint.cpp */ = {isa = PBXFileReference; lastKnownFileType = sourcecode.cpp.cpp; path = b2_revolute_joint.cpp; sourceTree = "<group>"; };
		8C9ECB092FB6D30B0015F5D4 /* b2_weld_joint.cpp */ = {isa = PBXFileReference; lastKnownFileType = sourcecode.cpp.cpp; path = b2_weld_joint.cpp; sourceTree = "<group>"; };
		8C9ECB0B2FB6D30B0015F5D4 /* b2_wheel_joint.cpp */ = {isa = PBXFileReference; lastKnownFileType = sourcecode.cpp.cpp; path = b2_wheel_joint.cpp; sourceTree = "<group>"; };
		8C9ECB0D2FB6D30B0015F5D4 /* b2_world.cpp */ = {isa = PBXFileReference; lastKnownFileType = sourcecode.cpp.cpp; path = b2_world.cpp; sourceTree = "<group>"; };
		8C9ECB0F2FB6D30B0015F5D4 /* b2_world_callbacks.cpp */ = {isa = PBXFileReference; lastKnownFileType = sourcecode.cpp.cpp; path = b2_world_callbacks.cpp; sourceTree = "<group>"; };
		8C9ECB122FB6D30B0015F5D4 /* b2_rope.cpp */ = {isa = PBXFileReference; lastKnownFileType = sourcecode.cpp.cpp; path = b2_rope.cpp; sourceTree = "<group>"; };
		8C9ECBF12FB6D30B0015F5D4 /* RtMidi.cpp */ = {isa = PBXFileReference; lastKnownFileType = sourcecode.cpp.cpp; path = RtMidi.cpp; sourceTree = "<group>"; };
		8C9ECDA82FB6D67D0015F5D4 /* AVFoundation.framework */ = {isa = PBXFileReference; lastKnownFileType = wrapper.framework; name = AVFoundation.framework; path = System/Library/Frameworks/AVFoundation.framework; sourceTree = SDKROOT; };
		8C9ECDAA2FB6D68C0015F5D4 /* CoreMotion.framework */ = {isa = PBXFileReference; lastKnownFileType = wrapper.framework; name = CoreMotion.framework; path = System/Library/Frameworks/CoreMotion.framework; sourceTree = SDKROOT; };
		8C9ECDAC2FB6D69B0015F5D4 /* GameController.framework */ = {isa = PBXFileReference; lastKnownFileType = wrapper.framework; name = GameController.framework; path = System/Library/Frameworks/GameController.framework; sourceTree = SDKROOT; };
		8C9ECDAE2FB6D6AD0015F5D4 /* CoreImage.framework */ = {isa = PBXFileReference; lastKnownFileType = wrapper.framework; name = CoreImage.framework; path = System/Library/Frameworks/CoreImage.framework; sourceTree = SDKROOT; };
		8C9ECDB02FB6D6B70015F5D4 /* CoreVideo.framework */ = {isa = PBXFileReference; lastKnownFileType = wrapper.framework; name = CoreVideo.framework; path = System/Library/Frameworks/CoreVideo.framework; sourceTree = SDKROOT; };
		8C9ECDB22FB6D6C20015F5D4 /* CoreMedia.framework */ = {isa = PBXFileReference; lastKnownFileType = wrapper.framework; name = CoreMedia.framework; path = System/Library/Frameworks/CoreMedia.framework; sourceTree = SDKROOT; };
		8C9ECDB42FB6D72E0015F5D4 /* CoreHID.framework */ = {isa = PBXFileReference; lastKnownFileType = wrapper.framework; name = CoreHID.framework; path = System/Library/Frameworks/CoreHID.framework; sourceTree = SDKROOT; };
		8C9ECDB62FB6D77C0015F5D4 /* IOKit.framework */ = {isa = PBXFileReference; lastKnownFileType = wrapper.framework; name = IOKit.framework; path = System/Library/Frameworks/IOKit.framework; sourceTree = SDKROOT; };
		8C9ECDB82FB6D8340015F5D4 /* CoreMIDI.framework */ = {isa = PBXFileReference; lastKnownFileType = wrapper.framework; name = CoreMIDI.framework; path = System/Library/Frameworks/CoreMIDI.framework; sourceTree = SDKROOT; };
		8C9ECDBA2FB6D8460015F5D4 /* CoreAudio.framework */ = {isa = PBXFileReference; lastKnownFileType = wrapper.framework; name = CoreAudio.framework; path = System/Library/Frameworks/CoreAudio.framework; sourceTree = SDKROOT; };
/* End PBXFileReference section */

/* Begin PBXFrameworksBuildPhase section */
		835897CA19322E33006096D2 /* Frameworks */ = {
			isa = PBXFrameworksBuildPhase;
			buildActionMask = 2147483647;
			files = (
				8389FC771932BC48005585AC /* OpenGL.framework in Frameworks */,
				835897D119322E33006096D2 /* Cocoa.framework in Frameworks */,
				8C9ECDAF2FB6D6AD0015F5D4 /* CoreImage.framework in Frameworks */,
				8C9ECDB72FB6D77C0015F5D4 /* IOKit.framework in Frameworks */,
				8C9ECDAD2FB6D69B0015F5D4 /* GameController.framework in Frameworks */,
				8C9ECDA92FB6D67D0015F5D4 /* AVFoundation.framework in Frameworks */,
				8C9ECDB12FB6D6B70015F5D4 /* CoreVideo.framework in Frameworks */,
				8C9ECDB92FB6D8340015F5D4 /* CoreMIDI.framework in Frameworks */,
				8C9ECDBB2FB6D8460015F5D4 /* CoreAudio.framework in Frameworks */,
				8C9ECDB32FB6D6C20015F5D4 /* CoreMedia.framework in Frameworks */,
			);
			runOnlyForDeploymentPostprocessing = 0;
		};
/* End PBXFrameworksBuildPhase section */

/* Begin PBXGroup section */
		835897C419322E33006096D2 = {
			isa = PBXGroup;
			children = (
				835897D619322E33006096D2 /* hello */,
				835897CF19322E33006096D2 /* Frameworks */,
				835897CE19322E33006096D2 /* Products */,
			);
			sourceTree = "<group>";
		};
		835897CE19322E33006096D2 /* Products */ = {
			isa = PBXGroup;
			children = (
				835897CD19322E33006096D2 /* hello.app */,
			);
			name = Products;
			sourceTree = "<group>";
		};
		835897CF19322E33006096D2 /* Frameworks */ = {
			isa = PBXGroup;
			children = (
				8C9ECDBA2FB6D8460015F5D4 /* CoreAudio.framework */,
				8C9ECDB82FB6D8340015F5D4 /* CoreMIDI.framework */,
				8C9ECDB62FB6D77C0015F5D4 /* IOKit.framework */,
				8C9ECDB42FB6D72E0015F5D4 /* CoreHID.framework */,
				8C9ECDB22FB6D6C20015F5D4 /* CoreMedia.framework */,
				8C9ECDB02FB6D6B70015F5D4 /* CoreVideo.framework */,
				8C9ECDAE2FB6D6AD0015F5D4 /* CoreImage.framework */,
				8C9ECDAC2FB6D69B0015F5D4 /* GameController.framework */,
				8C9ECDAA2FB6D68C0015F5D4 /* CoreMotion.framework */,
				8C9ECDA82FB6D67D0015F5D4 /* AVFoundation.framework */,
				8389FC761932BC48005585AC /* OpenGL.framework */,
				835897D019322E33006096D2 /* Cocoa.framework */,
				835897D219322E33006096D2 /* Other Frameworks */,
			);
			name = Frameworks;
			sourceTree = "<group>";
		};
		835897D219322E33006096D2 /* Other Frameworks */ = {
			isa = PBXGroup;
			children = (
				835897D319322E33006096D2 /* AppKit.framework */,
				835897D419322E33006096D2 /* CoreData.framework */,
				835897D519322E33006096D2 /* Foundation.framework */,
			);
			name = "Other Frameworks";
			sourceTree = "<group>";
		};
		835897D619322E33006096D2 /* hello */ = {
			isa = PBXGroup;
			children = (
				8358980419322E52006096D2 /* xot */,
				8389FC4A1932B839005585AC /* rays */,
				8389FC781932BC57005585AC /* reflex */,
				835897D719322E33006096D2 /* etc */,
				835897DC19322E33006096D2 /* main.cpp */,
			);
			path = hello;
			sourceTree = "<group>";
		};
		835897D719322E33006096D2 /* etc */ = {
			isa = PBXGroup;
			children = (
				835897DF19322E33006096D2 /* Credits.rtf */,
				835897D819322E33006096D2 /* hello-Info.plist */,
				835897DE19322E33006096D2 /* hello-Prefix.pch */,
				835897E819322E34006096D2 /* Images.xcassets */,
				835897D919322E33006096D2 /* InfoPlist.strings */,
			);
			name = etc;
			sourceTree = "<group>";
		};
		8358980419322E52006096D2 /* xot */ = {
			isa = PBXGroup;
			children = (
				8C9EB4E22FB6D14F0015F5D4 /* include */,
				8C9EB4ED2FB6D15F0015F5D4 /* src */,
			);
			name = xot;
			sourceTree = "<group>";
		};
		8389FC4A1932B839005585AC /* rays */ = {
			isa = PBXGroup;
			children = (
				8C9EB51F2FB6D1F50015F5D4 /* include */,
				8C9EB56B2FB6D2320015F5D4 /* src */,
				8C9EC0872FB6D2810015F5D4 /* vendor */,
			);
			name = rays;
			sourceTree = "<group>";
		};
		8389FC781932BC57005585AC /* reflex */ = {
			isa = PBXGroup;
			children = (
				8C9EC95F2FB6D2D60015F5D4 /* include */,
				8C9EC9C12FB6D2EB0015F5D4 /* src */,
				8C9ECC272FB6D30B0015F5D4 /* vendor */,
			);
			name = reflex;
			sourceTree = "<group>";
		};
		8C9EB4E02FB6D14F0015F5D4 /* xot */ = {
			isa = PBXGroup;
			children = (
				8C9EB4D62FB6D14F0015F5D4 /* debug.h */,
				8C9EB4D72FB6D14F0015F5D4 /* defs.h */,
				8C9EB4D82FB6D14F0015F5D4 /* exception.h */,
				8C9EB4D92FB6D14F0015F5D4 /* noncopyable.h */,
				8C9EB4DA2FB6D14F0015F5D4 /* pimpl.h */,
				8C9EB4DB2FB6D14F0015F5D4 /* ref.h */,
				8C9EB4DC2FB6D14F0015F5D4 /* string.h */,
				8C9EB4DD2FB6D14F0015F5D4 /* time.h */,
				8C9EB4DE2FB6D14F0015F5D4 /* util.h */,
				8C9EB4DF2FB6D14F0015F5D4 /* windows.h */,
			);
			path = xot;
			sourceTree = "<group>";
		};
		8C9EB4E22FB6D14F0015F5D4 /* include */ = {
			isa = PBXGroup;
			children = (
				8C9EB4E02FB6D14F0015F5D4 /* xot */,
				8C9EB4E12FB6D14F0015F5D4 /* xot.h */,
			);
			name = include;
			path = ../../../../xot/include;
			sourceTree = SOURCE_ROOT;
		};
		8C9EB4ED2FB6D15F0015F5D4 /* src */ = {
			isa = PBXGroup;
			children = (
				8C9EB4E32FB6D15F0015F5D4 /* debug.cpp */,
				8C9EB4E52FB6D15F0015F5D4 /* exception.cpp */,
				8C9EB4E72FB6D15F0015F5D4 /* string.cpp */,
				8C9EB4E92FB6D15F0015F5D4 /* time.cpp */,
				8C9EB4EB2FB6D15F0015F5D4 /* util.cpp */,
			);
			name = src;
			path = ../../../../xot/src;
			sourceTree = SOURCE_ROOT;
		};
		8C9EB51D2FB6D1F50015F5D4 /* rays */ = {
			isa = PBXGroup;
			children = (
				8C9EB5092FB6D1F50015F5D4 /* bitmap.h */,
				8C9EB50A2FB6D1F50015F5D4 /* bounds.h */,
				8C9EB50B2FB6D1F50015F5D4 /* camera.h */,
				8C9EB50C2FB6D1F50015F5D4 /* color.h */,
				8C9EB50D2FB6D1F50015F5D4 /* color_space.h */,
				8C9EB50E2FB6D1F50015F5D4 /* coord.h */,
				8C9EB50F2FB6D1F50015F5D4 /* debug.h */,
				8C9EB5102FB6D1F50015F5D4 /* defs.h */,
				8C9EB5112FB6D1F50015F5D4 /* exception.h */,
				8C9EB5122FB6D1F50015F5D4 /* font.h */,
				8C9EB5132FB6D1F50015F5D4 /* image.h */,
				8C9EB5142FB6D1F50015F5D4 /* matrix.h */,
				8C9EB5152FB6D1F50015F5D4 /* painter.h */,
				8C9EB5162FB6D1F50015F5D4 /* point.h */,
				8C9EB5172FB6D1F50015F5D4 /* polygon.h */,
				8C9EB5182FB6D1F50015F5D4 /* polyline.h */,
				8C9EB5192FB6D1F50015F5D4 /* rays.h */,
				8C9EB51A2FB6D1F50015F5D4 /* ruby.h */,
				8C9EB51B2FB6D1F50015F5D4 /* shader.h */,
				8C9EB51C2FB6D1F50015F5D4 /* util.h */,
			);
			path = rays;
			sourceTree = "<group>";
		};
		8C9EB51F2FB6D1F50015F5D4 /* include */ = {
			isa = PBXGroup;
			children = (
				8C9EB51D2FB6D1F50015F5D4 /* rays */,
				8C9EB51E2FB6D1F50015F5D4 /* rays.h */,
			);
			name = include;
			path = ../../../../rays/include;
			sourceTree = SOURCE_ROOT;
		};
		8C9EB5292FB6D2320015F5D4 /* osx */ = {
			isa = PBXGroup;
			children = (
				8C9EB5282FB6D2320015F5D4 /* opengl.mm */,
			);
			path = osx;
			sourceTree = "<group>";
		};
		8C9EB5402FB6D2320015F5D4 /* opengl */ = {
			isa = PBXGroup;
			children = (
				8C9EB5292FB6D2320015F5D4 /* osx */,
				8C9EB52E2FB6D2320015F5D4 /* bitmap.cpp */,
				8C9EB52F2FB6D2320015F5D4 /* color_space.h */,
				8C9EB5302FB6D2320015F5D4 /* color_space.cpp */,
				8C9EB5312FB6D2320015F5D4 /* frame_buffer.h */,
				8C9EB5322FB6D2320015F5D4 /* frame_buffer.cpp */,
				8C9EB5332FB6D2320015F5D4 /* opengl.h */,
				8C9EB5342FB6D2320015F5D4 /* opengl.cpp */,
				8C9EB5352FB6D2320015F5D4 /* painter.cpp */,
				8C9EB5362FB6D2320015F5D4 /* render_buffer.h */,
				8C9EB5372FB6D2320015F5D4 /* render_buffer.cpp */,
				8C9EB5382FB6D2320015F5D4 /* shader.h */,
				8C9EB5392FB6D2320015F5D4 /* shader.cpp */,
				8C9EB53A2FB6D2320015F5D4 /* shader_program.h */,
				8C9EB53B2FB6D2320015F5D4 /* shader_program.cpp */,
				8C9EB53C2FB6D2320015F5D4 /* shader_source.h */,
				8C9EB53D2FB6D2320015F5D4 /* shader_source.cpp */,
				8C9EB53E2FB6D2320015F5D4 /* texture.h */,
				8C9EB53F2FB6D2320015F5D4 /* texture.cpp */,
			);
			path = opengl;
			sourceTree = "<group>";
		};
		8C9EB5462FB6D2320015F5D4 /* osx */ = {
			isa = PBXGroup;
			children = (
				8C9EB5412FB6D2320015F5D4 /* bitmap.h */,
				8C9EB5422FB6D2320015F5D4 /* bitmap.mm */,
				8C9EB5432FB6D2320015F5D4 /* camera.mm */,
				8C9EB5442FB6D2320015F5D4 /* font.mm */,
				8C9EB5452FB6D2320015F5D4 /* rays.mm */,
			);
			path = osx;
			sourceTree = "<group>";
		};
		8C9EB56B2FB6D2320015F5D4 /* src */ = {
			isa = PBXGroup;
			children = (
				8C9EB5402FB6D2320015F5D4 /* opengl */,
				8C9EB5462FB6D2320015F5D4 /* osx */,
				8C9EB5532FB6D2320015F5D4 /* bitmap.h */,
				8C9EB5542FB6D2320015F5D4 /* bounds.cpp */,
				8C9EB5552FB6D2320015F5D4 /* color.cpp */,
				8C9EB5562FB6D2320015F5D4 /* color_space.cpp */,
				8C9EB5572FB6D2320015F5D4 /* coord.h */,
				8C9EB5582FB6D2320015F5D4 /* coord.cpp */,
				8C9EB5592FB6D2320015F5D4 /* exception.cpp */,
				8C9EB55A2FB6D2320015F5D4 /* font.h */,
				8C9EB55B2FB6D2320015F5D4 /* font.cpp */,
				8C9EB55C2FB6D2320015F5D4 /* glm.h */,
				8C9EB55D2FB6D2320015F5D4 /* image.h */,
				8C9EB55E2FB6D2320015F5D4 /* image.cpp */,
				8C9EB55F2FB6D2320015F5D4 /* matrix.h */,
				8C9EB5602FB6D2320015F5D4 /* matrix.cpp */,
				8C9EB5612FB6D2320015F5D4 /* painter.h */,
				8C9EB5622FB6D2320015F5D4 /* painter.cpp */,
				8C9EB5632FB6D2320015F5D4 /* point.cpp */,
				8C9EB5642FB6D2320015F5D4 /* polygon.h */,
				8C9EB5652FB6D2320015F5D4 /* polygon.cpp */,
				8C9EB5662FB6D2320015F5D4 /* polyline.h */,
				8C9EB5672FB6D2320015F5D4 /* polyline.cpp */,
				8C9EB5682FB6D2320015F5D4 /* renderer.h */,
				8C9EB5692FB6D2320015F5D4 /* texture.h */,
				8C9EB56A2FB6D2320015F5D4 /* util.cpp */,
			);
			name = src;
			path = ../../../../rays/src;
			sourceTree = SOURCE_ROOT;
		};
		8C9EB5E02FB6D2810015F5D4 /* cpp */ = {
			isa = PBXGroup;
			children = (
				8C9EB5DC2FB6D2810015F5D4 /* clipper.cpp */,
			);
			path = cpp;
			sourceTree = "<group>";
		};
		8C9EB6E82FB6D2810015F5D4 /* clipper */ = {
			isa = PBXGroup;
			children = (
				8C9EB5E02FB6D2810015F5D4 /* cpp */,
			);
			path = clipper;
			sourceTree = "<group>";
		};
		8C9EC0862FB6D2810015F5D4 /* splines-lib */ = {
			isa = PBXGroup;
			children = (
				8C9EC0832FB6D2810015F5D4 /* Splines.cpp */,
			);
			path = "splines-lib";
			sourceTree = "<group>";
		};
		8C9EC0872FB6D2810015F5D4 /* vendor */ = {
			isa = PBXGroup;
			children = (
				8C9EB6E82FB6D2810015F5D4 /* clipper */,
				8C9EC0862FB6D2810015F5D4 /* splines-lib */,
			);
			name = vendor;
			path = ../../../../rays/vendor;
			sourceTree = SOURCE_ROOT;
		};
		8C9EC95D2FB6D2D60015F5D4 /* reflex */ = {
			isa = PBXGroup;
			children = (
				8C9EC9492FB6D2D60015F5D4 /* application.h */,
				8C9EC94A2FB6D2D60015F5D4 /* debug.h */,
				8C9EC94B2FB6D2D60015F5D4 /* defs.h */,
				8C9EC94C2FB6D2D60015F5D4 /* device.h */,
				8C9EC94D2FB6D2D60015F5D4 /* event.h */,
				8C9EC94E2FB6D2D60015F5D4 /* exception.h */,
				8C9EC94F2FB6D2D60015F5D4 /* filter.h */,
				8C9EC9502FB6D2D60015F5D4 /* gamepad.h */,
				8C9EC9512FB6D2D60015F5D4 /* image_view.h */,
				8C9EC9522FB6D2D60015F5D4 /* midi.h */,
				8C9EC9532FB6D2D60015F5D4 /* pointer.h */,
				8C9EC9542FB6D2D60015F5D4 /* reflex.h */,
				8C9EC9552FB6D2D60015F5D4 /* ruby.h */,
				8C9EC9562FB6D2D60015F5D4 /* screen.h */,
				8C9EC9572FB6D2D60015F5D4 /* selector.h */,
				8C9EC9582FB6D2D60015F5D4 /* shape.h */,
				8C9EC9592FB6D2D60015F5D4 /* style.h */,
				8C9EC95A2FB6D2D60015F5D4 /* timer.h */,
				8C9EC95B2FB6D2D60015F5D4 /* view.h */,
				8C9EC95C2FB6D2D60015F5D4 /* window.h */,
			);
			path = reflex;
			sourceTree = "<group>";
		};
		8C9EC95F2FB6D2D60015F5D4 /* include */ = {
			isa = PBXGroup;
			children = (
				8C9EC95D2FB6D2D60015F5D4 /* reflex */,
				8C9EC95E2FB6D2D60015F5D4 /* reflex.h */,
			);
			name = include;
			path = ../../../../reflex/include;
			sourceTree = SOURCE_ROOT;
		};
		8C9EC9832FB6D2EB0015F5D4 /* osx */ = {
			isa = PBXGroup;
			children = (
				8C9EC9702FB6D2EB0015F5D4 /* app_delegate.h */,
				8C9EC9712FB6D2EB0015F5D4 /* app_delegate.mm */,
				8C9EC9722FB6D2EB0015F5D4 /* application.h */,
				8C9EC9732FB6D2EB0015F5D4 /* application.mm */,
				8C9EC9742FB6D2EB0015F5D4 /* device.mm */,
				8C9EC9752FB6D2EB0015F5D4 /* event.h */,
				8C9EC9762FB6D2EB0015F5D4 /* event.mm */,
				8C9EC9772FB6D2EB0015F5D4 /* gamepad.mm */,
				8C9EC9782FB6D2EB0015F5D4 /* gamepad_gc.mm */,
				8C9EC9792FB6D2EB0015F5D4 /* gamepad_hid.mm */,
				8C9EC97A2FB6D2EB0015F5D4 /* native_window.h */,
				8C9EC97B2FB6D2EB0015F5D4 /* native_window.mm */,
				8C9EC97C2FB6D2EB0015F5D4 /* opengl_view.h */,
				8C9EC97D2FB6D2EB0015F5D4 /* opengl_view.mm */,
				8C9EC97E2FB6D2EB0015F5D4 /* reflex.mm */,
				8C9EC97F2FB6D2EB0015F5D4 /* screen.h */,
				8C9EC9802FB6D2EB0015F5D4 /* screen.mm */,
				8C9EC9812FB6D2EB0015F5D4 /* window.h */,
				8C9EC9822FB6D2EB0015F5D4 /* window.mm */,
			);
			path = osx;
			sourceTree = "<group>";
		};
		8C9EC9C12FB6D2EB0015F5D4 /* src */ = {
			isa = PBXGroup;
			children = (
				8C9EC9832FB6D2EB0015F5D4 /* osx */,
				8C9EC99F2FB6D2EB0015F5D4 /* application.h */,
				8C9EC9A02FB6D2EB0015F5D4 /* application.cpp */,
				8C9EC9A12FB6D2EB0015F5D4 /* body.h */,
				8C9EC9A22FB6D2EB0015F5D4 /* body.cpp */,
				8C9EC9A32FB6D2EB0015F5D4 /* device.cpp */,
				8C9EC9A42FB6D2EB0015F5D4 /* event.h */,
				8C9EC9A52FB6D2EB0015F5D4 /* event.cpp */,
				8C9EC9A62FB6D2EB0015F5D4 /* exception.cpp */,
				8C9EC9A72FB6D2EB0015F5D4 /* filter.cpp */,
				8C9EC9A82FB6D2EB0015F5D4 /* fixture.h */,
				8C9EC9A92FB6D2EB0015F5D4 /* fixture.cpp */,
				8C9EC9AA2FB6D2EB0015F5D4 /* gamepad.h */,
				8C9EC9AB2FB6D2EB0015F5D4 /* gamepad.cpp */,
				8C9EC9AC2FB6D2EB0015F5D4 /* image_view.cpp */,
				8C9EC9AD2FB6D2EB0015F5D4 /* midi.h */,
				8C9EC9AE2FB6D2EB0015F5D4 /* midi.cpp */,
				8C9EC9AF2FB6D2EB0015F5D4 /* pointer.h */,
				8C9EC9B02FB6D2EB0015F5D4 /* pointer.cpp */,
				8C9EC9B12FB6D2EB0015F5D4 /* queue.h */,
				8C9EC9B22FB6D2EB0015F5D4 /* reflex.cpp */,
				8C9EC9B32FB6D2EB0015F5D4 /* selector.h */,
				8C9EC9B42FB6D2EB0015F5D4 /* selector.cpp */,
				8C9EC9B52FB6D2EB0015F5D4 /* shape.h */,
				8C9EC9B62FB6D2EB0015F5D4 /* shape.cpp */,
				8C9EC9B72FB6D2EB0015F5D4 /* style.h */,
				8C9EC9B82FB6D2EB0015F5D4 /* style.cpp */,
				8C9EC9B92FB6D2EB0015F5D4 /* timer.h */,
				8C9EC9BA2FB6D2EB0015F5D4 /* timer.cpp */,
				8C9EC9BB2FB6D2EB0015F5D4 /* view.h */,
				8C9EC9BC2FB6D2EB0015F5D4 /* view.cpp */,
				8C9EC9BD2FB6D2EB0015F5D4 /* window.h */,
				8C9EC9BE2FB6D2EB0015F5D4 /* window.cpp */,
				8C9EC9BF2FB6D2EB0015F5D4 /* world.h */,
				8C9EC9C02FB6D2EB0015F5D4 /* world.cpp */,
			);
			name = src;
			path = ../../../../reflex/src;
			sourceTree = SOURCE_ROOT;
		};
		8C9ECAC62FB6D30B0015F5D4 /* collision */ = {
			isa = PBXGroup;
			children = (
				8C9ECAAE2FB6D30B0015F5D4 /* b2_broad_phase.cpp */,
				8C9ECAB02FB6D30B0015F5D4 /* b2_chain_shape.cpp */,
				8C9ECAB22FB6D30B0015F5D4 /* b2_circle_shape.cpp */,
				8C9ECAB42FB6D30B0015F5D4 /* b2_collide_circle.cpp */,
				8C9ECAB62FB6D30B0015F5D4 /* b2_collide_edge.cpp */,
				8C9ECAB82FB6D30B0015F5D4 /* b2_collide_polygon.cpp */,
				8C9ECABA2FB6D30B0015F5D4 /* b2_collision.cpp */,
				8C9ECABC2FB6D30B0015F5D4 /* b2_distance.cpp */,
				8C9ECABE2FB6D30B0015F5D4 /* b2_dynamic_tree.cpp */,
				8C9ECAC02FB6D30B0015F5D4 /* b2_edge_shape.cpp */,
				8C9ECAC22FB6D30B0015F5D4 /* b2_polygon_shape.cpp */,
				8C9ECAC42FB6D30B0015F5D4 /* b2_time_of_impact.cpp */,
			);
			path = collision;
			sourceTree = "<group>";
		};
		8C9ECAD32FB6D30B0015F5D4 /* common */ = {
			isa = PBXGroup;
			children = (
				8C9ECAC72FB6D30B0015F5D4 /* b2_block_allocator.cpp */,
				8C9ECAC92FB6D30B0015F5D4 /* b2_draw.cpp */,
				8C9ECACB2FB6D30B0015F5D4 /* b2_math.cpp */,
				8C9ECACD2FB6D30B0015F5D4 /* b2_settings.cpp */,
				8C9ECACF2FB6D30B0015F5D4 /* b2_stack_allocator.cpp */,
				8C9ECAD12FB6D30B0015F5D4 /* b2_timer.cpp */,
			);
			path = common;
			sourceTree = "<group>";
		};
		8C9ECB112FB6D30B0015F5D4 /* dynamics */ = {
			isa = PBXGroup;
			children = (
				8C9ECAD42FB6D30B0015F5D4 /* b2_body.cpp */,
				8C9ECAD72FB6D30B0015F5D4 /* b2_chain_circle_contact.cpp */,
				8C9ECADA2FB6D30B0015F5D4 /* b2_chain_polygon_contact.cpp */,
				8C9ECADD2FB6D30B0015F5D4 /* b2_circle_contact.cpp */,
				8C9ECADF2FB6D30B0015F5D4 /* b2_contact.cpp */,
				8C9ECAE12FB6D30B0015F5D4 /* b2_contact_manager.cpp */,
				8C9ECAE42FB6D30B0015F5D4 /* b2_contact_solver.cpp */,
				8C9ECAE62FB6D30B0015F5D4 /* b2_distance_joint.cpp */,
				8C9ECAE92FB6D30B0015F5D4 /* b2_edge_circle_contact.cpp */,
				8C9ECAEC2FB6D30B0015F5D4 /* b2_edge_polygon_contact.cpp */,
				8C9ECAEE2FB6D30B0015F5D4 /* b2_fixture.cpp */,
				8C9ECAF02FB6D30B0015F5D4 /* b2_friction_joint.cpp */,
				8C9ECAF22FB6D30B0015F5D4 /* b2_gear_joint.cpp */,
				8C9ECAF52FB6D30B0015F5D4 /* b2_island.cpp */,
				8C9ECAF72FB6D30B0015F5D4 /* b2_joint.cpp */,
				8C9ECAF92FB6D30B0015F5D4 /* b2_motor_joint.cpp */,
				8C9ECAFB2FB6D30B0015F5D4 /* b2_mouse_joint.cpp */,
				8C9ECAFE2FB6D30B0015F5D4 /* b2_polygon_circle_contact.cpp */,
				8C9ECB012FB6D30B0015F5D4 /* b2_polygon_contact.cpp */,
				8C9ECB032FB6D30B0015F5D4 /* b2_prismatic_joint.cpp */,
				8C9ECB052FB6D30B0015F5D4 /* b2_pulley_joint.cpp */,
				8C9ECB072FB6D30B0015F5D4 /* b2_revolute_joint.cpp */,
				8C9ECB092FB6D30B0015F5D4 /* b2_weld_joint.cpp */,
				8C9ECB0B2FB6D30B0015F5D4 /* b2_wheel_joint.cpp */,
				8C9ECB0D2FB6D30B0015F5D4 /* b2_world.cpp */,
				8C9ECB0F2FB6D30B0015F5D4 /* b2_world_callbacks.cpp */,
			);
			path = dynamics;
			sourceTree = "<group>";
		};
		8C9ECB142FB6D30B0015F5D4 /* rope */ = {
			isa = PBXGroup;
			children = (
				8C9ECB122FB6D30B0015F5D4 /* b2_rope.cpp */,
			);
			path = rope;
			sourceTree = "<group>";
		};
		8C9ECB162FB6D30B0015F5D4 /* src */ = {
			isa = PBXGroup;
			children = (
				8C9ECAC62FB6D30B0015F5D4 /* collision */,
				8C9ECAD32FB6D30B0015F5D4 /* common */,
				8C9ECB112FB6D30B0015F5D4 /* dynamics */,
				8C9ECB142FB6D30B0015F5D4 /* rope */,
			);
			path = src;
			sourceTree = "<group>";
		};
		8C9ECB742FB6D30B0015F5D4 /* box2d */ = {
			isa = PBXGroup;
			children = (
				8C9ECB162FB6D30B0015F5D4 /* src */,
			);
			path = box2d;
			sourceTree = "<group>";
		};
		8C9ECBF32FB6D30B0015F5D4 /* rtmidi */ = {
			isa = PBXGroup;
			children = (
				8C9ECBF12FB6D30B0015F5D4 /* RtMidi.cpp */,
			);
			path = rtmidi;
			sourceTree = "<group>";
		};
		8C9ECC262FB6D30B0015F5D4 /* rtmidi */ = {
			isa = PBXGroup;
			children = (
				8C9ECBF32FB6D30B0015F5D4 /* rtmidi */,
			);
			path = rtmidi;
			sourceTree = "<group>";
		};
		8C9ECC272FB6D30B0015F5D4 /* vendor */ = {
			isa = PBXGroup;
			children = (
				8C9ECB742FB6D30B0015F5D4 /* box2d */,
				8C9ECC262FB6D30B0015F5D4 /* rtmidi */,
			);
			name = vendor;
			path = ../../../../reflex/vendor;
			sourceTree = SOURCE_ROOT;
		};
/* End PBXGroup section */

/* Begin PBXNativeTarget section */
		835897CC19322E33006096D2 /* hello */ = {
			isa = PBXNativeTarget;
			buildConfigurationList = 835897FE19322E34006096D2 /* Build configuration list for PBXNativeTarget "hello" */;
			buildPhases = (
				835897C919322E33006096D2 /* Sources */,
				835897CA19322E33006096D2 /* Frameworks */,
				835897CB19322E33006096D2 /* Resources */,
			);
			buildRules = (
			);
			dependencies = (
			);
			name = hello;
			productName = hello;
			productReference = 835897CD19322E33006096D2 /* hello.app */;
			productType = "com.apple.product-type.application";
		};
/* End PBXNativeTarget section */

/* Begin PBXProject section */
		835897C519322E33006096D2 /* Project object */ = {
			isa = PBXProject;
			attributes = {
				LastUpgradeCheck = 0500;
				ORGANIZATIONNAME = xord.org;
			};
			buildConfigurationList = 835897C819322E33006096D2 /* Build configuration list for PBXProject "hello" */;
			compatibilityVersion = "Xcode 3.2";
			developmentRegion = English;
			hasScannedForEncodings = 0;
			knownRegions = (
				English,
				en,
				Base,
			);
			mainGroup = 835897C419322E33006096D2;
			productRefGroup = 835897CE19322E33006096D2 /* Products */;
			projectDirPath = "";
			projectRoot = "";
			targets = (
				835897CC19322E33006096D2 /* hello */,
			);
		};
/* End PBXProject section */

/* Begin PBXResourcesBuildPhase section */
		835897CB19322E33006096D2 /* Resources */ = {
			isa = PBXResourcesBuildPhase;
			buildActionMask = 2147483647;
			files = (
				835897DB19322E33006096D2 /* InfoPlist.strings in Resources */,
				835897E919322E34006096D2 /* Images.xcassets in Resources */,
				835897E119322E33006096D2 /* Credits.rtf in Resources */,
			);
			runOnlyForDeploymentPostprocessing = 0;
		};
/* End PBXResourcesBuildPhase section */

/* Begin PBXSourcesBuildPhase section */
		835897C919322E33006096D2 /* Sources */ = {
			isa = PBXSourcesBuildPhase;
			buildActionMask = 2147483647;
			files = (
				835897DD19322E33006096D2 /* main.cpp in Sources */,
				8C9EB4EE2FB6D15F0015F5D4 /* util.cpp in Sources */,
				8C9EB4EF2FB6D15F0015F5D4 /* debug.cpp in Sources */,
				8C9EB4F02FB6D15F0015F5D4 /* time.cpp in Sources */,
				8C9EB56C2FB6D2320015F5D4 /* shader_source.cpp in Sources */,
				8C9EB56D2FB6D2320015F5D4 /* texture.cpp in Sources */,
				8C9EB56F2FB6D2320015F5D4 /* shader.cpp in Sources */,
				8C9EB5722FB6D2320015F5D4 /* shader_program.cpp in Sources */,
				8C9EB5732FB6D2320015F5D4 /* color_space.cpp in Sources */,
				8C9EB5742FB6D2320015F5D4 /* util.cpp in Sources */,
				8C9EB5752FB6D2320015F5D4 /* opengl.mm in Sources */,
				8C9EB5762FB6D2320015F5D4 /* frame_buffer.cpp in Sources */,
				8C9EC21D2FB6D2810015F5D4 /* clipper.cpp in Sources */,
				8C9EC2922FB6D2810015F5D4 /* Splines.cpp in Sources */,
				8C9EB5782FB6D2320015F5D4 /* camera.mm in Sources */,
				8C9EC9C42FB6D2EB0015F5D4 /* device.cpp in Sources */,
				8C9EC9CA2FB6D2EB0015F5D4 /* screen.mm in Sources */,
				8C9EC9CB2FB6D2EB0015F5D4 /* window.cpp in Sources */,
				8C9EC9CE2FB6D2EB0015F5D4 /* gamepad.mm in Sources */,
				8C9EC9CF2FB6D2EB0015F5D4 /* style.cpp in Sources */,
				8C9EC9D22FB6D2EB0015F5D4 /* body.cpp in Sources */,
				8C9EC9D32FB6D2EB0015F5D4 /* native_window.mm in Sources */,
				8C9EC9D52FB6D2EB0015F5D4 /* reflex.cpp in Sources */,
				8C9EC9D62FB6D2EB0015F5D4 /* event.mm in Sources */,
				8C9EC9D82FB6D2EB0015F5D4 /* device.mm in Sources */,
				8C9EC9D92FB6D2EB0015F5D4 /* view.cpp in Sources */,
				8C9EC9DB2FB6D2EB0015F5D4 /* gamepad_hid.mm in Sources */,
				8C9EC9DE2FB6D2EB0015F5D4 /* application.cpp in Sources */,
				8C9EC9DF2FB6D2EB0015F5D4 /* pointer.cpp in Sources */,
				8C9EC9E02FB6D2EB0015F5D4 /* application.mm in Sources */,
				8C9EC9E12FB6D2EB0015F5D4 /* image_view.cpp in Sources */,
				8C9EC9E32FB6D2EB0015F5D4 /* window.mm in Sources */,
				8C9EC9E42FB6D2EB0015F5D4 /* timer.cpp in Sources */,
				8C9EC9E72FB6D2EB0015F5D4 /* selector.cpp in Sources */,
				8C9EC9E82FB6D2EB0015F5D4 /* world.cpp in Sources */,
				8C9EC9EA2FB6D2EB0015F5D4 /* gamepad.cpp in Sources */,
				8C9EC9EB2FB6D2EB0015F5D4 /* event.cpp in Sources */,
				8C9EC9EC2FB6D2EB0015F5D4 /* midi.cpp in Sources */,
				8C9EC9EE2FB6D2EB0015F5D4 /* gamepad_gc.mm in Sources */,
				8C9EC9F02FB6D2EB0015F5D4 /* fixture.cpp in Sources */,
				8C9EC9F12FB6D2EB0015F5D4 /* shape.cpp in Sources */,
				8C9EC9F22FB6D2EB0015F5D4 /* filter.cpp in Sources */,
				8C9EC9F62FB6D2EB0015F5D4 /* reflex.mm in Sources */,
				8C9EC9F72FB6D2EB0015F5D4 /* exception.cpp in Sources */,
				8C9EC9F82FB6D2EB0015F5D4 /* opengl_view.mm in Sources */,
				8C9EC9F92FB6D2EB0015F5D4 /* app_delegate.mm in Sources */,
				8C9ECC2A2FB6D30B0015F5D4 /* b2_settings.cpp in Sources */,
				8C9ECC2B2FB6D30B0015F5D4 /* b2_stack_allocator.cpp in Sources */,
				8C9ECC302FB6D30B0015F5D4 /* b2_collide_edge.cpp in Sources */,
				8C9ECC352FB6D30B0015F5D4 /* b2_gear_joint.cpp in Sources */,
				8C9ECC372FB6D30B0015F5D4 /* b2_broad_phase.cpp in Sources */,
				8C9ECC452FB6D30B0015F5D4 /* b2_circle_shape.cpp in Sources */,
				8C9ECC462FB6D30B0015F5D4 /* b2_friction_joint.cpp in Sources */,
				8C9ECC4B2FB6D30B0015F5D4 /* b2_block_allocator.cpp in Sources */,
				8C9ECC4D2FB6D30B0015F5D4 /* RtMidi.cpp in Sources */,
				8C9ECC4E2FB6D30B0015F5D4 /* b2_chain_circle_contact.cpp in Sources */,
				8C9ECC522FB6D30B0015F5D4 /* b2_world_callbacks.cpp in Sources */,
				8C9ECC562FB6D30B0015F5D4 /* b2_polygon_contact.cpp in Sources */,
				8C9ECC582FB6D30B0015F5D4 /* b2_joint.cpp in Sources */,
				8C9ECC592FB6D30B0015F5D4 /* b2_time_of_impact.cpp in Sources */,
				8C9ECC6D2FB6D30B0015F5D4 /* b2_pulley_joint.cpp in Sources */,
				8C9ECC702FB6D30B0015F5D4 /* b2_polygon_circle_contact.cpp in Sources */,
				8C9ECC712FB6D30B0015F5D4 /* b2_contact_manager.cpp in Sources */,
				8C9ECC732FB6D30B0015F5D4 /* b2_distance.cpp in Sources */,
				8C9ECC742FB6D30B0015F5D4 /* b2_rope.cpp in Sources */,
				8C9ECC762FB6D30B0015F5D4 /* b2_world.cpp in Sources */,
				8C9ECC792FB6D30B0015F5D4 /* b2_polygon_shape.cpp in Sources */,
				8C9ECC7B2FB6D30B0015F5D4 /* b2_timer.cpp in Sources */,
				8C9ECC7E2FB6D30B0015F5D4 /* b2_mouse_joint.cpp in Sources */,
				8C9ECC832FB6D30B0015F5D4 /* b2_revolute_joint.cpp in Sources */,
				8C9ECC862FB6D30B0015F5D4 /* b2_draw.cpp in Sources */,
				8C9ECC892FB6D30B0015F5D4 /* b2_edge_shape.cpp in Sources */,
				8C9ECC8A2FB6D30B0015F5D4 /* b2_collide_polygon.cpp in Sources */,
				8C9ECC8B2FB6D30B0015F5D4 /* b2_edge_circle_contact.cpp in Sources */,
				8C9ECC932FB6D30B0015F5D4 /* b2_weld_joint.cpp in Sources */,
				8C9ECC952FB6D30B0015F5D4 /* b2_circle_contact.cpp in Sources */,
				8C9ECC992FB6D30B0015F5D4 /* b2_chain_shape.cpp in Sources */,
				8C9ECC9D2FB6D30B0015F5D4 /* b2_wheel_joint.cpp in Sources */,
				8C9ECC9E2FB6D30B0015F5D4 /* b2_contact.cpp in Sources */,
				8C9ECCA32FB6D30B0015F5D4 /* b2_body.cpp in Sources */,
				8C9ECCA42FB6D30B0015F5D4 /* b2_edge_polygon_contact.cpp in Sources */,
				8C9ECCA92FB6D30B0015F5D4 /* b2_math.cpp in Sources */,
				8C9ECCAD2FB6D30B0015F5D4 /* b2_dynamic_tree.cpp in Sources */,
				8C9ECCB22FB6D30B0015F5D4 /* b2_island.cpp in Sources */,
				8C9ECCB32FB6D30B0015F5D4 /* b2_motor_joint.cpp in Sources */,
				8C9ECCC02FB6D30B0015F5D4 /* b2_distance_joint.cpp in Sources */,
				8C9ECCC22FB6D30B0015F5D4 /* b2_collide_circle.cpp in Sources */,
				8C9ECCC52FB6D30B0015F5D4 /* b2_fixture.cpp in Sources */,
				8C9ECCCB2FB6D30B0015F5D4 /* b2_contact_solver.cpp in Sources */,
				8C9ECCCC2FB6D30B0015F5D4 /* b2_collision.cpp in Sources */,
				8C9ECCD02FB6D30B0015F5D4 /* b2_chain_polygon_contact.cpp in Sources */,
				8C9ECCD32FB6D30B0015F5D4 /* b2_prismatic_joint.cpp in Sources */,
				8C9EB57A2FB6D2320015F5D4 /* font.cpp in Sources */,
				8C9EB57B2FB6D2320015F5D4 /* point.cpp in Sources */,
				8C9EB57F2FB6D2320015F5D4 /* matrix.cpp in Sources */,
				8C9EB5802FB6D2320015F5D4 /* rays.mm in Sources */,
				8C9EB5822FB6D2320015F5D4 /* bitmap.cpp in Sources */,
				8C9EB5832FB6D2320015F5D4 /* polygon.cpp in Sources */,
				8C9EB5852FB6D2320015F5D4 /* painter.cpp in Sources */,
				8C9EB5862FB6D2320015F5D4 /* painter.cpp in Sources */,
				8C9EB5872FB6D2320015F5D4 /* polyline.cpp in Sources */,
				8C9EB5882FB6D2320015F5D4 /* opengl.cpp in Sources */,
				8C9EB5892FB6D2320015F5D4 /* render_buffer.cpp in Sources */,
				8C9EB58B2FB6D2320015F5D4 /* font.mm in Sources */,
				8C9EB58D2FB6D2320015F5D4 /* bounds.cpp in Sources */,
				8C9EB58F2FB6D2320015F5D4 /* bitmap.mm in Sources */,
				8C9EB5902FB6D2320015F5D4 /* color_space.cpp in Sources */,
				8C9EB5922FB6D2320015F5D4 /* color.cpp in Sources */,
				8C9EB5942FB6D2320015F5D4 /* exception.cpp in Sources */,
				8C9EB5952FB6D2320015F5D4 /* coord.cpp in Sources */,
				8C9EB5972FB6D2320015F5D4 /* image.cpp in Sources */,
				8C9EB4F12FB6D15F0015F5D4 /* exception.cpp in Sources */,
				8C9EB4F22FB6D15F0015F5D4 /* string.cpp in Sources */,
			);
			runOnlyForDeploymentPostprocessing = 0;
		};
/* End PBXSourcesBuildPhase section */

/* Begin PBXVariantGroup section */
		835897D919322E33006096D2 /* InfoPlist.strings */ = {
			isa = PBXVariantGroup;
			children = (
				835897DA19322E33006096D2 /* en */,
			);
			name = InfoPlist.strings;
			sourceTree = "<group>";
		};
		835897DF19322E33006096D2 /* Credits.rtf */ = {
			isa = PBXVariantGroup;
			children = (
				835897E019322E33006096D2 /* en */,
			);
			name = Credits.rtf;
			sourceTree = "<group>";
		};
/* End PBXVariantGroup section */

/* Begin XCBuildConfiguration section */
		835897FC19322E34006096D2 /* Debug */ = {
			isa = XCBuildConfiguration;
			buildSettings = {
				ALWAYS_SEARCH_USER_PATHS = NO;
				CLANG_CXX_LANGUAGE_STANDARD = "gnu++0x";
				CLANG_CXX_LIBRARY = "libc++";
				CLANG_ENABLE_OBJC_ARC = NO;
				CLANG_WARN_BOOL_CONVERSION = YES;
				CLANG_WARN_CONSTANT_CONVERSION = YES;
				CLANG_WARN_DIRECT_OBJC_ISA_USAGE = YES_ERROR;
				CLANG_WARN_EMPTY_BODY = YES;
				CLANG_WARN_ENUM_CONVERSION = YES;
				CLANG_WARN_INT_CONVERSION = YES;
				CLANG_WARN_OBJC_ROOT_CLASS = YES_ERROR;
				CLANG_WARN__DUPLICATE_METHOD_MATCH = YES;
				COPY_PHASE_STRIP = NO;
				GCC_C_LANGUAGE_STANDARD = gnu99;
				GCC_DYNAMIC_NO_PIC = NO;
				GCC_ENABLE_OBJC_EXCEPTIONS = YES;
				GCC_OPTIMIZATION_LEVEL = 0;
				GCC_PREPROCESSOR_DEFINITIONS = (
					"OSX=1",
					"DEBUG=1",
					"$(inherited)",
				);
				GCC_SYMBOLS_PRIVATE_EXTERN = NO;
				GCC_WARN_64_TO_32_BIT_CONVERSION = YES;
				GCC_WARN_ABOUT_RETURN_TYPE = YES_ERROR;
				GCC_WARN_UNDECLARED_SELECTOR = YES;
				GCC_WARN_UNINITIALIZED_AUTOS = YES;
				GCC_WARN_UNUSED_FUNCTION = YES;
				GCC_WARN_UNUSED_VARIABLE = YES;
				HEADER_SEARCH_PATHS = (
					../../../../reflex/src/physics,
					../../../../reflex/include,
					../../../../rays/include,
					../../../../xot/include,
					/usr/local/include,
					"$(inherited)",
					/Applications/Xcode.app/Contents/Developer/Toolchains/XcodeDefault.xctoolchain/usr/include,
				);
				MACOSX_DEPLOYMENT_TARGET = 10.9;
				ONLY_ACTIVE_ARCH = YES;
				SDKROOT = macosx;
			};
			name = Debug;
		};
		835897FD19322E34006096D2 /* Release */ = {
			isa = XCBuildConfiguration;
			buildSettings = {
				ALWAYS_SEARCH_USER_PATHS = NO;
				CLANG_CXX_LANGUAGE_STANDARD = "gnu++0x";
				CLANG_CXX_LIBRARY = "libc++";
				CLANG_ENABLE_OBJC_ARC = NO;
				CLANG_WARN_BOOL_CONVERSION = YES;
				CLANG_WARN_CONSTANT_CONVERSION = YES;
				CLANG_WARN_DIRECT_OBJC_ISA_USAGE = YES_ERROR;
				CLANG_WARN_EMPTY_BODY = YES;
				CLANG_WARN_ENUM_CONVERSION = YES;
				CLANG_WARN_INT_CONVERSION = YES;
				CLANG_WARN_OBJC_ROOT_CLASS = YES_ERROR;
				CLANG_WARN__DUPLICATE_METHOD_MATCH = YES;
				COPY_PHASE_STRIP = YES;
				DEBUG_INFORMATION_FORMAT = "dwarf-with-dsym";
				ENABLE_NS_ASSERTIONS = NO;
				GCC_C_LANGUAGE_STANDARD = gnu99;
				GCC_ENABLE_OBJC_EXCEPTIONS = YES;
				GCC_PREPROCESSOR_DEFINITIONS = "OSX=1";
				GCC_WARN_64_TO_32_BIT_CONVERSION = YES;
				GCC_WARN_ABOUT_RETURN_TYPE = YES_ERROR;
				GCC_WARN_UNDECLARED_SELECTOR = YES;
				GCC_WARN_UNINITIALIZED_AUTOS = YES;
				GCC_WARN_UNUSED_FUNCTION = YES;
				GCC_WARN_UNUSED_VARIABLE = YES;
				HEADER_SEARCH_PATHS = (
					../../../../reflex/src/physics,
					../../../../reflex/include,
					../../../../rays/include,
					../../../../xot/include,
					/usr/local/include,
					"$(inherited)",
					/Applications/Xcode.app/Contents/Developer/Toolchains/XcodeDefault.xctoolchain/usr/include,
				);
				MACOSX_DEPLOYMENT_TARGET = 10.9;
				SDKROOT = macosx;
			};
			name = Release;
		};
		835897FF19322E34006096D2 /* Debug */ = {
			isa = XCBuildConfiguration;
			buildSettings = {
				ASSETCATALOG_COMPILER_APPICON_NAME = AppIcon;
				CLANG_CXX_LANGUAGE_STANDARD = "c++20";
				COMBINE_HIDPI_IMAGES = YES;
				GCC_PRECOMPILE_PREFIX_HEADER = YES;
				GCC_PREFIX_HEADER = "hello/hello-Prefix.pch";
				GCC_PREPROCESSOR_DEFINITIONS = (
					"OSX=1",
					"__MACOSX_CORE__=1",
				);
				HEADER_SEARCH_PATHS = (
					../../../../reflex/vendor/box2d/src,
					../../../../reflex/vendor/box2d/include,
					../../../../reflex/vendor/rtmidi/rtmidi,
					../../../../reflex/include,
					../../../../rays/vendor/clipper/cpp,
					../../../../rays/vendor/earcut.hpp/include/mapbox,
					../../../../rays/vendor/glm,
					"../../../../rays/vendor/splines-lib",
					../../../../rays/include,
					../../../../xot/include,
					/usr/local/include,
					"$(inherited)",
					/Applications/Xcode.app/Contents/Developer/Toolchains/XcodeDefault.xctoolchain/usr/include,
				);
				INFOPLIST_FILE = "hello/hello-Info.plist";
				PRODUCT_NAME = "$(TARGET_NAME)";
				WRAPPER_EXTENSION = app;
			};
			name = Debug;
		};
		8358980019322E34006096D2 /* Release */ = {
			isa = XCBuildConfiguration;
			buildSettings = {
				ASSETCATALOG_COMPILER_APPICON_NAME = AppIcon;
				CLANG_CXX_LANGUAGE_STANDARD = "c++20";
				COMBINE_HIDPI_IMAGES = YES;
				GCC_PRECOMPILE_PREFIX_HEADER = YES;
				GCC_PREFIX_HEADER = "hello/hello-Prefix.pch";
				GCC_PREPROCESSOR_DEFINITIONS = (
					"OSX=1",
					"__MACOSX_CORE__=1",
				);
				HEADER_SEARCH_PATHS = (
					../../../../reflex/vendor/box2d/src,
					../../../../reflex/vendor/box2d/include,
					../../../../reflex/vendor/rtmidi/rtmidi,
					../../../../reflex/include,
					../../../../rays/vendor/clipper/cpp,
					../../../../rays/vendor/earcut.hpp/include/mapbox,
					../../../../rays/vendor/glm,
					"../../../../rays/vendor/splines-lib",
					../../../../rays/include,
					../../../../xot/include,
					/usr/local/include,
					"$(inherited)",
					/Applications/Xcode.app/Contents/Developer/Toolchains/XcodeDefault.xctoolchain/usr/include,
				);
				INFOPLIST_FILE = "hello/hello-Info.plist";
				PRODUCT_NAME = "$(TARGET_NAME)";
				WRAPPER_EXTENSION = app;
			};
			name = Release;
		};
/* End XCBuildConfiguration section */

/* Begin XCConfigurationList section */
		835897C819322E33006096D2 /* Build configuration list for PBXProject "hello" */ = {
			isa = XCConfigurationList;
			buildConfigurations = (
				835897FC19322E34006096D2 /* Debug */,
				835897FD19322E34006096D2 /* Release */,
			);
			defaultConfigurationIsVisible = 0;
			defaultConfigurationName = Release;
		};
		835897FE19322E34006096D2 /* Build configuration list for PBXNativeTarget "hello" */ = {
			isa = XCConfigurationList;
			buildConfigurations = (
				835897FF19322E34006096D2 /* Debug */,
				8358980019322E34006096D2 /* Release */,
			);
			defaultConfigurationIsVisible = 0;
			defaultConfigurationName = Release;
		};
/* End XCConfigurationList section */
	};
	rootObject = 835897C519322E33006096D2 /* Project object */;
}
